
Microsoft Visual Studio Solution File, Format Version 11.00
# Visual Studio 2010
Project("{2150E333-8FDC-42A3-9474-1A3956D46DE8}") = "Solution Items", "Solution Items", "{294C184F-40FD-405B-8300-68B8832EC0E7}"
	ProjectSection(SolutionItems) = preProject
		CustomProject.UnitTests.vsmdi = CustomProject.UnitTests.vsmdi
		LocalTestRun.testrunconfig = LocalTestRun.testrunconfig
	EndProjectSection
EndProject
Project("{FAE04EC0-301F-11D3-BF4B-00C04F79EFBC}") = "CustomProject", "Src\CustomProject.csproj", "{F4ADEBDB-CD20-4532-B4E3-FE7424F5369C}"
EndProject
Project("{FAE04EC0-301F-11D3-BF4B-00C04F79EFBC}") = "CustomProject.UnitTests", "UnitTests\CustomProject.UnitTests.csproj", "{07A3CDE4-390B-40B4-A660-8CA586E255CC}"
EndProject
Global
	GlobalSection(TeamFoundationVersionControl) = preSolution
		SccNumberOfProjects = 3
		SccEnterpriseProvider = {4CA58AB2-18FA-4F8D-95D4-32DDF27D184C}
		SccTeamFoundationServer = http://vmbgitvstfat25:8080/
		SccProjectUniqueName0 = Src\\CustomProject.csproj
		SccProjectName0 = Src
		SccLocalPath0 = Src
		SccLocalPath1 = .
		SccProjectUniqueName2 = UnitTests\\CustomProject.UnitTests.csproj
		SccProjectName2 = UnitTests
		SccLocalPath2 = UnitTests
	EndGlobalSection
	GlobalSection(TestCaseManagementSettings) = postSolution
		CategoryFile = CustomProject.UnitTests.vsmdi
	EndGlobalSection
	GlobalSection(SolutionConfigurationPlatforms) = preSolution
		Debug|Any CPU = Debug|Any CPU
		Release|Any CPU = Release|Any CPU
	EndGlobalSection
	GlobalSection(ProjectConfigurationPlatforms) = postSolution
		{F4ADEBDB-CD20-4532-B4E3-FE7424F5369C}.Debug|Any CPU.ActiveCfg = Debug|Any CPU
		{F4ADEBDB-CD20-4532-B4E3-FE7424F5369C}.Debug|Any CPU.Build.0 = Debug|Any CPU
		{F4ADEBDB-CD20-4532-B4E3-FE7424F5369C}.Release|Any CPU.ActiveCfg = Release|Any CPU
		{F4ADEBDB-CD20-4532-B4E3-FE7424F5369C}.Release|Any CPU.Build.0 = Release|Any CPU
		{07A3CDE4-390B-40B4-A660-8CA586E255CC}.Debug|Any CPU.ActiveCfg = Debug|Any CPU
		{07A3CDE4-390B-40B4-A660-8CA586E255CC}.Debug|Any CPU.Build.0 = Debug|Any CPU
		{07A3CDE4-390B-40B4-A660-8CA586E255CC}.Release|Any CPU.ActiveCfg = Release|Any CPU
		{07A3CDE4-390B-40B4-A660-8CA586E255CC}.Release|Any CPU.Build.0 = Release|Any CPU
	EndGlobalSection
	GlobalSection(SolutionProperties) = preSolution
		HideSolutionNode = FALSE
	EndGlobalSection
EndGlobal
