
Microsoft Visual Studio Solution File, Format Version 11.00
# Visual Studio 2010
Project("{2150E333-8FDC-42A3-9474-1A3956D46DE8}") = "Solution Items", "Solution Items", "{85F87CAA-B258-45D8-8C08-2FA0520D946F}"
	ProjectSection(SolutionItems) = preProject
		Microsoft.VisualStudio.Project.IntegrationTests.testrunconfig = Microsoft.VisualStudio.Project.IntegrationTests.testrunconfig
		Microsoft.VisualStudio.Project.Tests1.vsmdi = Microsoft.VisualStudio.Project.Tests1.vsmdi
		Microsoft.VisualStudio.Project.UnitTests.testrunconfig = Microsoft.VisualStudio.Project.UnitTests.testrunconfig
		Src\CSharp\ProjectBase.files = Src\CSharp\ProjectBase.files
	EndProjectSection
EndProject
Project("{2150E333-8FDC-42A3-9474-1A3956D46DE8}") = "UnitTests", "UnitTests", "{EDA56A56-902F-4221-B1E5-E9FEC8FA3CF4}"
EndProject
Project("{2150E333-8FDC-42A3-9474-1A3956D46DE8}") = "Src", "Src", "{264B6E81-E201-4658-B428-6B48BC3F3347}"
EndProject
Project("{2150E333-8FDC-42A3-9474-1A3956D46DE8}") = "IntegrationTests", "IntegrationTests", "{FC67CFEC-494A-4A52-AF1D-5CE799739D7E}"
EndProject
Project("{2150E333-8FDC-42A3-9474-1A3956D46DE8}") = "Tests", "Tests", "{8107FBCC-3B35-40AC-B201-73AA269E5306}"
EndProject
Project("{2150E333-8FDC-42A3-9474-1A3956D46DE8}") = "Samples", "Samples", "{46A3F1EC-07CD-4298-9796-CAF5A7B47741}"
EndProject
Project("{FAE04EC0-301F-11D3-BF4B-00C04F79EFBC}") = "Microsoft.VisualStudio.Project", "Src\CSharp\Microsoft.VisualStudio.Project.csproj", "{CACB60A9-1E76-4F92-8831-B134A658C695}"
EndProject
Project("{FAE04EC0-301F-11D3-BF4B-00C04F79EFBC}") = "Microsoft.VisualStudio.Project.IntegrationTests", "Tests\IntegrationTests\Microsoft.VisualStudio.Project.IntegrationTests.csproj", "{0A29E2CA-F59D-4467-8FBC-6CA686CAAA3B}"
EndProject
Project("{FAE04EC0-301F-11D3-BF4B-00C04F79EFBC}") = "Microsoft.VisualStudio.Project.UnitTests", "Tests\UnitTests\Microsoft.VisualStudio.Project.UnitTests.csproj", "{7301F66C-FF21-4DC6-8EEE-2BA88186DC16}"
EndProject
Project("{FAE04EC0-301F-11D3-BF4B-00C04F79EFBC}") = "NestedProject", "Samples\CSharp\NestedProject\Src\NestedProject.csproj", "{E9B43C9E-60AA-4387-A955-CAFB7EFA8C27}"
EndProject
Project("{FAE04EC0-301F-11D3-BF4B-00C04F79EFBC}") = "CustomProject", "Samples\CSharp\CustomProject\Src\CustomProject.csproj", "{F4ADEBDB-CD20-4532-B4E3-FE7424F5369C}"
EndProject
Project("{FAE04EC0-301F-11D3-BF4B-00C04F79EFBC}") = "CustomProject.UnitTests", "Samples\CSharp\CustomProject\UnitTests\CustomProject.UnitTests.csproj", "{07A3CDE4-390B-40B4-A660-8CA586E255CC}"
EndProject
Project("{FAE04EC0-301F-11D3-BF4B-00C04F79EFBC}") = "NestedProject.UnitTests", "Samples\CSharp\NestedProject\UnitTests\NestedProject.UnitTests.csproj", "{C7B55182-723F-4543-B166-EF365F824984}"
EndProject
Global
	GlobalSection(TeamFoundationVersionControl) = preSolution
		SccNumberOfProjects = 8
		SccEnterpriseProvider = {4CA58AB2-18FA-4F8D-95D4-32DDF27D184C}
		SccTeamFoundationServer = http://vmbgitvstfat25:8080/
		SccLocalPath0 = .
		SccProjectUniqueName1 = Src\\CSharp\\Microsoft.VisualStudio.Project.csproj
		SccProjectTopLevelParentUniqueName1 = Microsoft.VisualStudio.Project.Tests.sln
		SccProjectName1 = Src/CSharp
		SccLocalPath1 = Src\\CSharp
		SccProjectUniqueName2 = Tests\\IntegrationTests\\Microsoft.VisualStudio.Project.IntegrationTests.csproj
		SccProjectTopLevelParentUniqueName2 = Microsoft.VisualStudio.Project.Tests.sln
		SccProjectName2 = Tests/IntegrationTests
		SccLocalPath2 = Tests\\IntegrationTests
		SccProjectUniqueName3 = Tests\\UnitTests\\Microsoft.VisualStudio.Project.UnitTests.csproj
		SccProjectTopLevelParentUniqueName3 = Microsoft.VisualStudio.Project.Tests.sln
		SccProjectName3 = Tests/UnitTests
		SccLocalPath3 = Tests\\UnitTests
		SccProjectUniqueName4 = Samples\\CSharp\\NestedProject\\Src\\NestedProject.csproj
		SccProjectTopLevelParentUniqueName4 = Microsoft.VisualStudio.Project.Tests.sln
		SccProjectName4 = Samples/CSharp/NestedProject/Src
		SccLocalPath4 = Samples\\CSharp\\NestedProject\\Src
		SccProjectUniqueName5 = Samples\\CSharp\\CustomProject\\Src\\CustomProject.csproj
		SccProjectTopLevelParentUniqueName5 = Microsoft.VisualStudio.Project.Tests.sln
		SccProjectName5 = Samples/CSharp/CustomProject/Src
		SccLocalPath5 = Samples\\CSharp\\CustomProject\\Src
		SccProjectUniqueName6 = Samples\\CSharp\\CustomProject\\UnitTests\\CustomProject.UnitTests.csproj
		SccProjectTopLevelParentUniqueName6 = Microsoft.VisualStudio.Project.Tests.sln
		SccProjectName6 = Samples/CSharp/CustomProject/UnitTests
		SccLocalPath6 = Samples\\CSharp\\CustomProject\\UnitTests
		SccProjectUniqueName7 = Samples\\CSharp\\NestedProject\\UnitTests\\NestedProject.UnitTests.csproj
		SccProjectTopLevelParentUniqueName7 = Microsoft.VisualStudio.Project.Tests.sln
		SccProjectName7 = Samples/CSharp/NestedProject/UnitTests
		SccLocalPath7 = Samples\\CSharp\\NestedProject\\UnitTests
	EndGlobalSection
	GlobalSection(TestCaseManagementSettings) = postSolution
		CategoryFile = Microsoft.VisualStudio.Project.Tests1.vsmdi
	EndGlobalSection
	GlobalSection(SolutionConfigurationPlatforms) = preSolution
		Debug|Any CPU = Debug|Any CPU
		Release|Any CPU = Release|Any CPU
	EndGlobalSection
	GlobalSection(ProjectConfigurationPlatforms) = postSolution
		{CACB60A9-1E76-4F92-8831-B134A658C695}.Debug|Any CPU.ActiveCfg = Debug|Any CPU
		{CACB60A9-1E76-4F92-8831-B134A658C695}.Debug|Any CPU.Build.0 = Debug|Any CPU
		{CACB60A9-1E76-4F92-8831-B134A658C695}.Release|Any CPU.ActiveCfg = Release|Any CPU
		{CACB60A9-1E76-4F92-8831-B134A658C695}.Release|Any CPU.Build.0 = Release|Any CPU
		{0A29E2CA-F59D-4467-8FBC-6CA686CAAA3B}.Debug|Any CPU.ActiveCfg = Debug|Any CPU
		{0A29E2CA-F59D-4467-8FBC-6CA686CAAA3B}.Debug|Any CPU.Build.0 = Debug|Any CPU
		{0A29E2CA-F59D-4467-8FBC-6CA686CAAA3B}.Release|Any CPU.ActiveCfg = Release|Any CPU
		{0A29E2CA-F59D-4467-8FBC-6CA686CAAA3B}.Release|Any CPU.Build.0 = Release|Any CPU
		{7301F66C-FF21-4DC6-8EEE-2BA88186DC16}.Debug|Any CPU.ActiveCfg = Debug|Any CPU
		{7301F66C-FF21-4DC6-8EEE-2BA88186DC16}.Debug|Any CPU.Build.0 = Debug|Any CPU
		{7301F66C-FF21-4DC6-8EEE-2BA88186DC16}.Release|Any CPU.ActiveCfg = Release|Any CPU
		{7301F66C-FF21-4DC6-8EEE-2BA88186DC16}.Release|Any CPU.Build.0 = Release|Any CPU
		{E9B43C9E-60AA-4387-A955-CAFB7EFA8C27}.Debug|Any CPU.ActiveCfg = Debug|Any CPU
		{E9B43C9E-60AA-4387-A955-CAFB7EFA8C27}.Debug|Any CPU.Build.0 = Debug|Any CPU
		{E9B43C9E-60AA-4387-A955-CAFB7EFA8C27}.Release|Any CPU.ActiveCfg = Release|Any CPU
		{E9B43C9E-60AA-4387-A955-CAFB7EFA8C27}.Release|Any CPU.Build.0 = Release|Any CPU
		{F4ADEBDB-CD20-4532-B4E3-FE7424F5369C}.Debug|Any CPU.ActiveCfg = Debug|Any CPU
		{F4ADEBDB-CD20-4532-B4E3-FE7424F5369C}.Debug|Any CPU.Build.0 = Debug|Any CPU
		{F4ADEBDB-CD20-4532-B4E3-FE7424F5369C}.Release|Any CPU.ActiveCfg = Release|Any CPU
		{F4ADEBDB-CD20-4532-B4E3-FE7424F5369C}.Release|Any CPU.Build.0 = Release|Any CPU
		{07A3CDE4-390B-40B4-A660-8CA586E255CC}.Debug|Any CPU.ActiveCfg = Debug|Any CPU
		{07A3CDE4-390B-40B4-A660-8CA586E255CC}.Debug|Any CPU.Build.0 = Debug|Any CPU
		{07A3CDE4-390B-40B4-A660-8CA586E255CC}.Release|Any CPU.ActiveCfg = Release|Any CPU
		{07A3CDE4-390B-40B4-A660-8CA586E255CC}.Release|Any CPU.Build.0 = Release|Any CPU
		{C7B55182-723F-4543-B166-EF365F824984}.Debug|Any CPU.ActiveCfg = Debug|Any CPU
		{C7B55182-723F-4543-B166-EF365F824984}.Debug|Any CPU.Build.0 = Debug|Any CPU
		{C7B55182-723F-4543-B166-EF365F824984}.Release|Any CPU.ActiveCfg = Release|Any CPU
		{C7B55182-723F-4543-B166-EF365F824984}.Release|Any CPU.Build.0 = Release|Any CPU
	EndGlobalSection
	GlobalSection(SolutionProperties) = preSolution
		HideSolutionNode = FALSE
	EndGlobalSection
	GlobalSection(NestedProjects) = preSolution
		{FC67CFEC-494A-4A52-AF1D-5CE799739D7E} = {8107FBCC-3B35-40AC-B201-73AA269E5306}
		{EDA56A56-902F-4221-B1E5-E9FEC8FA3CF4} = {8107FBCC-3B35-40AC-B201-73AA269E5306}
		{CACB60A9-1E76-4F92-8831-B134A658C695} = {264B6E81-E201-4658-B428-6B48BC3F3347}
		{0A29E2CA-F59D-4467-8FBC-6CA686CAAA3B} = {FC67CFEC-494A-4A52-AF1D-5CE799739D7E}
		{7301F66C-FF21-4DC6-8EEE-2BA88186DC16} = {EDA56A56-902F-4221-B1E5-E9FEC8FA3CF4}
		{E9B43C9E-60AA-4387-A955-CAFB7EFA8C27} = {46A3F1EC-07CD-4298-9796-CAF5A7B47741}
		{F4ADEBDB-CD20-4532-B4E3-FE7424F5369C} = {46A3F1EC-07CD-4298-9796-CAF5A7B47741}
		{07A3CDE4-390B-40B4-A660-8CA586E255CC} = {46A3F1EC-07CD-4298-9796-CAF5A7B47741}
		{C7B55182-723F-4543-B166-EF365F824984} = {46A3F1EC-07CD-4298-9796-CAF5A7B47741}
	EndGlobalSection
EndGlobal
