
Microsoft Visual Studio Solution File, Format Version 11.00
# Visual Studio 10
Project("{FAE04EC0-301F-11D3-BF4B-00C04F79EFBC}") = "Microsoft.VisualStudio.Project", "Src\CSharp\Microsoft.VisualStudio.Project.csproj", "{CACB60A9-1E76-4F92-8831-B134A658C695}"
EndProject
Global
	GlobalSection(TeamFoundationVersionControl) = preSolution
		SccNumberOfProjects = 2
		SccEnterpriseProvider = {4CA58AB2-18FA-4F8D-95D4-32DDF27D184C}
		SccTeamFoundationServer = http://vmbgitvstfat25:8080/
		SccLocalPath0 = .
		SccProjectUniqueName1 = Src\\CSharp\\Microsoft.VisualStudio.Project.csproj
		SccProjectName1 = Src/CSharp
		SccLocalPath1 = Src\\CSharp
	EndGlobalSection
	GlobalSection(SolutionConfigurationPlatforms) = preSolution
		Debug|Any CPU = Debug|Any CPU
		Release|Any CPU = Release|Any CPU
	EndGlobalSection
	GlobalSection(ProjectConfigurationPlatforms) = postSolution
		{CACB60A9-1E76-4F92-8831-B134A658C695}.Debug|Any CPU.ActiveCfg = Debug|Any CPU
		{CACB60A9-1E76-4F92-8831-B134A658C695}.Debug|Any CPU.Build.0 = Debug|Any CPU
		{CACB60A9-1E76-4F92-8831-B134A658C695}.Release|Any CPU.ActiveCfg = Release|Any CPU
		{CACB60A9-1E76-4F92-8831-B134A658C695}.Release|Any CPU.Build.0 = Release|Any CPU
	EndGlobalSection
	GlobalSection(SolutionProperties) = preSolution
		HideSolutionNode = FALSE
	EndGlobalSection
EndGlobal
