
Microsoft Visual Studio Solution File, Format Version 10.00
# Visual Studio 2008
Project("{FAE04EC0-301F-11D3-BF4B-00C04F79EFBC}") = "Nemerle.VisualStudio", "Nemerle.VisualStudio\Nemerle.VisualStudio.csproj", "{16041FE4-7A5D-4DFD-9A79-A92B6A81E291}"
	ProjectSection(ProjectDependencies) = postProject
		{DBC77173-9367-485F-B425-74E6D6AB3F82} = {DBC77173-9367-485F-B425-74E6D6AB3F82}
	EndProjectSection
EndProject
Project("{FAE04EC0-301F-11D3-BF4B-00C04F79EFBC}") = "Nemerle.VsIntegration.Tests", "Nemerle.VsIntegration.Tests\Nemerle.VsIntegration.Tests.csproj", "{2FA489E3-2A5B-43F1-9E98-4EF3971F3312}"
EndProject
Project("{FAE04EC0-301F-11D3-BF4B-00C04F79EFBC}") = "ComInteropHelper", "ComInteropHelper\ComInteropHelper.csproj", "{DE3545CB-73C6-4BE0-9ED7-30A0DF1DEB3C}"
EndProject
Project("{FAE04EC0-301F-11D3-BF4B-00C04F79EFBC}") = "WpfHint", "Nemerle.VisualStudio\GUI\WpfHint\WpfHint.csproj", "{7670DE22-B023-4783-BA19-BB2DB50E1762}"
EndProject
Project("{FAE04EC0-301F-11D3-BF4B-00C04F79EFBC}") = "Nemerle.Compiler.Utils", "Nemerle.Compiler.Utils\Nemerle.Compiler.Utils.csproj", "{DBC77173-9367-485F-B425-74E6D6AB3F82}"
EndProject
Project("{FAE04EC0-301F-11D3-BF4B-00C04F79EFBC}") = "Nemerle.Compiler.Utils.Tests", "Nemerle.Compiler.Utils.Tests\Nemerle.Compiler.Utils.Tests.csproj", "{F987C615-1E7E-4D73-8225-4B58AFB6AF93}"
EndProject
Global
	GlobalSection(SolutionConfigurationPlatforms) = preSolution
		Debug|Any CPU = Debug|Any CPU
		Debug|Mixed Platforms = Debug|Mixed Platforms
		Debug|Win32 = Debug|Win32
		Release|Any CPU = Release|Any CPU
		Release|Mixed Platforms = Release|Mixed Platforms
		Release|Win32 = Release|Win32
	EndGlobalSection
	GlobalSection(ProjectConfigurationPlatforms) = postSolution
		{16041FE4-7A5D-4DFD-9A79-A92B6A81E291}.Debug|Any CPU.ActiveCfg = Debug|Any CPU
		{16041FE4-7A5D-4DFD-9A79-A92B6A81E291}.Debug|Any CPU.Build.0 = Debug|Any CPU
		{16041FE4-7A5D-4DFD-9A79-A92B6A81E291}.Debug|Mixed Platforms.ActiveCfg = Debug|Any CPU
		{16041FE4-7A5D-4DFD-9A79-A92B6A81E291}.Debug|Mixed Platforms.Build.0 = Debug|Any CPU
		{16041FE4-7A5D-4DFD-9A79-A92B6A81E291}.Debug|Win32.ActiveCfg = Debug|Any CPU
		{16041FE4-7A5D-4DFD-9A79-A92B6A81E291}.Release|Any CPU.ActiveCfg = Release|Any CPU
		{16041FE4-7A5D-4DFD-9A79-A92B6A81E291}.Release|Any CPU.Build.0 = Release|Any CPU
		{16041FE4-7A5D-4DFD-9A79-A92B6A81E291}.Release|Mixed Platforms.ActiveCfg = Release|Any CPU
		{16041FE4-7A5D-4DFD-9A79-A92B6A81E291}.Release|Mixed Platforms.Build.0 = Release|Any CPU
		{16041FE4-7A5D-4DFD-9A79-A92B6A81E291}.Release|Win32.ActiveCfg = Release|Any CPU
		{2FA489E3-2A5B-43F1-9E98-4EF3971F3312}.Debug|Any CPU.ActiveCfg = Debug|Any CPU
		{2FA489E3-2A5B-43F1-9E98-4EF3971F3312}.Debug|Any CPU.Build.0 = Debug|Any CPU
		{2FA489E3-2A5B-43F1-9E98-4EF3971F3312}.Debug|Mixed Platforms.ActiveCfg = Debug|Any CPU
		{2FA489E3-2A5B-43F1-9E98-4EF3971F3312}.Debug|Mixed Platforms.Build.0 = Debug|Any CPU
		{2FA489E3-2A5B-43F1-9E98-4EF3971F3312}.Debug|Win32.ActiveCfg = Debug|Any CPU
		{2FA489E3-2A5B-43F1-9E98-4EF3971F3312}.Release|Any CPU.ActiveCfg = Release|Any CPU
		{2FA489E3-2A5B-43F1-9E98-4EF3971F3312}.Release|Any CPU.Build.0 = Release|Any CPU
		{2FA489E3-2A5B-43F1-9E98-4EF3971F3312}.Release|Mixed Platforms.ActiveCfg = Release|Any CPU
		{2FA489E3-2A5B-43F1-9E98-4EF3971F3312}.Release|Mixed Platforms.Build.0 = Release|Any CPU
		{2FA489E3-2A5B-43F1-9E98-4EF3971F3312}.Release|Win32.ActiveCfg = Release|Any CPU
		{DE3545CB-73C6-4BE0-9ED7-30A0DF1DEB3C}.Debug|Any CPU.ActiveCfg = Debug|Any CPU
		{DE3545CB-73C6-4BE0-9ED7-30A0DF1DEB3C}.Debug|Any CPU.Build.0 = Debug|Any CPU
		{DE3545CB-73C6-4BE0-9ED7-30A0DF1DEB3C}.Debug|Mixed Platforms.ActiveCfg = Debug|Any CPU
		{DE3545CB-73C6-4BE0-9ED7-30A0DF1DEB3C}.Debug|Mixed Platforms.Build.0 = Debug|Any CPU
		{DE3545CB-73C6-4BE0-9ED7-30A0DF1DEB3C}.Debug|Win32.ActiveCfg = Debug|Any CPU
		{DE3545CB-73C6-4BE0-9ED7-30A0DF1DEB3C}.Release|Any CPU.ActiveCfg = Release|Any CPU
		{DE3545CB-73C6-4BE0-9ED7-30A0DF1DEB3C}.Release|Any CPU.Build.0 = Release|Any CPU
		{DE3545CB-73C6-4BE0-9ED7-30A0DF1DEB3C}.Release|Mixed Platforms.ActiveCfg = Release|Any CPU
		{DE3545CB-73C6-4BE0-9ED7-30A0DF1DEB3C}.Release|Mixed Platforms.Build.0 = Release|Any CPU
		{DE3545CB-73C6-4BE0-9ED7-30A0DF1DEB3C}.Release|Win32.ActiveCfg = Release|Any CPU
		{7670DE22-B023-4783-BA19-BB2DB50E1762}.Debug|Any CPU.ActiveCfg = Debug|Any CPU
		{7670DE22-B023-4783-BA19-BB2DB50E1762}.Debug|Any CPU.Build.0 = Debug|Any CPU
		{7670DE22-B023-4783-BA19-BB2DB50E1762}.Debug|Mixed Platforms.ActiveCfg = Debug|Any CPU
		{7670DE22-B023-4783-BA19-BB2DB50E1762}.Debug|Mixed Platforms.Build.0 = Debug|Any CPU
		{7670DE22-B023-4783-BA19-BB2DB50E1762}.Debug|Win32.ActiveCfg = Debug|Any CPU
		{7670DE22-B023-4783-BA19-BB2DB50E1762}.Release|Any CPU.ActiveCfg = Release|Any CPU
		{7670DE22-B023-4783-BA19-BB2DB50E1762}.Release|Any CPU.Build.0 = Release|Any CPU
		{7670DE22-B023-4783-BA19-BB2DB50E1762}.Release|Mixed Platforms.ActiveCfg = Release|Any CPU
		{7670DE22-B023-4783-BA19-BB2DB50E1762}.Release|Mixed Platforms.Build.0 = Release|Any CPU
		{7670DE22-B023-4783-BA19-BB2DB50E1762}.Release|Win32.ActiveCfg = Release|Any CPU
		{DBC77173-9367-485F-B425-74E6D6AB3F82}.Debug|Any CPU.ActiveCfg = Debug|Any CPU
		{DBC77173-9367-485F-B425-74E6D6AB3F82}.Debug|Any CPU.Build.0 = Debug|Any CPU
		{DBC77173-9367-485F-B425-74E6D6AB3F82}.Debug|Mixed Platforms.ActiveCfg = Debug|Any CPU
		{DBC77173-9367-485F-B425-74E6D6AB3F82}.Debug|Mixed Platforms.Build.0 = Debug|Any CPU
		{DBC77173-9367-485F-B425-74E6D6AB3F82}.Debug|Win32.ActiveCfg = Debug|Any CPU
		{DBC77173-9367-485F-B425-74E6D6AB3F82}.Release|Any CPU.ActiveCfg = Release|Any CPU
		{DBC77173-9367-485F-B425-74E6D6AB3F82}.Release|Any CPU.Build.0 = Release|Any CPU
		{DBC77173-9367-485F-B425-74E6D6AB3F82}.Release|Mixed Platforms.ActiveCfg = Release|Any CPU
		{DBC77173-9367-485F-B425-74E6D6AB3F82}.Release|Mixed Platforms.Build.0 = Release|Any CPU
		{DBC77173-9367-485F-B425-74E6D6AB3F82}.Release|Win32.ActiveCfg = Release|Any CPU
		{F987C615-1E7E-4D73-8225-4B58AFB6AF93}.Debug|Any CPU.ActiveCfg = Debug|Any CPU
		{F987C615-1E7E-4D73-8225-4B58AFB6AF93}.Debug|Any CPU.Build.0 = Debug|Any CPU
		{F987C615-1E7E-4D73-8225-4B58AFB6AF93}.Debug|Mixed Platforms.ActiveCfg = Debug|Any CPU
		{F987C615-1E7E-4D73-8225-4B58AFB6AF93}.Debug|Mixed Platforms.Build.0 = Debug|Any CPU
		{F987C615-1E7E-4D73-8225-4B58AFB6AF93}.Debug|Win32.ActiveCfg = Debug|Any CPU
		{F987C615-1E7E-4D73-8225-4B58AFB6AF93}.Release|Any CPU.ActiveCfg = Release|Any CPU
		{F987C615-1E7E-4D73-8225-4B58AFB6AF93}.Release|Any CPU.Build.0 = Release|Any CPU
		{F987C615-1E7E-4D73-8225-4B58AFB6AF93}.Release|Mixed Platforms.ActiveCfg = Release|Any CPU
		{F987C615-1E7E-4D73-8225-4B58AFB6AF93}.Release|Mixed Platforms.Build.0 = Release|Any CPU
		{F987C615-1E7E-4D73-8225-4B58AFB6AF93}.Release|Win32.ActiveCfg = Release|Any CPU
	EndGlobalSection
	GlobalSection(SolutionProperties) = preSolution
		HideSolutionNode = FALSE
	EndGlobalSection
	GlobalSection(DPCodeReviewSolutionGUID) = preSolution
		DPCodeReviewSolutionGUID = {00000000-0000-0000-0000-000000000000}
	EndGlobalSection
	GlobalSection(TextTemplating) = postSolution
		TextTemplating = 1
	EndGlobalSection
EndGlobal
