
Microsoft Visual Studio Solution File, Format Version 11.00
# Visual Studio 2010
Project("{EDCC3B85-0BAD-11DB-BC1A-00112FDE8B61}") = "IssuesGet", "IssuesGet\IssuesGet.nproj", "{37E5E6D7-3849-4E89-AA05-472B5CEC6463}"
EndProject
Project("{EDCC3B85-0BAD-11DB-BC1A-00112FDE8B61}") = "IssuesGetter", "IssuesGetter\IssuesGetter.nproj", "{15EFFDE4-9479-4773-9FD5-16973F81B658}"
EndProject
Project("{EDCC3B85-0BAD-11DB-BC1A-00112FDE8B61}") = "Nemerle.Json-VS_2010", "..\peg-parser\Json\Nemerle.Json\Nemerle.Json-VS_2010.nproj", "{5F0FEE19-6857-47D6-B669-EE0A03E5D047}"
EndProject
Project("{00000000-0000-0000-0000-000000000000}") = "MilestoneReport", "MilestoneReport\MilestoneReport.nproj", "{05EE4D1D-3353-4B88-BA52-53ECAA13FADB}"
EndProject
Global
	GlobalSection(SolutionConfigurationPlatforms) = preSolution
		Debug|Any CPU = Debug|Any CPU
		Release|Any CPU = Release|Any CPU
	EndGlobalSection
	GlobalSection(ProjectConfigurationPlatforms) = postSolution
		{37E5E6D7-3849-4E89-AA05-472B5CEC6463}.Debug|Any CPU.ActiveCfg = Debug|Any CPU
		{37E5E6D7-3849-4E89-AA05-472B5CEC6463}.Debug|Any CPU.Build.0 = Debug|Any CPU
		{37E5E6D7-3849-4E89-AA05-472B5CEC6463}.Release|Any CPU.ActiveCfg = Release|Any CPU
		{37E5E6D7-3849-4E89-AA05-472B5CEC6463}.Release|Any CPU.Build.0 = Release|Any CPU
		{15EFFDE4-9479-4773-9FD5-16973F81B658}.Debug|Any CPU.ActiveCfg = Debug|Any CPU
		{15EFFDE4-9479-4773-9FD5-16973F81B658}.Debug|Any CPU.Build.0 = Debug|Any CPU
		{15EFFDE4-9479-4773-9FD5-16973F81B658}.Release|Any CPU.ActiveCfg = Release|Any CPU
		{15EFFDE4-9479-4773-9FD5-16973F81B658}.Release|Any CPU.Build.0 = Release|Any CPU
		{5F0FEE19-6857-47D6-B669-EE0A03E5D047}.Debug|Any CPU.ActiveCfg = Debug|Any CPU
		{5F0FEE19-6857-47D6-B669-EE0A03E5D047}.Debug|Any CPU.Build.0 = Debug|Any CPU
		{5F0FEE19-6857-47D6-B669-EE0A03E5D047}.Release|Any CPU.ActiveCfg = Release|Any CPU
		{5F0FEE19-6857-47D6-B669-EE0A03E5D047}.Release|Any CPU.Build.0 = Release|Any CPU
		{05EE4D1D-3353-4B88-BA52-53ECAA13FADB}.Debug|Any CPU.ActiveCfg = Debug|Any CPU
		{05EE4D1D-3353-4B88-BA52-53ECAA13FADB}.Debug|Any CPU.Build.0 = Debug|Any CPU
		{05EE4D1D-3353-4B88-BA52-53ECAA13FADB}.Release|Any CPU.ActiveCfg = Release|Any CPU
		{05EE4D1D-3353-4B88-BA52-53ECAA13FADB}.Release|Any CPU.Build.0 = Release|Any CPU
	EndGlobalSection
	GlobalSection(SolutionProperties) = preSolution
		HideSolutionNode = FALSE
	EndGlobalSection
EndGlobal
