
Microsoft Visual Studio Solution File, Format Version 12.00
# Visual Studio 15
VisualStudioVersion = 15.0.28307.757
MinimumVisualStudioVersion = 10.0.40219.1
Project("{EDCC3B85-0BAD-11DB-BC1A-00112FDE8B61}") = "Nemerle.Compiler-dnlib", "ncc\Nemerle.Compiler-dnlib.nproj", "{E7A8A528-D23E-4B97-A3FB-E8FC7E040499}"
EndProject
Project("{EDCC3B85-0BAD-11DB-BC1A-00112FDE8B61}") = "Nemerle.Location", "Nemerle.Location\Nemerle.Location.nproj", "{F78F090F-7B07-494B-BFE3-4E63C1B231B9}"
EndProject
Project("{EDCC3B85-0BAD-11DB-BC1A-00112FDE8B61}") = "ncc-dnlib", "ncc-dnlib.nproj", "{E6783A4F-B302-4236-9852-F423F09BEB02}"
EndProject
Project("{FAE04EC0-301F-11D3-BF4B-00C04F79EFBC}") = "NccRunner", "..\NccRunner\NccRunner.csproj", "{D9923D06-6A51-4698-B2EE-E9C9CE8049C8}"
EndProject
Project("{FAE04EC0-301F-11D3-BF4B-00C04F79EFBC}") = "ResultDebug", "..\ResultDebug\ResultDebug.csproj", "{91DCF41B-D580-40F1-9D58-4855C0058A80}"
EndProject
Global
	GlobalSection(SolutionConfigurationPlatforms) = preSolution
		Debug|Any CPU = Debug|Any CPU
		Release|Any CPU = Release|Any CPU
	EndGlobalSection
	GlobalSection(ProjectConfigurationPlatforms) = postSolution
		{E7A8A528-D23E-4B97-A3FB-E8FC7E040499}.Debug|Any CPU.ActiveCfg = Debug|Any CPU
		{E7A8A528-D23E-4B97-A3FB-E8FC7E040499}.Debug|Any CPU.Build.0 = Debug|Any CPU
		{E7A8A528-D23E-4B97-A3FB-E8FC7E040499}.Release|Any CPU.ActiveCfg = Release|Any CPU
		{E7A8A528-D23E-4B97-A3FB-E8FC7E040499}.Release|Any CPU.Build.0 = Release|Any CPU
		{F78F090F-7B07-494B-BFE3-4E63C1B231B9}.Debug|Any CPU.ActiveCfg = Debug|Any CPU
		{F78F090F-7B07-494B-BFE3-4E63C1B231B9}.Debug|Any CPU.Build.0 = Debug|Any CPU
		{F78F090F-7B07-494B-BFE3-4E63C1B231B9}.Release|Any CPU.ActiveCfg = Release|Any CPU
		{F78F090F-7B07-494B-BFE3-4E63C1B231B9}.Release|Any CPU.Build.0 = Release|Any CPU
		{E6783A4F-B302-4236-9852-F423F09BEB02}.Debug|Any CPU.ActiveCfg = Debug|Any CPU
		{E6783A4F-B302-4236-9852-F423F09BEB02}.Debug|Any CPU.Build.0 = Debug|Any CPU
		{E6783A4F-B302-4236-9852-F423F09BEB02}.Release|Any CPU.ActiveCfg = Release|Any CPU
		{E6783A4F-B302-4236-9852-F423F09BEB02}.Release|Any CPU.Build.0 = Release|Any CPU
		{D9923D06-6A51-4698-B2EE-E9C9CE8049C8}.Debug|Any CPU.ActiveCfg = Debug|Any CPU
		{D9923D06-6A51-4698-B2EE-E9C9CE8049C8}.Debug|Any CPU.Build.0 = Debug|Any CPU
		{D9923D06-6A51-4698-B2EE-E9C9CE8049C8}.Release|Any CPU.ActiveCfg = Release|Any CPU
		{D9923D06-6A51-4698-B2EE-E9C9CE8049C8}.Release|Any CPU.Build.0 = Release|Any CPU
		{91DCF41B-D580-40F1-9D58-4855C0058A80}.Debug|Any CPU.ActiveCfg = Debug|Any CPU
		{91DCF41B-D580-40F1-9D58-4855C0058A80}.Debug|Any CPU.Build.0 = Debug|Any CPU
		{91DCF41B-D580-40F1-9D58-4855C0058A80}.Release|Any CPU.ActiveCfg = Release|Any CPU
		{91DCF41B-D580-40F1-9D58-4855C0058A80}.Release|Any CPU.Build.0 = Release|Any CPU
	EndGlobalSection
	GlobalSection(SolutionProperties) = preSolution
		HideSolutionNode = FALSE
	EndGlobalSection
	GlobalSection(ExtensibilityGlobals) = postSolution
		SolutionGuid = {96060311-0830-4573-833D-DE88DDDC1D8B}
	EndGlobalSection
EndGlobal
