
Microsoft Visual Studio Solution File, Format Version 10.00
# Visual Studio 2008
# SharpDevelop 3.2.0.5777
Project("{EDCC3B85-0BAD-11DB-BC1A-00112FDE8B61}") = "Nemerle", "Nemerle.nproj", "{0C558E35-7DF9-4A68-9015-B316DD59C0CB}"
EndProject
Project("{EDCC3B85-0BAD-11DB-BC1A-00112FDE8B61}") = "Nemerle.Macros", "Nemerle.Macros.nproj", "{0C558E37-7DF9-4A68-9015-B316DD59C0CB}"
EndProject
Project("{EDCC3B85-0BAD-11DB-BC1A-00112FDE8B61}") = "Nemerle.Compiler", "Nemerle.Compiler.nproj", "{0C558E36-7DF9-4A68-9015-B316DD59C0CB}"
EndProject
Project("{EDCC3B85-0BAD-11DB-BC1A-00112FDE8B61}") = "ncc", "ncc.nproj", "{0C558E38-7DF9-4A68-9015-B316DD59C0CB}"
EndProject
Project("{EDCC3B85-0BAD-11DB-BC1A-00112FDE8B61}") = "Linq", "Linq\Macro\Linq.nproj", "{7339AC25-F3FA-4759-A4FB-AB852869AD3E}"
EndProject
Project("{FAE04EC0-301F-11D3-BF4B-00C04F79EFBC}") = "Nemerle.MSBuild.Tasks", "Nemerle.MSBuild.Tasks.csproj", "{EF33ADBC-298A-48FB-AB04-17616833647F}"
EndProject
Global
	GlobalSection(SolutionConfigurationPlatforms) = preSolution
		Debug|Any CPU = Debug|Any CPU
		Release|Any CPU = Release|Any CPU
	EndGlobalSection
	GlobalSection(ProjectConfigurationPlatforms) = postSolution
		{0C558E35-7DF9-4A68-9015-B316DD59C0CB}.Debug|Any CPU.ActiveCfg = Debug|Any CPU
		{0C558E35-7DF9-4A68-9015-B316DD59C0CB}.Debug|Any CPU.Build.0 = Debug|Any CPU
		{0C558E35-7DF9-4A68-9015-B316DD59C0CB}.Release|Any CPU.ActiveCfg = Release|Any CPU
		{0C558E35-7DF9-4A68-9015-B316DD59C0CB}.Release|Any CPU.Build.0 = Release|Any CPU
		{0C558E37-7DF9-4A68-9015-B316DD59C0CB}.Debug|Any CPU.ActiveCfg = Debug|Any CPU
		{0C558E37-7DF9-4A68-9015-B316DD59C0CB}.Debug|Any CPU.Build.0 = Debug|Any CPU
		{0C558E37-7DF9-4A68-9015-B316DD59C0CB}.Release|Any CPU.ActiveCfg = Release|Any CPU
		{0C558E37-7DF9-4A68-9015-B316DD59C0CB}.Release|Any CPU.Build.0 = Release|Any CPU
		{0C558E36-7DF9-4A68-9015-B316DD59C0CB}.Debug|Any CPU.ActiveCfg = Debug|Any CPU
		{0C558E36-7DF9-4A68-9015-B316DD59C0CB}.Debug|Any CPU.Build.0 = Debug|Any CPU
		{0C558E36-7DF9-4A68-9015-B316DD59C0CB}.Release|Any CPU.ActiveCfg = Release|Any CPU
		{0C558E36-7DF9-4A68-9015-B316DD59C0CB}.Release|Any CPU.Build.0 = Release|Any CPU
		{0C558E38-7DF9-4A68-9015-B316DD59C0CB}.Debug|Any CPU.ActiveCfg = Debug|Any CPU
		{0C558E38-7DF9-4A68-9015-B316DD59C0CB}.Debug|Any CPU.Build.0 = Debug|Any CPU
		{0C558E38-7DF9-4A68-9015-B316DD59C0CB}.Release|Any CPU.ActiveCfg = Release|Any CPU
		{0C558E38-7DF9-4A68-9015-B316DD59C0CB}.Release|Any CPU.Build.0 = Release|Any CPU
		{7339AC25-F3FA-4759-A4FB-AB852869AD3E}.Debug|Any CPU.ActiveCfg = Debug|Any CPU
		{7339AC25-F3FA-4759-A4FB-AB852869AD3E}.Debug|Any CPU.Build.0 = Debug|Any CPU
		{7339AC25-F3FA-4759-A4FB-AB852869AD3E}.Release|Any CPU.ActiveCfg = Release|Any CPU
		{7339AC25-F3FA-4759-A4FB-AB852869AD3E}.Release|Any CPU.Build.0 = Release|Any CPU
		{EF33ADBC-298A-48FB-AB04-17616833647F}.Debug|Any CPU.ActiveCfg = Debug|Any CPU
		{EF33ADBC-298A-48FB-AB04-17616833647F}.Debug|Any CPU.Build.0 = Debug|Any CPU
		{EF33ADBC-298A-48FB-AB04-17616833647F}.Release|Any CPU.ActiveCfg = Release|Any CPU
		{EF33ADBC-298A-48FB-AB04-17616833647F}.Release|Any CPU.Build.0 = Release|Any CPU
	EndGlobalSection
	GlobalSection(SolutionProperties) = preSolution
		HideSolutionNode = FALSE
	EndGlobalSection
EndGlobal
