
Microsoft Visual Studio Solution File, Format Version 10.00
# Visual Studio 2008
# SharpDevelop 3.2.0.5505
Project("{EDCC3B85-0BAD-11DB-BC1A-00112FDE8B61}") = "Nemerle.Evaluation", "tools\Nemerle.Evaluation.nproj", "{30EC93B9-43DD-47C2-A18D-AA6B907EF4BE}"
EndProject
Project("{EDCC3B85-0BAD-11DB-BC1A-00112FDE8B61}") = "nemish", "tools\nemish.nproj", "{70754C6C-3ACA-438A-9C52-03C544EC0A8D}"
EndProject
Project("{EDCC3B85-0BAD-11DB-BC1A-00112FDE8B61}") = "Nemerle.NAnt.Tasks", "tools\Nemerle.NAnt.Tasks.nproj", "{48ADC8E6-B8EE-40BF-883A-6BCAEE53AB2A}"
EndProject
Project("{EDCC3B85-0BAD-11DB-BC1A-00112FDE8B61}") = "reflector-addon", "tools\reflector-addon\reflector-addon.nproj", "{C35C79B4-8107-4B5F-BC8A-64783F24726F}"
EndProject
Global
	GlobalSection(SolutionConfigurationPlatforms) = preSolution
		Debug|Any CPU = Debug|Any CPU
		Release|Any CPU = Release|Any CPU
	EndGlobalSection
	GlobalSection(ProjectConfigurationPlatforms) = postSolution
		{30EC93B9-43DD-47C2-A18D-AA6B907EF4BE}.Debug|Any CPU.ActiveCfg = Debug|Any CPU
		{30EC93B9-43DD-47C2-A18D-AA6B907EF4BE}.Debug|Any CPU.Build.0 = Debug|Any CPU
		{30EC93B9-43DD-47C2-A18D-AA6B907EF4BE}.Release|Any CPU.ActiveCfg = Release|Any CPU
		{30EC93B9-43DD-47C2-A18D-AA6B907EF4BE}.Release|Any CPU.Build.0 = Release|Any CPU
		{70754C6C-3ACA-438A-9C52-03C544EC0A8D}.Debug|Any CPU.ActiveCfg = Debug|Any CPU
		{70754C6C-3ACA-438A-9C52-03C544EC0A8D}.Debug|Any CPU.Build.0 = Debug|Any CPU
		{70754C6C-3ACA-438A-9C52-03C544EC0A8D}.Release|Any CPU.ActiveCfg = Release|Any CPU
		{70754C6C-3ACA-438A-9C52-03C544EC0A8D}.Release|Any CPU.Build.0 = Release|Any CPU
		{48ADC8E6-B8EE-40BF-883A-6BCAEE53AB2A}.Debug|Any CPU.ActiveCfg = Debug|Any CPU
		{48ADC8E6-B8EE-40BF-883A-6BCAEE53AB2A}.Debug|Any CPU.Build.0 = Debug|Any CPU
		{48ADC8E6-B8EE-40BF-883A-6BCAEE53AB2A}.Release|Any CPU.ActiveCfg = Release|Any CPU
		{48ADC8E6-B8EE-40BF-883A-6BCAEE53AB2A}.Release|Any CPU.Build.0 = Release|Any CPU
		{C35C79B4-8107-4B5F-BC8A-64783F24726F}.Debug|Any CPU.ActiveCfg = Debug|Any CPU
		{C35C79B4-8107-4B5F-BC8A-64783F24726F}.Debug|Any CPU.Build.0 = Debug|Any CPU
		{C35C79B4-8107-4B5F-BC8A-64783F24726F}.Release|Any CPU.ActiveCfg = Release|Any CPU
		{C35C79B4-8107-4B5F-BC8A-64783F24726F}.Release|Any CPU.Build.0 = Release|Any CPU
	EndGlobalSection
	GlobalSection(SolutionProperties) = preSolution
		HideSolutionNode = FALSE
	EndGlobalSection
EndGlobal
