
Microsoft Visual Studio Solution File, Format Version 11.00
# Visual Studio 2010
Project("{EDCC3B85-0BAD-11DB-BC1A-00112FDE8B61}") = "Nemerle.Peg.Macros-VS_2010", "Nemerle.Peg.Macros\Nemerle.Peg.Macros-VS_2010.nproj", "{388424BD-C3A5-4C01-B84B-6C1BB9A9CC8E}"
EndProject
Project("{EDCC3B85-0BAD-11DB-BC1A-00112FDE8B61}") = "Nemerle.Peg-VS_2010", "Nemerle.Peg\Nemerle.Peg-VS_2010.nproj", "{76DB8B13-A01A-47BD-98BE-F2D3755770FE}"
EndProject
Project("{EDCC3B85-0BAD-11DB-BC1A-00112FDE8B61}") = "Calculator-VS_2010", "Calculator\Calculator-VS_2010.nproj", "{DBABC305-AF6E-40D6-8E79-1E3F36FBD879}"
EndProject
Project("{FAE04EC0-301F-11D3-BF4B-00C04F79EFBC}") = "JSParser.GUI-VS_2010", "JSParser.GUI\JSParser.GUI-VS_2010.csproj", "{E1D04553-80B1-48C9-9256-B14BF4C2F2B0}"
EndProject
Project("{EDCC3B85-0BAD-11DB-BC1A-00112FDE8B61}") = "JSParser-VS_2010", "JSParser\JSParser-VS_2010.nproj", "{F440F161-D644-4004-B4F0-A9DFA001039E}"
EndProject
Project("{EDCC3B85-0BAD-11DB-BC1A-00112FDE8B61}") = "FSMTest-VS_2010", "FSMTest\FSMTest-VS_2010.nproj", "{3A6DDCDB-A61A-4DC2-B16B-D912E18E7AFD}"
EndProject
Global
	GlobalSection(SolutionConfigurationPlatforms) = preSolution
		Debug|Any CPU = Debug|Any CPU
		Debug|Mixed Platforms = Debug|Mixed Platforms
		Release|Any CPU = Release|Any CPU
		Release|Mixed Platforms = Release|Mixed Platforms
	EndGlobalSection
	GlobalSection(ProjectConfigurationPlatforms) = postSolution
		{388424BD-C3A5-4C01-B84B-6C1BB9A9CC8E}.Debug|Any CPU.ActiveCfg = Debug|Any CPU
		{388424BD-C3A5-4C01-B84B-6C1BB9A9CC8E}.Debug|Any CPU.Build.0 = Debug|Any CPU
		{388424BD-C3A5-4C01-B84B-6C1BB9A9CC8E}.Debug|Mixed Platforms.ActiveCfg = Debug|Any CPU
		{388424BD-C3A5-4C01-B84B-6C1BB9A9CC8E}.Debug|Mixed Platforms.Build.0 = Debug|Any CPU
		{388424BD-C3A5-4C01-B84B-6C1BB9A9CC8E}.Release|Any CPU.ActiveCfg = Release|Any CPU
		{388424BD-C3A5-4C01-B84B-6C1BB9A9CC8E}.Release|Any CPU.Build.0 = Release|Any CPU
		{388424BD-C3A5-4C01-B84B-6C1BB9A9CC8E}.Release|Mixed Platforms.ActiveCfg = Release|Any CPU
		{388424BD-C3A5-4C01-B84B-6C1BB9A9CC8E}.Release|Mixed Platforms.Build.0 = Release|Any CPU
		{76DB8B13-A01A-47BD-98BE-F2D3755770FE}.Debug|Any CPU.ActiveCfg = Debug|Any CPU
		{76DB8B13-A01A-47BD-98BE-F2D3755770FE}.Debug|Any CPU.Build.0 = Debug|Any CPU
		{76DB8B13-A01A-47BD-98BE-F2D3755770FE}.Debug|Mixed Platforms.ActiveCfg = Debug|Any CPU
		{76DB8B13-A01A-47BD-98BE-F2D3755770FE}.Debug|Mixed Platforms.Build.0 = Debug|Any CPU
		{76DB8B13-A01A-47BD-98BE-F2D3755770FE}.Release|Any CPU.ActiveCfg = Release|Any CPU
		{76DB8B13-A01A-47BD-98BE-F2D3755770FE}.Release|Any CPU.Build.0 = Release|Any CPU
		{76DB8B13-A01A-47BD-98BE-F2D3755770FE}.Release|Mixed Platforms.ActiveCfg = Release|Any CPU
		{76DB8B13-A01A-47BD-98BE-F2D3755770FE}.Release|Mixed Platforms.Build.0 = Release|Any CPU
		{DBABC305-AF6E-40D6-8E79-1E3F36FBD879}.Debug|Any CPU.ActiveCfg = Debug|Any CPU
		{DBABC305-AF6E-40D6-8E79-1E3F36FBD879}.Debug|Any CPU.Build.0 = Debug|Any CPU
		{DBABC305-AF6E-40D6-8E79-1E3F36FBD879}.Debug|Mixed Platforms.ActiveCfg = Debug|Any CPU
		{DBABC305-AF6E-40D6-8E79-1E3F36FBD879}.Debug|Mixed Platforms.Build.0 = Debug|Any CPU
		{DBABC305-AF6E-40D6-8E79-1E3F36FBD879}.Release|Any CPU.ActiveCfg = Release|Any CPU
		{DBABC305-AF6E-40D6-8E79-1E3F36FBD879}.Release|Any CPU.Build.0 = Release|Any CPU
		{DBABC305-AF6E-40D6-8E79-1E3F36FBD879}.Release|Mixed Platforms.ActiveCfg = Release|Any CPU
		{DBABC305-AF6E-40D6-8E79-1E3F36FBD879}.Release|Mixed Platforms.Build.0 = Release|Any CPU
		{E1D04553-80B1-48C9-9256-B14BF4C2F2B0}.Debug|Any CPU.ActiveCfg = Debug|x86
		{E1D04553-80B1-48C9-9256-B14BF4C2F2B0}.Debug|Any CPU.Build.0 = Debug|x86
		{E1D04553-80B1-48C9-9256-B14BF4C2F2B0}.Debug|Mixed Platforms.ActiveCfg = Debug|x86
		{E1D04553-80B1-48C9-9256-B14BF4C2F2B0}.Release|Any CPU.ActiveCfg = Release|x86
		{E1D04553-80B1-48C9-9256-B14BF4C2F2B0}.Release|Any CPU.Build.0 = Release|x86
		{E1D04553-80B1-48C9-9256-B14BF4C2F2B0}.Release|Mixed Platforms.ActiveCfg = Release|x86
		{F440F161-D644-4004-B4F0-A9DFA001039E}.Debug|Any CPU.ActiveCfg = Debug|Any CPU
		{F440F161-D644-4004-B4F0-A9DFA001039E}.Debug|Any CPU.Build.0 = Debug|Any CPU
		{F440F161-D644-4004-B4F0-A9DFA001039E}.Debug|Mixed Platforms.ActiveCfg = Debug|Any CPU
		{F440F161-D644-4004-B4F0-A9DFA001039E}.Release|Any CPU.ActiveCfg = Release|Any CPU
		{F440F161-D644-4004-B4F0-A9DFA001039E}.Release|Any CPU.Build.0 = Release|Any CPU
		{F440F161-D644-4004-B4F0-A9DFA001039E}.Release|Mixed Platforms.ActiveCfg = Release|Any CPU
		{3A6DDCDB-A61A-4DC2-B16B-D912E18E7AFD}.Debug|Any CPU.ActiveCfg = Debug|Any CPU
		{3A6DDCDB-A61A-4DC2-B16B-D912E18E7AFD}.Debug|Any CPU.Build.0 = Debug|Any CPU
		{3A6DDCDB-A61A-4DC2-B16B-D912E18E7AFD}.Debug|Mixed Platforms.ActiveCfg = Debug|Any CPU
		{3A6DDCDB-A61A-4DC2-B16B-D912E18E7AFD}.Debug|Mixed Platforms.Build.0 = Debug|Any CPU
		{3A6DDCDB-A61A-4DC2-B16B-D912E18E7AFD}.Release|Any CPU.ActiveCfg = Release|Any CPU
		{3A6DDCDB-A61A-4DC2-B16B-D912E18E7AFD}.Release|Any CPU.Build.0 = Release|Any CPU
		{3A6DDCDB-A61A-4DC2-B16B-D912E18E7AFD}.Release|Mixed Platforms.ActiveCfg = Release|Any CPU
		{3A6DDCDB-A61A-4DC2-B16B-D912E18E7AFD}.Release|Mixed Platforms.Build.0 = Release|Any CPU
	EndGlobalSection
	GlobalSection(SolutionProperties) = preSolution
		HideSolutionNode = FALSE
	EndGlobalSection
EndGlobal
