
Microsoft Visual Studio Solution File, Format Version 11.00
# Visual Studio 2010
Project("{EDCC3B85-0BAD-11DB-BC1A-00112FDE8B61}") = "Nemerle.Diff", "Nemerle.Diff\Nemerle.Diff.nproj", "{9C840357-8494-4B67-B548-A9D70CC9AE42}"
EndProject
Project("{EDCC3B85-0BAD-11DB-BC1A-00112FDE8B61}") = "Nemerle.Diff.Tests", "Nemerle.Diff.Tests\Nemerle.Diff.Tests.nproj", "{5793CE5C-C9E7-4C8A-923A-77BDB4A6307B}"
EndProject
Project("{EDCC3B85-0BAD-11DB-BC1A-00112FDE8B61}") = "Nemerle.Diff.Demo", "Nemerle.Diff.Demo\Nemerle.Diff.Demo.nproj", "{B93D3567-C3CB-44F0-85E7-AE9537BA9C38}"
EndProject
Global
	GlobalSection(SolutionConfigurationPlatforms) = preSolution
		Debug|Any CPU = Debug|Any CPU
		Release|Any CPU = Release|Any CPU
	EndGlobalSection
	GlobalSection(ProjectConfigurationPlatforms) = postSolution
		{9C840357-8494-4B67-B548-A9D70CC9AE42}.Debug|Any CPU.ActiveCfg = Debug|Any CPU
		{9C840357-8494-4B67-B548-A9D70CC9AE42}.Debug|Any CPU.Build.0 = Debug|Any CPU
		{9C840357-8494-4B67-B548-A9D70CC9AE42}.Release|Any CPU.ActiveCfg = Release|Any CPU
		{9C840357-8494-4B67-B548-A9D70CC9AE42}.Release|Any CPU.Build.0 = Release|Any CPU
		{5793CE5C-C9E7-4C8A-923A-77BDB4A6307B}.Debug|Any CPU.ActiveCfg = Debug|Any CPU
		{5793CE5C-C9E7-4C8A-923A-77BDB4A6307B}.Debug|Any CPU.Build.0 = Debug|Any CPU
		{5793CE5C-C9E7-4C8A-923A-77BDB4A6307B}.Release|Any CPU.ActiveCfg = Release|Any CPU
		{5793CE5C-C9E7-4C8A-923A-77BDB4A6307B}.Release|Any CPU.Build.0 = Release|Any CPU
		{B93D3567-C3CB-44F0-85E7-AE9537BA9C38}.Debug|Any CPU.ActiveCfg = Debug|Any CPU
		{B93D3567-C3CB-44F0-85E7-AE9537BA9C38}.Debug|Any CPU.Build.0 = Debug|Any CPU
		{B93D3567-C3CB-44F0-85E7-AE9537BA9C38}.Release|Any CPU.ActiveCfg = Release|Any CPU
		{B93D3567-C3CB-44F0-85E7-AE9537BA9C38}.Release|Any CPU.Build.0 = Release|Any CPU
	EndGlobalSection
	GlobalSection(SolutionProperties) = preSolution
		HideSolutionNode = FALSE
	EndGlobalSection
EndGlobal
