
Microsoft Visual Studio Solution File, Format Version 11.00
# Visual Studio 2010
Project("{EDCC3B85-0BAD-11DB-BC1A-00112FDE8B61}") = "Nemerle.Xml.Macro", "Nemerle.Xml.Macro\Nemerle.Xml.Macro.nproj", "{3D194810-C58F-4BD2-AA0F-C0EEE35FB2A5}"
EndProject
Project("{EDCC3B85-0BAD-11DB-BC1A-00112FDE8B61}") = "Test", "Test\Test.nproj", "{F3C3F693-3D23-46B2-9CF7-88A865EFC39F}"
EndProject
Project("{EDCC3B85-0BAD-11DB-BC1A-00112FDE8B61}") = "Nemerle.Peg.Macros", "..\peg-parser\Nemerle.Peg.Macros\Nemerle.Peg.Macros.nproj", "{388424BD-C3A5-4C01-B84B-6C1BB9A9CC8E}"
EndProject
Project("{EDCC3B85-0BAD-11DB-BC1A-00112FDE8B61}") = "Nemerle.Peg", "..\peg-parser\Nemerle.Peg\Nemerle.Peg.nproj", "{76DB8B13-A01A-47BD-98BE-F2D3755770FE}"
EndProject
Global
	GlobalSection(SolutionConfigurationPlatforms) = preSolution
		Debug|Any CPU = Debug|Any CPU
		Release|Any CPU = Release|Any CPU
	EndGlobalSection
	GlobalSection(ProjectConfigurationPlatforms) = postSolution
		{3D194810-C58F-4BD2-AA0F-C0EEE35FB2A5}.Debug|Any CPU.ActiveCfg = Debug|Any CPU
		{3D194810-C58F-4BD2-AA0F-C0EEE35FB2A5}.Debug|Any CPU.Build.0 = Debug|Any CPU
		{3D194810-C58F-4BD2-AA0F-C0EEE35FB2A5}.Release|Any CPU.ActiveCfg = Release|Any CPU
		{3D194810-C58F-4BD2-AA0F-C0EEE35FB2A5}.Release|Any CPU.Build.0 = Release|Any CPU
		{F3C3F693-3D23-46B2-9CF7-88A865EFC39F}.Debug|Any CPU.ActiveCfg = Debug|Any CPU
		{F3C3F693-3D23-46B2-9CF7-88A865EFC39F}.Debug|Any CPU.Build.0 = Debug|Any CPU
		{F3C3F693-3D23-46B2-9CF7-88A865EFC39F}.Release|Any CPU.ActiveCfg = Release|Any CPU
		{F3C3F693-3D23-46B2-9CF7-88A865EFC39F}.Release|Any CPU.Build.0 = Release|Any CPU
		{388424BD-C3A5-4C01-B84B-6C1BB9A9CC8E}.Debug|Any CPU.ActiveCfg = Debug|Any CPU
		{388424BD-C3A5-4C01-B84B-6C1BB9A9CC8E}.Debug|Any CPU.Build.0 = Debug|Any CPU
		{388424BD-C3A5-4C01-B84B-6C1BB9A9CC8E}.Release|Any CPU.ActiveCfg = Release|Any CPU
		{388424BD-C3A5-4C01-B84B-6C1BB9A9CC8E}.Release|Any CPU.Build.0 = Release|Any CPU
		{76DB8B13-A01A-47BD-98BE-F2D3755770FE}.Debug|Any CPU.ActiveCfg = Debug|Any CPU
		{76DB8B13-A01A-47BD-98BE-F2D3755770FE}.Debug|Any CPU.Build.0 = Debug|Any CPU
		{76DB8B13-A01A-47BD-98BE-F2D3755770FE}.Release|Any CPU.ActiveCfg = Release|Any CPU
		{76DB8B13-A01A-47BD-98BE-F2D3755770FE}.Release|Any CPU.Build.0 = Release|Any CPU
	EndGlobalSection
	GlobalSection(SolutionProperties) = preSolution
		HideSolutionNode = FALSE
	EndGlobalSection
EndGlobal
