
Microsoft Visual Studio Solution File, Format Version 11.00
# Visual Studio 2010
Project("{EDCC3B85-0BAD-11DB-BC1A-00112FDE8B61}") = "Nemerle.VirtualStatics", "Nemerle.VirtualStatics\Nemerle.VirtualStatics.nproj", "{278991C7-927E-454D-89E1-60F6791AB678}"
EndProject
Project("{EDCC3B85-0BAD-11DB-BC1A-00112FDE8B61}") = "TestLib", "TestLib\TestLib.nproj", "{6F868A26-E258-4099-B313-9718BF91E88F}"
EndProject
Project("{EDCC3B85-0BAD-11DB-BC1A-00112FDE8B61}") = "TestApp", "TestApp\TestApp.nproj", "{95188671-8C41-4688-9D81-A832843B6F8D}"
EndProject
Global
	GlobalSection(SolutionConfigurationPlatforms) = preSolution
		Debug|Any CPU = Debug|Any CPU
		Release|Any CPU = Release|Any CPU
	EndGlobalSection
	GlobalSection(ProjectConfigurationPlatforms) = postSolution
		{278991C7-927E-454D-89E1-60F6791AB678}.Debug|Any CPU.ActiveCfg = Debug|Any CPU
		{278991C7-927E-454D-89E1-60F6791AB678}.Debug|Any CPU.Build.0 = Debug|Any CPU
		{278991C7-927E-454D-89E1-60F6791AB678}.Release|Any CPU.ActiveCfg = Release|Any CPU
		{278991C7-927E-454D-89E1-60F6791AB678}.Release|Any CPU.Build.0 = Release|Any CPU
		{6F868A26-E258-4099-B313-9718BF91E88F}.Debug|Any CPU.ActiveCfg = Debug|Any CPU
		{6F868A26-E258-4099-B313-9718BF91E88F}.Debug|Any CPU.Build.0 = Debug|Any CPU
		{6F868A26-E258-4099-B313-9718BF91E88F}.Release|Any CPU.ActiveCfg = Release|Any CPU
		{6F868A26-E258-4099-B313-9718BF91E88F}.Release|Any CPU.Build.0 = Release|Any CPU
		{95188671-8C41-4688-9D81-A832843B6F8D}.Debug|Any CPU.ActiveCfg = Debug|Any CPU
		{95188671-8C41-4688-9D81-A832843B6F8D}.Debug|Any CPU.Build.0 = Debug|Any CPU
		{95188671-8C41-4688-9D81-A832843B6F8D}.Release|Any CPU.ActiveCfg = Release|Any CPU
		{95188671-8C41-4688-9D81-A832843B6F8D}.Release|Any CPU.Build.0 = Release|Any CPU
	EndGlobalSection
	GlobalSection(SolutionProperties) = preSolution
		HideSolutionNode = FALSE
	EndGlobalSection
EndGlobal
