
Microsoft Visual Studio Solution File, Format Version 9.00
# Visual Studio 2005
Project("{FAE04EC0-301F-11D3-BF4B-00C04F79EFBC}") = "TupleTest", "TupleTest\TupleTest.csproj", "{FDDBD8A9-32ED-4800-9F36-5CAF1A4385FC}"
EndProject
Global
	GlobalSection(SolutionConfigurationPlatforms) = preSolution
		Debug|Any CPU = Debug|Any CPU
		Release|Any CPU = Release|Any CPU
	EndGlobalSection
	GlobalSection(ProjectConfigurationPlatforms) = postSolution
		{FDDBD8A9-32ED-4800-9F36-5CAF1A4385FC}.Debug|Any CPU.ActiveCfg = Debug|Any CPU
		{FDDBD8A9-32ED-4800-9F36-5CAF1A4385FC}.Debug|Any CPU.Build.0 = Debug|Any CPU
		{FDDBD8A9-32ED-4800-9F36-5CAF1A4385FC}.Release|Any CPU.ActiveCfg = Release|Any CPU
		{FDDBD8A9-32ED-4800-9F36-5CAF1A4385FC}.Release|Any CPU.Build.0 = Release|Any CPU
	EndGlobalSection
	GlobalSection(SolutionProperties) = preSolution
		HideSolutionNode = FALSE
	EndGlobalSection
EndGlobal
