
Microsoft Visual Studio Solution File, Format Version 11.00
# Visual Studio 2010
Project("{EDCC3B85-0BAD-11DB-BC1A-00112FDE8B61}") = "Nemerle.Async", "Nemerle.Async\Nemerle.Async.nproj", "{C8F385DE-75A2-4A06-BA0F-003FEBE51C6C}"
EndProject
Project("{EDCC3B85-0BAD-11DB-BC1A-00112FDE8B61}") = "Nemerle.Async.Macros", "Nemerle.Async.Macros\Nemerle.Async.Macros.nproj", "{4FBD0FE5-66C2-4E63-A5F7-57118D75D444}"
EndProject
Project("{EDCC3B85-0BAD-11DB-BC1A-00112FDE8B61}") = "WindowsFormsTest", "WindowsFormsTest\WindowsFormsTest.nproj", "{91E23356-24C6-48ED-9D27-101D0ABADABF}"
EndProject
Project("{2150E333-8FDC-42A3-9474-1A3956D46DE8}") = "AsyncTargetingPack.NET4", "AsyncTargetingPack.NET4", "{597F5F19-B0EF-4353-8BE3-FDE2052F4EA5}"
	ProjectSection(SolutionItems) = preProject
		AsyncTargetingPack.NET4\AsyncTargetingPack-EULA.html = AsyncTargetingPack.NET4\AsyncTargetingPack-EULA.html
		AsyncTargetingPack.NET4\Microsoft.CompilerServices.AsyncTargetingPack.Net4.dll = AsyncTargetingPack.NET4\Microsoft.CompilerServices.AsyncTargetingPack.Net4.dll
		AsyncTargetingPack.NET4\Microsoft.CompilerServices.AsyncTargetingPack.Net4.xml = AsyncTargetingPack.NET4\Microsoft.CompilerServices.AsyncTargetingPack.Net4.xml
	EndProjectSection
EndProject
Project("{EDCC3B85-0BAD-11DB-BC1A-00112FDE8B61}") = "Tests", "Tests\Tests.nproj", "{60228363-4A96-4492-A29C-8802ED8BFFBD}"
EndProject
Global
	GlobalSection(SolutionConfigurationPlatforms) = preSolution
		Debug|Any CPU = Debug|Any CPU
		Debug|Mixed Platforms = Debug|Mixed Platforms
		Debug|Win32 = Debug|Win32
		Debug|x86 = Debug|x86
		Release|Any CPU = Release|Any CPU
		Release|Mixed Platforms = Release|Mixed Platforms
		Release|Win32 = Release|Win32
		Release|x86 = Release|x86
	EndGlobalSection
	GlobalSection(ProjectConfigurationPlatforms) = postSolution
		{C8F385DE-75A2-4A06-BA0F-003FEBE51C6C}.Debug|Any CPU.ActiveCfg = Debug|Any CPU
		{C8F385DE-75A2-4A06-BA0F-003FEBE51C6C}.Debug|Any CPU.Build.0 = Debug|Any CPU
		{C8F385DE-75A2-4A06-BA0F-003FEBE51C6C}.Debug|Mixed Platforms.ActiveCfg = Debug|Any CPU
		{C8F385DE-75A2-4A06-BA0F-003FEBE51C6C}.Debug|Mixed Platforms.Build.0 = Debug|Any CPU
		{C8F385DE-75A2-4A06-BA0F-003FEBE51C6C}.Debug|Win32.ActiveCfg = Debug|Any CPU
		{C8F385DE-75A2-4A06-BA0F-003FEBE51C6C}.Debug|x86.ActiveCfg = Debug|Any CPU
		{C8F385DE-75A2-4A06-BA0F-003FEBE51C6C}.Release|Any CPU.ActiveCfg = Release|Any CPU
		{C8F385DE-75A2-4A06-BA0F-003FEBE51C6C}.Release|Any CPU.Build.0 = Release|Any CPU
		{C8F385DE-75A2-4A06-BA0F-003FEBE51C6C}.Release|Mixed Platforms.ActiveCfg = Release|Any CPU
		{C8F385DE-75A2-4A06-BA0F-003FEBE51C6C}.Release|Mixed Platforms.Build.0 = Release|Any CPU
		{C8F385DE-75A2-4A06-BA0F-003FEBE51C6C}.Release|Win32.ActiveCfg = Release|Any CPU
		{C8F385DE-75A2-4A06-BA0F-003FEBE51C6C}.Release|x86.ActiveCfg = Release|Any CPU
		{4FBD0FE5-66C2-4E63-A5F7-57118D75D444}.Debug|Any CPU.ActiveCfg = Debug|Any CPU
		{4FBD0FE5-66C2-4E63-A5F7-57118D75D444}.Debug|Any CPU.Build.0 = Debug|Any CPU
		{4FBD0FE5-66C2-4E63-A5F7-57118D75D444}.Debug|Mixed Platforms.ActiveCfg = Debug|Any CPU
		{4FBD0FE5-66C2-4E63-A5F7-57118D75D444}.Debug|Mixed Platforms.Build.0 = Debug|Any CPU
		{4FBD0FE5-66C2-4E63-A5F7-57118D75D444}.Debug|Win32.ActiveCfg = Debug|Any CPU
		{4FBD0FE5-66C2-4E63-A5F7-57118D75D444}.Debug|x86.ActiveCfg = Debug|Any CPU
		{4FBD0FE5-66C2-4E63-A5F7-57118D75D444}.Release|Any CPU.ActiveCfg = Release|Any CPU
		{4FBD0FE5-66C2-4E63-A5F7-57118D75D444}.Release|Any CPU.Build.0 = Release|Any CPU
		{4FBD0FE5-66C2-4E63-A5F7-57118D75D444}.Release|Mixed Platforms.ActiveCfg = Release|Any CPU
		{4FBD0FE5-66C2-4E63-A5F7-57118D75D444}.Release|Mixed Platforms.Build.0 = Release|Any CPU
		{4FBD0FE5-66C2-4E63-A5F7-57118D75D444}.Release|Win32.ActiveCfg = Release|Any CPU
		{4FBD0FE5-66C2-4E63-A5F7-57118D75D444}.Release|x86.ActiveCfg = Release|Any CPU
		{91E23356-24C6-48ED-9D27-101D0ABADABF}.Debug|Any CPU.ActiveCfg = Debug|Any CPU
		{91E23356-24C6-48ED-9D27-101D0ABADABF}.Debug|Any CPU.Build.0 = Debug|Any CPU
		{91E23356-24C6-48ED-9D27-101D0ABADABF}.Debug|Mixed Platforms.ActiveCfg = Debug|Any CPU
		{91E23356-24C6-48ED-9D27-101D0ABADABF}.Debug|Mixed Platforms.Build.0 = Debug|Any CPU
		{91E23356-24C6-48ED-9D27-101D0ABADABF}.Debug|Win32.ActiveCfg = Debug|Any CPU
		{91E23356-24C6-48ED-9D27-101D0ABADABF}.Debug|x86.ActiveCfg = Debug|Any CPU
		{91E23356-24C6-48ED-9D27-101D0ABADABF}.Release|Any CPU.ActiveCfg = Release|Any CPU
		{91E23356-24C6-48ED-9D27-101D0ABADABF}.Release|Any CPU.Build.0 = Release|Any CPU
		{91E23356-24C6-48ED-9D27-101D0ABADABF}.Release|Mixed Platforms.ActiveCfg = Release|Any CPU
		{91E23356-24C6-48ED-9D27-101D0ABADABF}.Release|Mixed Platforms.Build.0 = Release|Any CPU
		{91E23356-24C6-48ED-9D27-101D0ABADABF}.Release|Win32.ActiveCfg = Release|Any CPU
		{91E23356-24C6-48ED-9D27-101D0ABADABF}.Release|x86.ActiveCfg = Release|Any CPU
		{60228363-4A96-4492-A29C-8802ED8BFFBD}.Debug|Any CPU.ActiveCfg = Debug|Any CPU
		{60228363-4A96-4492-A29C-8802ED8BFFBD}.Debug|Any CPU.Build.0 = Debug|Any CPU
		{60228363-4A96-4492-A29C-8802ED8BFFBD}.Debug|Mixed Platforms.ActiveCfg = Debug|Any CPU
		{60228363-4A96-4492-A29C-8802ED8BFFBD}.Debug|Mixed Platforms.Build.0 = Debug|Any CPU
		{60228363-4A96-4492-A29C-8802ED8BFFBD}.Debug|Win32.ActiveCfg = Debug|Any CPU
		{60228363-4A96-4492-A29C-8802ED8BFFBD}.Debug|x86.ActiveCfg = Debug|Any CPU
		{60228363-4A96-4492-A29C-8802ED8BFFBD}.Release|Any CPU.ActiveCfg = Release|Any CPU
		{60228363-4A96-4492-A29C-8802ED8BFFBD}.Release|Any CPU.Build.0 = Release|Any CPU
		{60228363-4A96-4492-A29C-8802ED8BFFBD}.Release|Mixed Platforms.ActiveCfg = Release|Any CPU
		{60228363-4A96-4492-A29C-8802ED8BFFBD}.Release|Mixed Platforms.Build.0 = Release|Any CPU
		{60228363-4A96-4492-A29C-8802ED8BFFBD}.Release|Win32.ActiveCfg = Release|Any CPU
		{60228363-4A96-4492-A29C-8802ED8BFFBD}.Release|x86.ActiveCfg = Release|Any CPU
		{E23BDEDD-C196-4857-9ECB-CB0868192851}.Debug|Any CPU.ActiveCfg = Debug|Win32
		{E23BDEDD-C196-4857-9ECB-CB0868192851}.Debug|Mixed Platforms.ActiveCfg = Debug|Win32
		{E23BDEDD-C196-4857-9ECB-CB0868192851}.Debug|Mixed Platforms.Build.0 = Debug|Win32
		{E23BDEDD-C196-4857-9ECB-CB0868192851}.Debug|Win32.ActiveCfg = Debug|Win32
		{E23BDEDD-C196-4857-9ECB-CB0868192851}.Debug|Win32.Build.0 = Debug|Win32
		{E23BDEDD-C196-4857-9ECB-CB0868192851}.Debug|x86.ActiveCfg = Debug|Win32
		{E23BDEDD-C196-4857-9ECB-CB0868192851}.Release|Any CPU.ActiveCfg = Release|Win32
		{E23BDEDD-C196-4857-9ECB-CB0868192851}.Release|Mixed Platforms.ActiveCfg = Release|Win32
		{E23BDEDD-C196-4857-9ECB-CB0868192851}.Release|Mixed Platforms.Build.0 = Release|Win32
		{E23BDEDD-C196-4857-9ECB-CB0868192851}.Release|Win32.ActiveCfg = Release|Win32
		{E23BDEDD-C196-4857-9ECB-CB0868192851}.Release|Win32.Build.0 = Release|Win32
		{E23BDEDD-C196-4857-9ECB-CB0868192851}.Release|x86.ActiveCfg = Release|Win32
		{5682D293-F75F-45D7-9957-F73C362D42AA}.Debug|Any CPU.ActiveCfg = Debug|Any CPU
		{5682D293-F75F-45D7-9957-F73C362D42AA}.Debug|Any CPU.Build.0 = Debug|Any CPU
		{5682D293-F75F-45D7-9957-F73C362D42AA}.Debug|Mixed Platforms.ActiveCfg = Debug|Any CPU
		{5682D293-F75F-45D7-9957-F73C362D42AA}.Debug|Mixed Platforms.Build.0 = Debug|Any CPU
		{5682D293-F75F-45D7-9957-F73C362D42AA}.Debug|Win32.ActiveCfg = Debug|Any CPU
		{5682D293-F75F-45D7-9957-F73C362D42AA}.Debug|x86.ActiveCfg = Debug|Any CPU
		{5682D293-F75F-45D7-9957-F73C362D42AA}.Release|Any CPU.ActiveCfg = Release|Any CPU
		{5682D293-F75F-45D7-9957-F73C362D42AA}.Release|Any CPU.Build.0 = Release|Any CPU
		{5682D293-F75F-45D7-9957-F73C362D42AA}.Release|Mixed Platforms.ActiveCfg = Release|Any CPU
		{5682D293-F75F-45D7-9957-F73C362D42AA}.Release|Mixed Platforms.Build.0 = Release|Any CPU
		{5682D293-F75F-45D7-9957-F73C362D42AA}.Release|Win32.ActiveCfg = Release|Any CPU
		{5682D293-F75F-45D7-9957-F73C362D42AA}.Release|x86.ActiveCfg = Release|Any CPU
	EndGlobalSection
	GlobalSection(SolutionProperties) = preSolution
		HideSolutionNode = FALSE
	EndGlobalSection
EndGlobal
