
Microsoft Visual Studio Solution File, Format Version 11.00
# Visual Studio 2010
Project("{EDCC3B85-0BAD-11DB-BC1A-00112FDE8B61}") = "Nemerle.Async", "Nemerle.Async\Nemerle.Async.nproj", "{C8F385DE-75A2-4A06-BA0F-003FEBE51C6C}"
EndProject
Project("{EDCC3B85-0BAD-11DB-BC1A-00112FDE8B61}") = "Nemerle.Async.Macros", "Nemerle.Async.Macros\Nemerle.Async.Macros.nproj", "{4FBD0FE5-66C2-4E63-A5F7-57118D75D444}"
EndProject
Project("{EDCC3B85-0BAD-11DB-BC1A-00112FDE8B61}") = "WindowsFormsTest", "WindowsFormsTest\WindowsFormsTest.nproj", "{91E23356-24C6-48ED-9D27-101D0ABADABF}"
EndProject
Project("{2150E333-8FDC-42A3-9474-1A3956D46DE8}") = "AsyncTargetingPack.NET4", "AsyncTargetingPack.NET4", "{597F5F19-B0EF-4353-8BE3-FDE2052F4EA5}"
	ProjectSection(SolutionItems) = preProject
		AsyncTargetingPack.NET4\AsyncTargetingPack-EULA.html = AsyncTargetingPack.NET4\AsyncTargetingPack-EULA.html
		AsyncTargetingPack.NET4\Microsoft.CompilerServices.AsyncTargetingPack.Net4.dll = AsyncTargetingPack.NET4\Microsoft.CompilerServices.AsyncTargetingPack.Net4.dll
		AsyncTargetingPack.NET4\Microsoft.CompilerServices.AsyncTargetingPack.Net4.xml = AsyncTargetingPack.NET4\Microsoft.CompilerServices.AsyncTargetingPack.Net4.xml
	EndProjectSection
EndProject
Global
	GlobalSection(SolutionConfigurationPlatforms) = preSolution
		Debug|Any CPU = Debug|Any CPU
		Release|Any CPU = Release|Any CPU
	EndGlobalSection
	GlobalSection(ProjectConfigurationPlatforms) = postSolution
		{C8F385DE-75A2-4A06-BA0F-003FEBE51C6C}.Debug|Any CPU.ActiveCfg = Debug|Any CPU
		{C8F385DE-75A2-4A06-BA0F-003FEBE51C6C}.Debug|Any CPU.Build.0 = Debug|Any CPU
		{C8F385DE-75A2-4A06-BA0F-003FEBE51C6C}.Release|Any CPU.ActiveCfg = Release|Any CPU
		{C8F385DE-75A2-4A06-BA0F-003FEBE51C6C}.Release|Any CPU.Build.0 = Release|Any CPU
		{4FBD0FE5-66C2-4E63-A5F7-57118D75D444}.Debug|Any CPU.ActiveCfg = Debug|Any CPU
		{4FBD0FE5-66C2-4E63-A5F7-57118D75D444}.Debug|Any CPU.Build.0 = Debug|Any CPU
		{4FBD0FE5-66C2-4E63-A5F7-57118D75D444}.Release|Any CPU.ActiveCfg = Release|Any CPU
		{4FBD0FE5-66C2-4E63-A5F7-57118D75D444}.Release|Any CPU.Build.0 = Release|Any CPU
		{91E23356-24C6-48ED-9D27-101D0ABADABF}.Debug|Any CPU.ActiveCfg = Debug|Any CPU
		{91E23356-24C6-48ED-9D27-101D0ABADABF}.Debug|Any CPU.Build.0 = Debug|Any CPU
		{91E23356-24C6-48ED-9D27-101D0ABADABF}.Release|Any CPU.ActiveCfg = Release|Any CPU
		{91E23356-24C6-48ED-9D27-101D0ABADABF}.Release|Any CPU.Build.0 = Release|Any CPU
	EndGlobalSection
	GlobalSection(SolutionProperties) = preSolution
		HideSolutionNode = FALSE
	EndGlobalSection
EndGlobal
