
Microsoft Visual Studio Solution File, Format Version 10.00
# Visual Studio 2008
Project("{EDCC3B85-0BAD-11DB-BC1A-00112FDE8B61}") = "PasswordStrength", "PasswordStrength\PasswordStrength.nproj", "{FA7F471B-5ECB-45CC-A393-C8D15F2816C8}"
EndProject
Project("{EDCC3B85-0BAD-11DB-BC1A-00112FDE8B61}") = "Demo", "Demo\Demo.nproj", "{575433A9-32C5-441C-B596-510993EF2F93}"
EndProject
Global
	GlobalSection(SolutionConfigurationPlatforms) = preSolution
		Debug|Any CPU = Debug|Any CPU
		Release|Any CPU = Release|Any CPU
	EndGlobalSection
	GlobalSection(ProjectConfigurationPlatforms) = postSolution
		{FA7F471B-5ECB-45CC-A393-C8D15F2816C8}.Debug|Any CPU.ActiveCfg = Debug|Any CPU
		{FA7F471B-5ECB-45CC-A393-C8D15F2816C8}.Debug|Any CPU.Build.0 = Debug|Any CPU
		{FA7F471B-5ECB-45CC-A393-C8D15F2816C8}.Release|Any CPU.ActiveCfg = Release|Any CPU
		{FA7F471B-5ECB-45CC-A393-C8D15F2816C8}.Release|Any CPU.Build.0 = Release|Any CPU
		{575433A9-32C5-441C-B596-510993EF2F93}.Debug|Any CPU.ActiveCfg = Debug|Any CPU
		{575433A9-32C5-441C-B596-510993EF2F93}.Debug|Any CPU.Build.0 = Debug|Any CPU
		{575433A9-32C5-441C-B596-510993EF2F93}.Release|Any CPU.ActiveCfg = Release|Any CPU
		{575433A9-32C5-441C-B596-510993EF2F93}.Release|Any CPU.Build.0 = Release|Any CPU
	EndGlobalSection
	GlobalSection(SolutionProperties) = preSolution
		HideSolutionNode = FALSE
	EndGlobalSection
EndGlobal
