
Microsoft Visual Studio Solution File, Format Version 9.00
# Visual Studio 2005
Project("{EDCC3B85-0BAD-11DB-BC1A-00112FDE8B61}") = "reflectorAddon", "reflectorAddon.nproj", "{07F8F9B8-4136-423D-9DF8-46920E284B19}"
EndProject
Global
	GlobalSection(SolutionConfigurationPlatforms) = preSolution
		Debug|Any CPU = Debug|Any CPU
		Release|Any CPU = Release|Any CPU
	EndGlobalSection
	GlobalSection(ProjectConfigurationPlatforms) = postSolution
		{07F8F9B8-4136-423D-9DF8-46920E284B19}.Debug|Any CPU.ActiveCfg = Debug|Any CPU
		{07F8F9B8-4136-423D-9DF8-46920E284B19}.Debug|Any CPU.Build.0 = Debug|Any CPU
		{07F8F9B8-4136-423D-9DF8-46920E284B19}.Release|Any CPU.ActiveCfg = Release|Any CPU
		{07F8F9B8-4136-423D-9DF8-46920E284B19}.Release|Any CPU.Build.0 = Release|Any CPU
	EndGlobalSection
	GlobalSection(SolutionProperties) = preSolution
		HideSolutionNode = FALSE
	EndGlobalSection
EndGlobal
