
Microsoft Visual Studio Solution File, Format Version 11.00
# Visual Studio 2010
Project("{EDCC3B85-0BAD-11DB-BC1A-00112FDE8B61}") = "CSharpParser-VS_2010", "CSharpParser\CSharpParser-VS_2010.nproj", "{3965AF53-CE45-4E96-BC7F-0795F67382F4}"
EndProject
Project("{EDCC3B85-0BAD-11DB-BC1A-00112FDE8B61}") = "CSharpParser.GUI-VS-2010", "CSharpParser.GUI\CSharpParser.GUI-VS-2010.nproj", "{781FC22B-19CA-43B0-8E35-3ACFAD044C7A}"
EndProject
Project("{EDCC3B85-0BAD-11DB-BC1A-00112FDE8B61}") = "CSharpParser.Tests-VS_2010", "CSharpParser.Tests\CSharpParser.Tests-VS_2010.nproj", "{584F7552-1FBF-4B5B-8C13-EB45F088B2AA}"
EndProject
Project("{EDCC3B85-0BAD-11DB-BC1A-00112FDE8B61}") = "CSharpParser.TestMacros-VS_2010", "CSharpParser.TestMacros\CSharpParser.TestMacros-VS_2010.nproj", "{0E93D74F-791D-4F8B-B062-440DED8F051E}"
EndProject
Project("{00000000-0000-0000-0000-000000000000}") = "Nemerle.Peg-VS_2010", "..\peg-parser\Nemerle.Peg\Nemerle.Peg-VS_2010.nproj", "{76DB8B13-A01A-47BD-98BE-F2D3755770FE}"
EndProject
Project("{00000000-0000-0000-0000-000000000000}") = "Nemerle.Peg.Macros-VS_2010", "..\peg-parser\Nemerle.Peg.Macros\Nemerle.Peg.Macros-VS_2010.nproj", "{388424BD-C3A5-4C01-B84B-6C1BB9A9CC8E}"
EndProject
Project("{EDCC3B85-0BAD-11DB-BC1A-00112FDE8B61}") = "CSharpToNemerle-VS_2010", "CSharpToNemerle\CSharpToNemerle-VS_2010.nproj", "{BC31A994-062E-4063-B38A-4DE6EE0A32EC}"
EndProject
Project("{EDCC3B85-0BAD-11DB-BC1A-00112FDE8B61}") = "CSharpToNemerle.Macros-VS_2010", "CSharpToNemerle.Macros\CSharpToNemerle.Macros-VS_2010.nproj", "{AB87E541-EA3D-42BD-8945-6C8F72A5141F}"
EndProject
Project("{EDCC3B85-0BAD-11DB-BC1A-00112FDE8B61}") = "CSharpToNemerle.Test-VS_2010", "CSharpToNemerle.Test\CSharpToNemerle.Test-VS_2010.nproj", "{D36E8F2D-092D-4F44-BADC-D64580699CEF}"
EndProject
Project("{EDCC3B85-0BAD-11DB-BC1A-00112FDE8B61}") = "csparser-VS_2010", "csparser\csparser-VS_2010.nproj", "{42FC3426-4CEA-458C-813D-3EF6EC88398F}"
EndProject
Global
	GlobalSection(SolutionConfigurationPlatforms) = preSolution
		Debug|Any CPU = Debug|Any CPU
		Release|Any CPU = Release|Any CPU
	EndGlobalSection
	GlobalSection(ProjectConfigurationPlatforms) = postSolution
		{3965AF53-CE45-4E96-BC7F-0795F67382F4}.Debug|Any CPU.ActiveCfg = Debug|Any CPU
		{3965AF53-CE45-4E96-BC7F-0795F67382F4}.Debug|Any CPU.Build.0 = Debug|Any CPU
		{3965AF53-CE45-4E96-BC7F-0795F67382F4}.Release|Any CPU.ActiveCfg = Release|Any CPU
		{3965AF53-CE45-4E96-BC7F-0795F67382F4}.Release|Any CPU.Build.0 = Release|Any CPU
		{781FC22B-19CA-43B0-8E35-3ACFAD044C7A}.Debug|Any CPU.ActiveCfg = Debug|Any CPU
		{781FC22B-19CA-43B0-8E35-3ACFAD044C7A}.Debug|Any CPU.Build.0 = Debug|Any CPU
		{781FC22B-19CA-43B0-8E35-3ACFAD044C7A}.Release|Any CPU.ActiveCfg = Release|Any CPU
		{781FC22B-19CA-43B0-8E35-3ACFAD044C7A}.Release|Any CPU.Build.0 = Release|Any CPU
		{584F7552-1FBF-4B5B-8C13-EB45F088B2AA}.Debug|Any CPU.ActiveCfg = Debug|Any CPU
		{584F7552-1FBF-4B5B-8C13-EB45F088B2AA}.Debug|Any CPU.Build.0 = Debug|Any CPU
		{584F7552-1FBF-4B5B-8C13-EB45F088B2AA}.Release|Any CPU.ActiveCfg = Release|Any CPU
		{584F7552-1FBF-4B5B-8C13-EB45F088B2AA}.Release|Any CPU.Build.0 = Release|Any CPU
		{0E93D74F-791D-4F8B-B062-440DED8F051E}.Debug|Any CPU.ActiveCfg = Debug|Any CPU
		{0E93D74F-791D-4F8B-B062-440DED8F051E}.Debug|Any CPU.Build.0 = Debug|Any CPU
		{0E93D74F-791D-4F8B-B062-440DED8F051E}.Release|Any CPU.ActiveCfg = Release|Any CPU
		{0E93D74F-791D-4F8B-B062-440DED8F051E}.Release|Any CPU.Build.0 = Release|Any CPU
		{76DB8B13-A01A-47BD-98BE-F2D3755770FE}.Debug|Any CPU.ActiveCfg = Debug|Any CPU
		{76DB8B13-A01A-47BD-98BE-F2D3755770FE}.Debug|Any CPU.Build.0 = Debug|Any CPU
		{76DB8B13-A01A-47BD-98BE-F2D3755770FE}.Release|Any CPU.ActiveCfg = Release|Any CPU
		{76DB8B13-A01A-47BD-98BE-F2D3755770FE}.Release|Any CPU.Build.0 = Release|Any CPU
		{388424BD-C3A5-4C01-B84B-6C1BB9A9CC8E}.Debug|Any CPU.ActiveCfg = Debug|Any CPU
		{388424BD-C3A5-4C01-B84B-6C1BB9A9CC8E}.Debug|Any CPU.Build.0 = Debug|Any CPU
		{388424BD-C3A5-4C01-B84B-6C1BB9A9CC8E}.Release|Any CPU.ActiveCfg = Release|Any CPU
		{388424BD-C3A5-4C01-B84B-6C1BB9A9CC8E}.Release|Any CPU.Build.0 = Release|Any CPU
		{BC31A994-062E-4063-B38A-4DE6EE0A32EC}.Debug|Any CPU.ActiveCfg = Debug|Any CPU
		{BC31A994-062E-4063-B38A-4DE6EE0A32EC}.Debug|Any CPU.Build.0 = Debug|Any CPU
		{BC31A994-062E-4063-B38A-4DE6EE0A32EC}.Release|Any CPU.ActiveCfg = Release|Any CPU
		{BC31A994-062E-4063-B38A-4DE6EE0A32EC}.Release|Any CPU.Build.0 = Release|Any CPU
		{AB87E541-EA3D-42BD-8945-6C8F72A5141F}.Debug|Any CPU.ActiveCfg = Debug|Any CPU
		{AB87E541-EA3D-42BD-8945-6C8F72A5141F}.Debug|Any CPU.Build.0 = Debug|Any CPU
		{AB87E541-EA3D-42BD-8945-6C8F72A5141F}.Release|Any CPU.ActiveCfg = Release|Any CPU
		{AB87E541-EA3D-42BD-8945-6C8F72A5141F}.Release|Any CPU.Build.0 = Release|Any CPU
		{D36E8F2D-092D-4F44-BADC-D64580699CEF}.Debug|Any CPU.ActiveCfg = Debug|Any CPU
		{D36E8F2D-092D-4F44-BADC-D64580699CEF}.Debug|Any CPU.Build.0 = Debug|Any CPU
		{D36E8F2D-092D-4F44-BADC-D64580699CEF}.Release|Any CPU.ActiveCfg = Release|Any CPU
		{D36E8F2D-092D-4F44-BADC-D64580699CEF}.Release|Any CPU.Build.0 = Release|Any CPU
		{42FC3426-4CEA-458C-813D-3EF6EC88398F}.Debug|Any CPU.ActiveCfg = Debug|Any CPU
		{42FC3426-4CEA-458C-813D-3EF6EC88398F}.Debug|Any CPU.Build.0 = Debug|Any CPU
		{42FC3426-4CEA-458C-813D-3EF6EC88398F}.Release|Any CPU.ActiveCfg = Release|Any CPU
		{42FC3426-4CEA-458C-813D-3EF6EC88398F}.Release|Any CPU.Build.0 = Release|Any CPU
	EndGlobalSection
	GlobalSection(SolutionProperties) = preSolution
		HideSolutionNode = FALSE
	EndGlobalSection
EndGlobal
