
Microsoft Visual Studio Solution File, Format Version 10.00
# Visual Studio 2008
Project("{EDCC3B85-0BAD-11DB-BC1A-00112FDE8B61}") = "CSharpParser", "CSharpParser\CSharpParser.nproj", "{3965AF53-CE45-4E96-BC7F-0795F67382F4}"
EndProject
Project("{EDCC3B85-0BAD-11DB-BC1A-00112FDE8B61}") = "CSharpParser.GUI", "CSharpParser.GUI\CSharpParser.GUI.nproj", "{781FC22B-19CA-43B0-8E35-3ACFAD044C7A}"
EndProject
Project("{EDCC3B85-0BAD-11DB-BC1A-00112FDE8B61}") = "CSharpParser.Tests", "CSharpParser.Tests\CSharpParser.Tests.nproj", "{584F7552-1FBF-4B5B-8C13-EB45F088B2AA}"
EndProject
Project("{EDCC3B85-0BAD-11DB-BC1A-00112FDE8B61}") = "CSharpParser.TestMacros", "CSharpParser.TestMacros\CSharpParser.TestMacros.nproj", "{0E93D74F-791D-4F8B-B062-440DED8F051E}"
EndProject
Project("{EDCC3B85-0BAD-11DB-BC1A-00112FDE8B61}") = "Nemerle.Peg", "..\peg-parser\Nemerle.Peg\Nemerle.Peg.nproj", "{76DB8B13-A01A-47BD-98BE-F2D3755770FE}"
EndProject
Project("{EDCC3B85-0BAD-11DB-BC1A-00112FDE8B61}") = "Nemerle.Peg.Macros", "..\peg-parser\Nemerle.Peg.Macros\Nemerle.Peg.Macros.nproj", "{388424BD-C3A5-4C01-B84B-6C1BB9A9CC8E}"
EndProject
Project("{EDCC3B85-0BAD-11DB-BC1A-00112FDE8B61}") = "CSharpToNemerle", "CSharpToNemerle\CSharpToNemerle.nproj", "{BC31A994-062E-4063-B38A-4DE6EE0A32EC}"
EndProject
Project("{EDCC3B85-0BAD-11DB-BC1A-00112FDE8B61}") = "CSharpToNemerle.Macros", "CSharpToNemerle.Macros\CSharpToNemerle.Macros.nproj", "{5E7BD79F-8039-462B-8553-DFDA1E1CDDAE}"
EndProject
Project("{EDCC3B85-0BAD-11DB-BC1A-00112FDE8B61}") = "CSharpToNemerle.Test", "CSharpToNemerle.Test\CSharpToNemerle.Test.nproj", "{D36E8F2D-092D-4F44-BADC-D64580699CEF}"
EndProject
Project("{EDCC3B85-0BAD-11DB-BC1A-00112FDE8B61}") = "csparser", "csparser\csparser.nproj", "{42FC3426-4CEA-458C-813D-3EF6EC88398F}"
EndProject
Global
	GlobalSection(SolutionConfigurationPlatforms) = preSolution
		Debug|Any CPU = Debug|Any CPU
		Release|Any CPU = Release|Any CPU
	EndGlobalSection
	GlobalSection(ProjectConfigurationPlatforms) = postSolution
		{3965AF53-CE45-4E96-BC7F-0795F67382F4}.Debug|Any CPU.ActiveCfg = Debug|Any CPU
		{3965AF53-CE45-4E96-BC7F-0795F67382F4}.Debug|Any CPU.Build.0 = Debug|Any CPU
		{3965AF53-CE45-4E96-BC7F-0795F67382F4}.Release|Any CPU.ActiveCfg = Release|Any CPU
		{3965AF53-CE45-4E96-BC7F-0795F67382F4}.Release|Any CPU.Build.0 = Release|Any CPU
		{781FC22B-19CA-43B0-8E35-3ACFAD044C7A}.Debug|Any CPU.ActiveCfg = Debug|Any CPU
		{781FC22B-19CA-43B0-8E35-3ACFAD044C7A}.Debug|Any CPU.Build.0 = Debug|Any CPU
		{781FC22B-19CA-43B0-8E35-3ACFAD044C7A}.Release|Any CPU.ActiveCfg = Release|Any CPU
		{781FC22B-19CA-43B0-8E35-3ACFAD044C7A}.Release|Any CPU.Build.0 = Release|Any CPU
		{584F7552-1FBF-4B5B-8C13-EB45F088B2AA}.Debug|Any CPU.ActiveCfg = Debug|Any CPU
		{584F7552-1FBF-4B5B-8C13-EB45F088B2AA}.Debug|Any CPU.Build.0 = Debug|Any CPU
		{584F7552-1FBF-4B5B-8C13-EB45F088B2AA}.Release|Any CPU.ActiveCfg = Release|Any CPU
		{584F7552-1FBF-4B5B-8C13-EB45F088B2AA}.Release|Any CPU.Build.0 = Release|Any CPU
		{0E93D74F-791D-4F8B-B062-440DED8F051E}.Debug|Any CPU.ActiveCfg = Debug|Any CPU
		{0E93D74F-791D-4F8B-B062-440DED8F051E}.Debug|Any CPU.Build.0 = Debug|Any CPU
		{0E93D74F-791D-4F8B-B062-440DED8F051E}.Release|Any CPU.ActiveCfg = Release|Any CPU
		{0E93D74F-791D-4F8B-B062-440DED8F051E}.Release|Any CPU.Build.0 = Release|Any CPU
		{76DB8B13-A01A-47BD-98BE-F2D3755770FE}.Debug|Any CPU.ActiveCfg = Debug|Any CPU
		{76DB8B13-A01A-47BD-98BE-F2D3755770FE}.Debug|Any CPU.Build.0 = Debug|Any CPU
		{76DB8B13-A01A-47BD-98BE-F2D3755770FE}.Release|Any CPU.ActiveCfg = Release|Any CPU
		{76DB8B13-A01A-47BD-98BE-F2D3755770FE}.Release|Any CPU.Build.0 = Release|Any CPU
		{388424BD-C3A5-4C01-B84B-6C1BB9A9CC8E}.Debug|Any CPU.ActiveCfg = Debug|Any CPU
		{388424BD-C3A5-4C01-B84B-6C1BB9A9CC8E}.Debug|Any CPU.Build.0 = Debug|Any CPU
		{388424BD-C3A5-4C01-B84B-6C1BB9A9CC8E}.Release|Any CPU.ActiveCfg = Release|Any CPU
		{388424BD-C3A5-4C01-B84B-6C1BB9A9CC8E}.Release|Any CPU.Build.0 = Release|Any CPU
		{BC31A994-062E-4063-B38A-4DE6EE0A32EC}.Debug|Any CPU.ActiveCfg = Debug|Any CPU
		{BC31A994-062E-4063-B38A-4DE6EE0A32EC}.Debug|Any CPU.Build.0 = Debug|Any CPU
		{BC31A994-062E-4063-B38A-4DE6EE0A32EC}.Release|Any CPU.ActiveCfg = Release|Any CPU
		{BC31A994-062E-4063-B38A-4DE6EE0A32EC}.Release|Any CPU.Build.0 = Release|Any CPU
		{5E7BD79F-8039-462B-8553-DFDA1E1CDDAE}.Debug|Any CPU.ActiveCfg = Debug|Any CPU
		{5E7BD79F-8039-462B-8553-DFDA1E1CDDAE}.Debug|Any CPU.Build.0 = Debug|Any CPU
		{5E7BD79F-8039-462B-8553-DFDA1E1CDDAE}.Release|Any CPU.ActiveCfg = Release|Any CPU
		{5E7BD79F-8039-462B-8553-DFDA1E1CDDAE}.Release|Any CPU.Build.0 = Release|Any CPU
		{D36E8F2D-092D-4F44-BADC-D64580699CEF}.Debug|Any CPU.ActiveCfg = Debug|Any CPU
		{D36E8F2D-092D-4F44-BADC-D64580699CEF}.Debug|Any CPU.Build.0 = Debug|Any CPU
		{D36E8F2D-092D-4F44-BADC-D64580699CEF}.Release|Any CPU.ActiveCfg = Release|Any CPU
		{D36E8F2D-092D-4F44-BADC-D64580699CEF}.Release|Any CPU.Build.0 = Release|Any CPU
		{42FC3426-4CEA-458C-813D-3EF6EC88398F}.Debug|Any CPU.ActiveCfg = Debug|Any CPU
		{42FC3426-4CEA-458C-813D-3EF6EC88398F}.Debug|Any CPU.Build.0 = Debug|Any CPU
		{42FC3426-4CEA-458C-813D-3EF6EC88398F}.Release|Any CPU.ActiveCfg = Release|Any CPU
		{42FC3426-4CEA-458C-813D-3EF6EC88398F}.Release|Any CPU.Build.0 = Release|Any CPU
	EndGlobalSection
	GlobalSection(SolutionProperties) = preSolution
		HideSolutionNode = FALSE
	EndGlobalSection
EndGlobal
