
Microsoft Visual Studio Solution File, Format Version 11.00
# Visual Studio 2010
Project("{EDCC3B85-0BAD-11DB-BC1A-00112FDE8B61}") = "Nemerle.Web.Mvc", "Nemerle.Web.Mvc\Nemerle.Web.Mvc.nproj", "{B47781C8-F832-48E3-9029-7BD6C7AC473F}"
EndProject
Project("{EDCC3B85-0BAD-11DB-BC1A-00112FDE8B61}") = "Sample", "Sample\Sample.nproj", "{810ED8D0-4804-4A3D-B1F9-AE596BBB3FBC}"
EndProject
Global
	GlobalSection(SolutionConfigurationPlatforms) = preSolution
		Debug|Any CPU = Debug|Any CPU
		Release|Any CPU = Release|Any CPU
	EndGlobalSection
	GlobalSection(ProjectConfigurationPlatforms) = postSolution
		{B47781C8-F832-48E3-9029-7BD6C7AC473F}.Debug|Any CPU.ActiveCfg = Debug|Any CPU
		{B47781C8-F832-48E3-9029-7BD6C7AC473F}.Debug|Any CPU.Build.0 = Debug|Any CPU
		{B47781C8-F832-48E3-9029-7BD6C7AC473F}.Release|Any CPU.ActiveCfg = Release|Any CPU
		{B47781C8-F832-48E3-9029-7BD6C7AC473F}.Release|Any CPU.Build.0 = Release|Any CPU
		{810ED8D0-4804-4A3D-B1F9-AE596BBB3FBC}.Debug|Any CPU.ActiveCfg = Debug|Any CPU
		{810ED8D0-4804-4A3D-B1F9-AE596BBB3FBC}.Debug|Any CPU.Build.0 = Debug|Any CPU
		{810ED8D0-4804-4A3D-B1F9-AE596BBB3FBC}.Release|Any CPU.ActiveCfg = Release|Any CPU
		{810ED8D0-4804-4A3D-B1F9-AE596BBB3FBC}.Release|Any CPU.Build.0 = Release|Any CPU
	EndGlobalSection
	GlobalSection(SolutionProperties) = preSolution
		HideSolutionNode = FALSE
	EndGlobalSection
	GlobalSection(SubversionScc) = preSolution
		Svn-Managed = True
		Manager = AnkhSVN - Subversion Support for Visual Studio
	EndGlobalSection
EndGlobal
