
Microsoft Visual Studio Solution File, Format Version 10.00
# Visual Studio 2008
Project("{EDCC3B85-0BAD-11DB-BC1A-00112FDE8B61}") = "Nemerle.ActivePatterns", "ActivePatterns\Nemerle.ActivePatterns.nproj", "{C1108A27-F440-4CCA-B309-1E03CC1FE96A}"
EndProject
Project("{EDCC3B85-0BAD-11DB-BC1A-00112FDE8B61}") = "Test", "Test\Test.nproj", "{D438F6C4-9DD6-44AB-A7EA-B702E3056183}"
EndProject
Global
	GlobalSection(SolutionConfigurationPlatforms) = preSolution
		Debug|Any CPU = Debug|Any CPU
		Release|Any CPU = Release|Any CPU
	EndGlobalSection
	GlobalSection(ProjectConfigurationPlatforms) = postSolution
		{C1108A27-F440-4CCA-B309-1E03CC1FE96A}.Debug|Any CPU.ActiveCfg = Debug|Any CPU
		{C1108A27-F440-4CCA-B309-1E03CC1FE96A}.Debug|Any CPU.Build.0 = Debug|Any CPU
		{C1108A27-F440-4CCA-B309-1E03CC1FE96A}.Release|Any CPU.ActiveCfg = Release|Any CPU
		{C1108A27-F440-4CCA-B309-1E03CC1FE96A}.Release|Any CPU.Build.0 = Release|Any CPU
		{D438F6C4-9DD6-44AB-A7EA-B702E3056183}.Debug|Any CPU.ActiveCfg = Debug|Any CPU
		{D438F6C4-9DD6-44AB-A7EA-B702E3056183}.Debug|Any CPU.Build.0 = Debug|Any CPU
		{D438F6C4-9DD6-44AB-A7EA-B702E3056183}.Release|Any CPU.ActiveCfg = Release|Any CPU
		{D438F6C4-9DD6-44AB-A7EA-B702E3056183}.Release|Any CPU.Build.0 = Release|Any CPU
	EndGlobalSection
	GlobalSection(SolutionProperties) = preSolution
		HideSolutionNode = FALSE
	EndGlobalSection
EndGlobal
