
Microsoft Visual Studio Solution File, Format Version 11.00
# Visual Studio 2010
Project("{EDCC3B85-0BAD-11DB-BC1A-00112FDE8B61}") = "Nemerle.WPF", "Nemerle.WPF\Nemerle.WPF.nproj", "{1F6CA7DA-F1EF-4B4E-80E2-272C41761B3F}"
EndProject
Project("{EDCC3B85-0BAD-11DB-BC1A-00112FDE8B61}") = "Test", "Test\Test.nproj", "{9682F4A8-8202-4EF8-B743-28E828F18AB1}"
EndProject
Global
	GlobalSection(SolutionConfigurationPlatforms) = preSolution
		Debug|Any CPU = Debug|Any CPU
		Release|Any CPU = Release|Any CPU
	EndGlobalSection
	GlobalSection(ProjectConfigurationPlatforms) = postSolution
		{1F6CA7DA-F1EF-4B4E-80E2-272C41761B3F}.Debug|Any CPU.ActiveCfg = Debug|Any CPU
		{1F6CA7DA-F1EF-4B4E-80E2-272C41761B3F}.Debug|Any CPU.Build.0 = Debug|Any CPU
		{1F6CA7DA-F1EF-4B4E-80E2-272C41761B3F}.Release|Any CPU.ActiveCfg = Release|Any CPU
		{1F6CA7DA-F1EF-4B4E-80E2-272C41761B3F}.Release|Any CPU.Build.0 = Release|Any CPU
		{9682F4A8-8202-4EF8-B743-28E828F18AB1}.Debug|Any CPU.ActiveCfg = Debug|Any CPU
		{9682F4A8-8202-4EF8-B743-28E828F18AB1}.Debug|Any CPU.Build.0 = Debug|Any CPU
		{9682F4A8-8202-4EF8-B743-28E828F18AB1}.Release|Any CPU.ActiveCfg = Release|Any CPU
		{9682F4A8-8202-4EF8-B743-28E828F18AB1}.Release|Any CPU.Build.0 = Release|Any CPU
	EndGlobalSection
	GlobalSection(SolutionProperties) = preSolution
		HideSolutionNode = FALSE
	EndGlobalSection
EndGlobal
