
Microsoft Visual Studio Solution File, Format Version 10.00
# Visual Studio 2008
Project("{EDCC3B85-0BAD-11DB-BC1A-00112FDE8B61}") = "NewObjectMacro", "NewObjectMacro\NewObjectMacro.nproj", "{D7FB3383-84B0-47BE-BD19-05FA2EE14E5E}"
EndProject
Project("{EDCC3B85-0BAD-11DB-BC1A-00112FDE8B61}") = "ObjectExpressionsTest", "ObjectExpressionsTest\ObjectExpressionsTest.nproj", "{3848941B-C09A-4585-AA3E-22E780FF0116}"
EndProject
Global
	GlobalSection(SolutionConfigurationPlatforms) = preSolution
		Debug|Any CPU = Debug|Any CPU
		Release|Any CPU = Release|Any CPU
	EndGlobalSection
	GlobalSection(ProjectConfigurationPlatforms) = postSolution
		{D7FB3383-84B0-47BE-BD19-05FA2EE14E5E}.Debug|Any CPU.ActiveCfg = Debug|Any CPU
		{D7FB3383-84B0-47BE-BD19-05FA2EE14E5E}.Debug|Any CPU.Build.0 = Debug|Any CPU
		{D7FB3383-84B0-47BE-BD19-05FA2EE14E5E}.Release|Any CPU.ActiveCfg = Release|Any CPU
		{D7FB3383-84B0-47BE-BD19-05FA2EE14E5E}.Release|Any CPU.Build.0 = Release|Any CPU
		{3848941B-C09A-4585-AA3E-22E780FF0116}.Debug|Any CPU.ActiveCfg = Debug|Any CPU
		{3848941B-C09A-4585-AA3E-22E780FF0116}.Debug|Any CPU.Build.0 = Debug|Any CPU
		{3848941B-C09A-4585-AA3E-22E780FF0116}.Release|Any CPU.ActiveCfg = Release|Any CPU
		{3848941B-C09A-4585-AA3E-22E780FF0116}.Release|Any CPU.Build.0 = Release|Any CPU
	EndGlobalSection
	GlobalSection(SolutionProperties) = preSolution
		HideSolutionNode = FALSE
	EndGlobalSection
EndGlobal
