
Microsoft Visual Studio Solution File, Format Version 11.00
# Visual Studio 2010
Project("{EDCC3B85-0BAD-11DB-BC1A-00112FDE8B61}") = "Nemerle.Compiler.Utils", "Nemerle.Compiler.Utils.nproj", "{DBC77173-9367-485F-B425-74E6D6AB3F82}"
EndProject
Global
	GlobalSection(SolutionConfigurationPlatforms) = preSolution
		Debug|Any CPU = Debug|Any CPU
		Release|Any CPU = Release|Any CPU
	EndGlobalSection
	GlobalSection(ProjectConfigurationPlatforms) = postSolution
		{DBC77173-9367-485F-B425-74E6D6AB3F82}.Debug|Any CPU.ActiveCfg = Debug|Any CPU
		{DBC77173-9367-485F-B425-74E6D6AB3F82}.Debug|Any CPU.Build.0 = Debug|Any CPU
		{DBC77173-9367-485F-B425-74E6D6AB3F82}.Release|Any CPU.ActiveCfg = Release|Any CPU
		{DBC77173-9367-485F-B425-74E6D6AB3F82}.Release|Any CPU.Build.0 = Release|Any CPU
	EndGlobalSection
	GlobalSection(SolutionProperties) = preSolution
		HideSolutionNode = FALSE
	EndGlobalSection
EndGlobal
