
Microsoft Visual Studio Solution File, Format Version 9.00
# Visual Studio 2005
Project("{FAE04EC0-301F-11D3-BF4B-00C04F79EFBC}") = "myMacro", "myMacro\myMacro.csproj", "{30F9DF90-2FAC-4B60-8D61-35516ECBD08D}"
EndProject
Project("{FAE04EC0-301F-11D3-BF4B-00C04F79EFBC}") = "App", "..\App\App.csproj", "{807454A6-97CA-4C6B-B4A7-995FEDFE0333}"
EndProject
Global
	GlobalSection(SolutionConfigurationPlatforms) = preSolution
		Debug|Any CPU = Debug|Any CPU
		Release|Any CPU = Release|Any CPU
	EndGlobalSection
	GlobalSection(ProjectConfigurationPlatforms) = postSolution
		{30F9DF90-2FAC-4B60-8D61-35516ECBD08D}.Debug|Any CPU.ActiveCfg = Debug|Any CPU
		{30F9DF90-2FAC-4B60-8D61-35516ECBD08D}.Debug|Any CPU.Build.0 = Debug|Any CPU
		{30F9DF90-2FAC-4B60-8D61-35516ECBD08D}.Release|Any CPU.ActiveCfg = Release|Any CPU
		{30F9DF90-2FAC-4B60-8D61-35516ECBD08D}.Release|Any CPU.Build.0 = Release|Any CPU
		{807454A6-97CA-4C6B-B4A7-995FEDFE0333}.Debug|Any CPU.ActiveCfg = Debug|Any CPU
		{807454A6-97CA-4C6B-B4A7-995FEDFE0333}.Debug|Any CPU.Build.0 = Debug|Any CPU
		{807454A6-97CA-4C6B-B4A7-995FEDFE0333}.Release|Any CPU.ActiveCfg = Release|Any CPU
		{807454A6-97CA-4C6B-B4A7-995FEDFE0333}.Release|Any CPU.Build.0 = Release|Any CPU
	EndGlobalSection
	GlobalSection(SolutionProperties) = preSolution
		HideSolutionNode = FALSE
	EndGlobalSection
EndGlobal
