
Microsoft Visual Studio Solution File, Format Version 10.00
# Visual Studio 2008
Project("{EDCC3B85-0BAD-11DB-BC1A-00112FDE8B61}") = "macrolib", "macrolib\macrolib.nproj", "{2B85A1F8-7542-4177-8C28-1D8EA8EEE6C9}"
EndProject
Project("{EDCC3B85-0BAD-11DB-BC1A-00112FDE8B61}") = "nemerlelib", "nemerlelib\nemerlelib.nproj", "{3AB5415B-EA01-4A4A-9CB1-4B708704AA0F}"
EndProject
Project("{FAE04EC0-301F-11D3-BF4B-00C04F79EFBC}") = "cstest", "cstest\cstest.csproj", "{016772BD-AB7F-40AD-87F0-28B20F056FBA}"
EndProject
Global
	GlobalSection(SolutionConfigurationPlatforms) = preSolution
		Debug|Any CPU = Debug|Any CPU
		Release|Any CPU = Release|Any CPU
	EndGlobalSection
	GlobalSection(ProjectConfigurationPlatforms) = postSolution
		{2B85A1F8-7542-4177-8C28-1D8EA8EEE6C9}.Debug|Any CPU.ActiveCfg = Debug|Any CPU
		{2B85A1F8-7542-4177-8C28-1D8EA8EEE6C9}.Debug|Any CPU.Build.0 = Debug|Any CPU
		{2B85A1F8-7542-4177-8C28-1D8EA8EEE6C9}.Release|Any CPU.ActiveCfg = Release|Any CPU
		{2B85A1F8-7542-4177-8C28-1D8EA8EEE6C9}.Release|Any CPU.Build.0 = Release|Any CPU
		{3AB5415B-EA01-4A4A-9CB1-4B708704AA0F}.Debug|Any CPU.ActiveCfg = Debug|Any CPU
		{3AB5415B-EA01-4A4A-9CB1-4B708704AA0F}.Debug|Any CPU.Build.0 = Debug|Any CPU
		{3AB5415B-EA01-4A4A-9CB1-4B708704AA0F}.Release|Any CPU.ActiveCfg = Release|Any CPU
		{3AB5415B-EA01-4A4A-9CB1-4B708704AA0F}.Release|Any CPU.Build.0 = Release|Any CPU
		{016772BD-AB7F-40AD-87F0-28B20F056FBA}.Debug|Any CPU.ActiveCfg = Debug|Any CPU
		{016772BD-AB7F-40AD-87F0-28B20F056FBA}.Debug|Any CPU.Build.0 = Debug|Any CPU
		{016772BD-AB7F-40AD-87F0-28B20F056FBA}.Release|Any CPU.ActiveCfg = Release|Any CPU
		{016772BD-AB7F-40AD-87F0-28B20F056FBA}.Release|Any CPU.Build.0 = Release|Any CPU
	EndGlobalSection
	GlobalSection(SolutionProperties) = preSolution
		HideSolutionNode = FALSE
	EndGlobalSection
EndGlobal
