
Microsoft Visual Studio Solution File, Format Version 10.00
# Visual Studio 2008
Project("{EDCC3B85-0BAD-11DB-BC1A-00112FDE8B61}") = "ComputationExpressions", "ComputationExpressions\ComputationExpressions.nproj", "{53217EE0-B8B1-4050-898A-610B70664FAB}"
EndProject
Project("{EDCC3B85-0BAD-11DB-BC1A-00112FDE8B61}") = "ComputationExpressions.Macros", "ComputationExpressions.Macros\ComputationExpressions.Macros.nproj", "{8EC48137-B491-4DC4-BE3A-973DCFEBCA1C}"
EndProject
Project("{EDCC3B85-0BAD-11DB-BC1A-00112FDE8B61}") = "Test", "Test\Test.nproj", "{63E82CFC-41AA-4257-A7F1-D9B592F18D25}"
EndProject
Project("{EDCC3B85-0BAD-11DB-BC1A-00112FDE8B61}") = "WindowsFormsTest", "WindowsFormsTest\WindowsFormsTest.nproj", "{B0BD40BC-389C-42F8-81E0-B4DEB1FC5BFA}"
EndProject
Project("{EDCC3B85-0BAD-11DB-BC1A-00112FDE8B61}") = "AsyncHttp", "AsyncHttp\AsyncHttp.nproj", "{FF01A0AA-F65B-47D7-AD3F-E22F2E014090}"
EndProject
Global
	GlobalSection(SolutionConfigurationPlatforms) = preSolution
		Debug|Any CPU = Debug|Any CPU
		Release|Any CPU = Release|Any CPU
	EndGlobalSection
	GlobalSection(ProjectConfigurationPlatforms) = postSolution
		{53217EE0-B8B1-4050-898A-610B70664FAB}.Debug|Any CPU.ActiveCfg = Debug|Any CPU
		{53217EE0-B8B1-4050-898A-610B70664FAB}.Debug|Any CPU.Build.0 = Debug|Any CPU
		{53217EE0-B8B1-4050-898A-610B70664FAB}.Release|Any CPU.ActiveCfg = Release|Any CPU
		{53217EE0-B8B1-4050-898A-610B70664FAB}.Release|Any CPU.Build.0 = Release|Any CPU
		{8EC48137-B491-4DC4-BE3A-973DCFEBCA1C}.Debug|Any CPU.ActiveCfg = Debug|Any CPU
		{8EC48137-B491-4DC4-BE3A-973DCFEBCA1C}.Debug|Any CPU.Build.0 = Debug|Any CPU
		{8EC48137-B491-4DC4-BE3A-973DCFEBCA1C}.Release|Any CPU.ActiveCfg = Release|Any CPU
		{8EC48137-B491-4DC4-BE3A-973DCFEBCA1C}.Release|Any CPU.Build.0 = Release|Any CPU
		{63E82CFC-41AA-4257-A7F1-D9B592F18D25}.Debug|Any CPU.ActiveCfg = Debug|Any CPU
		{63E82CFC-41AA-4257-A7F1-D9B592F18D25}.Debug|Any CPU.Build.0 = Debug|Any CPU
		{63E82CFC-41AA-4257-A7F1-D9B592F18D25}.Release|Any CPU.ActiveCfg = Release|Any CPU
		{63E82CFC-41AA-4257-A7F1-D9B592F18D25}.Release|Any CPU.Build.0 = Release|Any CPU
		{B0BD40BC-389C-42F8-81E0-B4DEB1FC5BFA}.Debug|Any CPU.ActiveCfg = Debug|Any CPU
		{B0BD40BC-389C-42F8-81E0-B4DEB1FC5BFA}.Debug|Any CPU.Build.0 = Debug|Any CPU
		{B0BD40BC-389C-42F8-81E0-B4DEB1FC5BFA}.Release|Any CPU.ActiveCfg = Release|Any CPU
		{B0BD40BC-389C-42F8-81E0-B4DEB1FC5BFA}.Release|Any CPU.Build.0 = Release|Any CPU
		{FF01A0AA-F65B-47D7-AD3F-E22F2E014090}.Debug|Any CPU.ActiveCfg = Debug|Any CPU
		{FF01A0AA-F65B-47D7-AD3F-E22F2E014090}.Debug|Any CPU.Build.0 = Debug|Any CPU
		{FF01A0AA-F65B-47D7-AD3F-E22F2E014090}.Release|Any CPU.ActiveCfg = Release|Any CPU
		{FF01A0AA-F65B-47D7-AD3F-E22F2E014090}.Release|Any CPU.Build.0 = Release|Any CPU
	EndGlobalSection
	GlobalSection(SolutionProperties) = preSolution
		HideSolutionNode = FALSE
	EndGlobalSection
EndGlobal
