
Microsoft Visual Studio Solution File, Format Version 10.00
# Visual Studio 2008
Project("{EDCC3B85-0BAD-11DB-BC1A-00112FDE8B61}") = "ComputationExpressions", "ComputationExpressions\ComputationExpressions.nproj", "{53217EE0-B8B1-4050-898A-610B70664FAB}"
EndProject
Project("{EDCC3B85-0BAD-11DB-BC1A-00112FDE8B61}") = "Test", "Test\Test.nproj", "{63E82CFC-41AA-4257-A7F1-D9B592F18D25}"
EndProject
Global
	GlobalSection(SolutionConfigurationPlatforms) = preSolution
		Debug|Any CPU = Debug|Any CPU
		Release|Any CPU = Release|Any CPU
	EndGlobalSection
	GlobalSection(ProjectConfigurationPlatforms) = postSolution
		{53217EE0-B8B1-4050-898A-610B70664FAB}.Debug|Any CPU.ActiveCfg = Debug|Any CPU
		{53217EE0-B8B1-4050-898A-610B70664FAB}.Debug|Any CPU.Build.0 = Debug|Any CPU
		{53217EE0-B8B1-4050-898A-610B70664FAB}.Release|Any CPU.ActiveCfg = Release|Any CPU
		{53217EE0-B8B1-4050-898A-610B70664FAB}.Release|Any CPU.Build.0 = Release|Any CPU
		{63E82CFC-41AA-4257-A7F1-D9B592F18D25}.Debug|Any CPU.ActiveCfg = Debug|Any CPU
		{63E82CFC-41AA-4257-A7F1-D9B592F18D25}.Debug|Any CPU.Build.0 = Debug|Any CPU
		{63E82CFC-41AA-4257-A7F1-D9B592F18D25}.Release|Any CPU.ActiveCfg = Release|Any CPU
		{63E82CFC-41AA-4257-A7F1-D9B592F18D25}.Release|Any CPU.Build.0 = Release|Any CPU
	EndGlobalSection
	GlobalSection(SolutionProperties) = preSolution
		HideSolutionNode = FALSE
	EndGlobalSection
EndGlobal
