
Microsoft Visual Studio Solution File, Format Version 10.00
# Visual Studio 2008
Project("{EDCC3B85-0BAD-11DB-BC1A-00112FDE8B61}") = "WpfTest", "WpfTest\WpfTest.nproj", "{DCD6E4D3-3D02-4AB0-9164-480691B4BF96}"
EndProject
Project("{EDCC3B85-0BAD-11DB-BC1A-00112FDE8B61}") = "WindowsFormsTest", "WindowsFormsTest\WindowsFormsTest.nproj", "{F49B6416-648E-4689-A020-9CA7CB9E221F}"
EndProject
Project("{EDCC3B85-0BAD-11DB-BC1A-00112FDE8B61}") = "Macroses", "Macroses\Macroses.nproj", "{FFA96065-5848-4145-A861-55F1E14C38E2}"
EndProject
Global
	GlobalSection(SolutionConfigurationPlatforms) = preSolution
		Debug|Any CPU = Debug|Any CPU
		Release|Any CPU = Release|Any CPU
	EndGlobalSection
	GlobalSection(ProjectConfigurationPlatforms) = postSolution
		{DCD6E4D3-3D02-4AB0-9164-480691B4BF96}.Debug|Any CPU.ActiveCfg = Debug|Any CPU
		{DCD6E4D3-3D02-4AB0-9164-480691B4BF96}.Debug|Any CPU.Build.0 = Debug|Any CPU
		{DCD6E4D3-3D02-4AB0-9164-480691B4BF96}.Release|Any CPU.ActiveCfg = Release|Any CPU
		{DCD6E4D3-3D02-4AB0-9164-480691B4BF96}.Release|Any CPU.Build.0 = Release|Any CPU
		{F49B6416-648E-4689-A020-9CA7CB9E221F}.Debug|Any CPU.ActiveCfg = Debug|Any CPU
		{F49B6416-648E-4689-A020-9CA7CB9E221F}.Debug|Any CPU.Build.0 = Debug|Any CPU
		{F49B6416-648E-4689-A020-9CA7CB9E221F}.Release|Any CPU.ActiveCfg = Release|Any CPU
		{F49B6416-648E-4689-A020-9CA7CB9E221F}.Release|Any CPU.Build.0 = Release|Any CPU
		{FFA96065-5848-4145-A861-55F1E14C38E2}.Debug|Any CPU.ActiveCfg = Debug|Any CPU
		{FFA96065-5848-4145-A861-55F1E14C38E2}.Debug|Any CPU.Build.0 = Debug|Any CPU
		{FFA96065-5848-4145-A861-55F1E14C38E2}.Release|Any CPU.ActiveCfg = Release|Any CPU
		{FFA96065-5848-4145-A861-55F1E14C38E2}.Release|Any CPU.Build.0 = Release|Any CPU
	EndGlobalSection
	GlobalSection(SolutionProperties) = preSolution
		HideSolutionNode = FALSE
	EndGlobalSection
EndGlobal
