
Microsoft Visual Studio Solution File, Format Version 10.00
# Visual Studio 2008
Project("{EDCC3B85-0BAD-11DB-BC1A-00112FDE8B61}") = "Nemerle.WUI.Reactive", "Nemerle.WUI.Reactive\Nemerle.WUI.Reactive.nproj", "{B1635FEA-C0CD-4C8E-A18E-D97D59F21B14}"
EndProject
Project("{EDCC3B85-0BAD-11DB-BC1A-00112FDE8B61}") = "Test", "Test\Test.nproj", "{D3EBC329-4EAF-462B-A292-243709BD2AD6}"
EndProject
Project("{EDCC3B85-0BAD-11DB-BC1A-00112FDE8B61}") = "Nemerle.Xml.Macro", "..\Nemerle.Xml\Nemerle.Xml.Macro\Nemerle.Xml.Macro.nproj", "{3D194810-C58F-4BD2-AA0F-C0EEE35FB2A5}"
EndProject
Project("{EDCC3B85-0BAD-11DB-BC1A-00112FDE8B61}") = "Nemerle.Peg", "..\peg-parser\Nemerle.Peg\Nemerle.Peg.nproj", "{76DB8B13-A01A-47BD-98BE-F2D3755770FE}"
EndProject
Project("{EDCC3B85-0BAD-11DB-BC1A-00112FDE8B61}") = "Nemerle.Peg.Macros", "..\peg-parser\Nemerle.Peg.Macros\Nemerle.Peg.Macros.nproj", "{388424BD-C3A5-4C01-B84B-6C1BB9A9CC8E}"
EndProject
Global
	GlobalSection(SolutionConfigurationPlatforms) = preSolution
		Debug|Any CPU = Debug|Any CPU
		Release|Any CPU = Release|Any CPU
	EndGlobalSection
	GlobalSection(ProjectConfigurationPlatforms) = postSolution
		{B1635FEA-C0CD-4C8E-A18E-D97D59F21B14}.Debug|Any CPU.ActiveCfg = Debug|Any CPU
		{B1635FEA-C0CD-4C8E-A18E-D97D59F21B14}.Debug|Any CPU.Build.0 = Debug|Any CPU
		{B1635FEA-C0CD-4C8E-A18E-D97D59F21B14}.Release|Any CPU.ActiveCfg = Release|Any CPU
		{B1635FEA-C0CD-4C8E-A18E-D97D59F21B14}.Release|Any CPU.Build.0 = Release|Any CPU
		{D3EBC329-4EAF-462B-A292-243709BD2AD6}.Debug|Any CPU.ActiveCfg = Debug|Any CPU
		{D3EBC329-4EAF-462B-A292-243709BD2AD6}.Debug|Any CPU.Build.0 = Debug|Any CPU
		{D3EBC329-4EAF-462B-A292-243709BD2AD6}.Release|Any CPU.ActiveCfg = Release|Any CPU
		{D3EBC329-4EAF-462B-A292-243709BD2AD6}.Release|Any CPU.Build.0 = Release|Any CPU
		{3D194810-C58F-4BD2-AA0F-C0EEE35FB2A5}.Debug|Any CPU.ActiveCfg = Debug|Any CPU
		{3D194810-C58F-4BD2-AA0F-C0EEE35FB2A5}.Debug|Any CPU.Build.0 = Debug|Any CPU
		{3D194810-C58F-4BD2-AA0F-C0EEE35FB2A5}.Release|Any CPU.ActiveCfg = Release|Any CPU
		{3D194810-C58F-4BD2-AA0F-C0EEE35FB2A5}.Release|Any CPU.Build.0 = Release|Any CPU
		{76DB8B13-A01A-47BD-98BE-F2D3755770FE}.Debug|Any CPU.ActiveCfg = Debug|Any CPU
		{76DB8B13-A01A-47BD-98BE-F2D3755770FE}.Debug|Any CPU.Build.0 = Debug|Any CPU
		{76DB8B13-A01A-47BD-98BE-F2D3755770FE}.Release|Any CPU.ActiveCfg = Release|Any CPU
		{76DB8B13-A01A-47BD-98BE-F2D3755770FE}.Release|Any CPU.Build.0 = Release|Any CPU
		{388424BD-C3A5-4C01-B84B-6C1BB9A9CC8E}.Debug|Any CPU.ActiveCfg = Debug|Any CPU
		{388424BD-C3A5-4C01-B84B-6C1BB9A9CC8E}.Debug|Any CPU.Build.0 = Debug|Any CPU
		{388424BD-C3A5-4C01-B84B-6C1BB9A9CC8E}.Release|Any CPU.ActiveCfg = Release|Any CPU
		{388424BD-C3A5-4C01-B84B-6C1BB9A9CC8E}.Release|Any CPU.Build.0 = Release|Any CPU
	EndGlobalSection
	GlobalSection(SolutionProperties) = preSolution
		HideSolutionNode = FALSE
	EndGlobalSection
EndGlobal
