
Microsoft Visual Studio Solution File, Format Version 11.00
# Visual Studio 2010
Project("{FAE04EC0-301F-11D3-BF4B-00C04F79EFBC}") = "Nemerle.Compiler.Utils", "Nemerle.Compiler.Utils\Nemerle.Compiler.Utils.csproj", "{8DEC5A24-95AB-4B5D-ABD8-BE53EF793BBE}"
EndProject
Project("{FAE04EC0-301F-11D3-BF4B-00C04F79EFBC}") = "WpfHint", "WpfHint\WpfHint.csproj", "{7670DE22-B023-4783-BA19-BB2DB50E1762}"
EndProject
Project("{FAE04EC0-301F-11D3-BF4B-00C04F79EFBC}") = "Nemerle.VisualStudio", "Nemerle.VisualStudio\Nemerle.VisualStudio.csproj", "{16041FE4-7A5D-4DFD-9A79-A92B6A81E291}"
EndProject
Global
	GlobalSection(SolutionConfigurationPlatforms) = preSolution
		Debug|Any CPU = Debug|Any CPU
		Release|Any CPU = Release|Any CPU
	EndGlobalSection
	GlobalSection(ProjectConfigurationPlatforms) = postSolution
		{8DEC5A24-95AB-4B5D-ABD8-BE53EF793BBE}.Debug|Any CPU.ActiveCfg = Debug|Any CPU
		{8DEC5A24-95AB-4B5D-ABD8-BE53EF793BBE}.Debug|Any CPU.Build.0 = Debug|Any CPU
		{8DEC5A24-95AB-4B5D-ABD8-BE53EF793BBE}.Release|Any CPU.ActiveCfg = Release|Any CPU
		{8DEC5A24-95AB-4B5D-ABD8-BE53EF793BBE}.Release|Any CPU.Build.0 = Release|Any CPU
		{7670DE22-B023-4783-BA19-BB2DB50E1762}.Debug|Any CPU.ActiveCfg = Debug|Any CPU
		{7670DE22-B023-4783-BA19-BB2DB50E1762}.Debug|Any CPU.Build.0 = Debug|Any CPU
		{7670DE22-B023-4783-BA19-BB2DB50E1762}.Release|Any CPU.ActiveCfg = Release|Any CPU
		{7670DE22-B023-4783-BA19-BB2DB50E1762}.Release|Any CPU.Build.0 = Release|Any CPU
		{16041FE4-7A5D-4DFD-9A79-A92B6A81E291}.Debug|Any CPU.ActiveCfg = Debug|Any CPU
		{16041FE4-7A5D-4DFD-9A79-A92B6A81E291}.Debug|Any CPU.Build.0 = Debug|Any CPU
		{16041FE4-7A5D-4DFD-9A79-A92B6A81E291}.Release|Any CPU.ActiveCfg = Release|Any CPU
		{16041FE4-7A5D-4DFD-9A79-A92B6A81E291}.Release|Any CPU.Build.0 = Release|Any CPU
	EndGlobalSection
	GlobalSection(SolutionProperties) = preSolution
		HideSolutionNode = FALSE
	EndGlobalSection
EndGlobal
