
Microsoft Visual Studio Solution File, Format Version 11.00
# Visual Studio 2010
Project("{FAE04EC0-301F-11D3-BF4B-00C04F79EFBC}") = "Nemerle.VS2010", "Nemerle.VS2010\Nemerle.VS2010.csproj", "{5EE72F6D-981E-4BE0-9923-D4859F9AA8B6}"
EndProject
Project("{FAE04EC0-301F-11D3-BF4B-00C04F79EFBC}") = "Nemerle.Compiler.Utils", "Nemerle.Compiler.Utils\Nemerle.Compiler.Utils.csproj", "{8DEC5A24-95AB-4B5D-ABD8-BE53EF793BBE}"
EndProject
Project("{FAE04EC0-301F-11D3-BF4B-00C04F79EFBC}") = "WpfHint", "WpfHint\WpfHint.csproj", "{7670DE22-B023-4783-BA19-BB2DB50E1762}"
EndProject
Global
	GlobalSection(SolutionConfigurationPlatforms) = preSolution
		Debug|Any CPU = Debug|Any CPU
		Release|Any CPU = Release|Any CPU
	EndGlobalSection
	GlobalSection(ProjectConfigurationPlatforms) = postSolution
		{5EE72F6D-981E-4BE0-9923-D4859F9AA8B6}.Debug|Any CPU.ActiveCfg = Debug|Any CPU
		{5EE72F6D-981E-4BE0-9923-D4859F9AA8B6}.Debug|Any CPU.Build.0 = Debug|Any CPU
		{5EE72F6D-981E-4BE0-9923-D4859F9AA8B6}.Release|Any CPU.ActiveCfg = Release|Any CPU
		{5EE72F6D-981E-4BE0-9923-D4859F9AA8B6}.Release|Any CPU.Build.0 = Release|Any CPU
		{8DEC5A24-95AB-4B5D-ABD8-BE53EF793BBE}.Debug|Any CPU.ActiveCfg = Debug|Any CPU
		{8DEC5A24-95AB-4B5D-ABD8-BE53EF793BBE}.Debug|Any CPU.Build.0 = Debug|Any CPU
		{8DEC5A24-95AB-4B5D-ABD8-BE53EF793BBE}.Release|Any CPU.ActiveCfg = Release|Any CPU
		{8DEC5A24-95AB-4B5D-ABD8-BE53EF793BBE}.Release|Any CPU.Build.0 = Release|Any CPU
		{7670DE22-B023-4783-BA19-BB2DB50E1762}.Debug|Any CPU.ActiveCfg = Debug|Any CPU
		{7670DE22-B023-4783-BA19-BB2DB50E1762}.Debug|Any CPU.Build.0 = Debug|Any CPU
		{7670DE22-B023-4783-BA19-BB2DB50E1762}.Release|Any CPU.ActiveCfg = Release|Any CPU
		{7670DE22-B023-4783-BA19-BB2DB50E1762}.Release|Any CPU.Build.0 = Release|Any CPU
	EndGlobalSection
	GlobalSection(SolutionProperties) = preSolution
		HideSolutionNode = FALSE
	EndGlobalSection
EndGlobal
