<?xml version="1.0" encoding="utf-8"?>
<Project ToolsVersion="4.0" xmlns="http://schemas.microsoft.com/developer/msbuild/2003">
  <ItemGroup>
    <Filter Include="positive">
      <UniqueIdentifier>{75bee639-6593-4892-9295-9fe6935be648}</UniqueIdentifier>
    </Filter>
    <Filter Include="negative">
      <UniqueIdentifier>{cd744623-1be8-4824-a503-ae5e7f6937f5}</UniqueIdentifier>
    </Filter>
  </ItemGroup>
  <ItemGroup>
    <None Include="positive\async-runtime.n">
      <Filter>positive</Filter>
    </None>
    <None Include="negative\async-compile1.n">
      <Filter>negative</Filter>
    </None>
    <None Include="positive\async-compile2.n">
      <Filter>positive</Filter>
    </None>
  </ItemGroup>
</Project>