
Microsoft Visual Studio Solution File, Format Version 10.00
# Visual Studio 2008
Project("{EDCC3B85-0BAD-11DB-BC1A-00112FDE8B61}") = "Linq", "Macro\Linq.nproj", "{7339AC25-F3FA-4759-A4FB-AB852869AD3E}"
EndProject
Project("{EDCC3B85-0BAD-11DB-BC1A-00112FDE8B61}") = "LinqTests", "Tests\LinqTests.nproj", "{532F638B-8426-45D2-AFAF-0FCC01918236}"
EndProject
Global
	GlobalSection(SolutionConfigurationPlatforms) = preSolution
		Debug|Any CPU = Debug|Any CPU
		Release|Any CPU = Release|Any CPU
	EndGlobalSection
	GlobalSection(ProjectConfigurationPlatforms) = postSolution
		{7339AC25-F3FA-4759-A4FB-AB852869AD3E}.Debug|Any CPU.ActiveCfg = Debug|Any CPU
		{7339AC25-F3FA-4759-A4FB-AB852869AD3E}.Debug|Any CPU.Build.0 = Debug|Any CPU
		{7339AC25-F3FA-4759-A4FB-AB852869AD3E}.Release|Any CPU.ActiveCfg = Release|Any CPU
		{7339AC25-F3FA-4759-A4FB-AB852869AD3E}.Release|Any CPU.Build.0 = Release|Any CPU
		{532F638B-8426-45D2-AFAF-0FCC01918236}.Debug|Any CPU.ActiveCfg = Debug|Any CPU
		{532F638B-8426-45D2-AFAF-0FCC01918236}.Debug|Any CPU.Build.0 = Debug|Any CPU
		{532F638B-8426-45D2-AFAF-0FCC01918236}.Release|Any CPU.ActiveCfg = Release|Any CPU
		{532F638B-8426-45D2-AFAF-0FCC01918236}.Release|Any CPU.Build.0 = Release|Any CPU
	EndGlobalSection
	GlobalSection(SolutionProperties) = preSolution
		HideSolutionNode = FALSE
	EndGlobalSection
EndGlobal
