
Microsoft Visual Studio Solution File, Format Version 10.00
# Visual Studio 2008
# SharpDevelop 3.2.0.5505
Project("{EDCC3B85-0BAD-11DB-BC1A-00112FDE8B61}") = "Nemerle.SharpDevelop", "Nemerle.SharpDevelop\Nemerle.SharpDevelop.nproj", "{77DA3DA8-3B59-4A78-B215-434092CC8627}"
EndProject
Project("{2150E333-8FDC-42A3-9474-1A3956D46DE8}") = "Solution Items", "Solution Items", "{2C35B735-4E72-4B28-B48A-31E25B73ADE8}"
	ProjectSection(SolutionItems) = preProject
		ReadMe.txt = ReadMe.txt
		build.cmd = build.cmd
	EndProjectSection
EndProject
Global
	GlobalSection(SolutionConfigurationPlatforms) = preSolution
		Debug|x86 = Debug|x86
		Release|x86 = Release|x86
	EndGlobalSection
	GlobalSection(ProjectConfigurationPlatforms) = postSolution
		{77DA3DA8-3B59-4A78-B215-434092CC8627}.Debug|x86.ActiveCfg = Debug|x86
		{77DA3DA8-3B59-4A78-B215-434092CC8627}.Debug|x86.Build.0 = Debug|x86
		{77DA3DA8-3B59-4A78-B215-434092CC8627}.Release|x86.ActiveCfg = Release|x86
		{77DA3DA8-3B59-4A78-B215-434092CC8627}.Release|x86.Build.0 = Release|x86
	EndGlobalSection
	GlobalSection(SolutionProperties) = preSolution
		HideSolutionNode = FALSE
	EndGlobalSection
EndGlobal
