
Microsoft Visual Studio Solution File, Format Version 10.00
# Visual Studio 2008
Project("{EDCC3B85-0BAD-11DB-BC1A-00112FDE8B61}") = "Nemerle.SharpDevelop", "Nemerle.SharpDevelop\Nemerle.SharpDevelop.nproj", "{77DA3DA8-3B59-4A78-B215-434092CC8627}"
EndProject
Global
	GlobalSection(SolutionConfigurationPlatforms) = preSolution
		Debug|Any CPU = Debug|Any CPU
		Release|Any CPU = Release|Any CPU
	EndGlobalSection
	GlobalSection(ProjectConfigurationPlatforms) = postSolution
		{77DA3DA8-3B59-4A78-B215-434092CC8627}.Debug|Any CPU.ActiveCfg = Debug|Any CPU
		{77DA3DA8-3B59-4A78-B215-434092CC8627}.Debug|Any CPU.Build.0 = Debug|Any CPU
		{77DA3DA8-3B59-4A78-B215-434092CC8627}.Release|Any CPU.ActiveCfg = Release|Any CPU
		{77DA3DA8-3B59-4A78-B215-434092CC8627}.Release|Any CPU.Build.0 = Release|Any CPU
	EndGlobalSection
	GlobalSection(SolutionProperties) = preSolution
		HideSolutionNode = FALSE
	EndGlobalSection
EndGlobal
