
Microsoft Visual Studio Solution File, Format Version 10.00
# Visual Studio 2008
# SharpDevelop 3.2.0.5505
Project("{EDCC3B85-0BAD-11DB-BC1A-00112FDE8B61}") = "Nemerle.SharpDevelop", "Nemerle.SharpDevelop\Nemerle.SharpDevelop.nproj", "{77DA3DA8-3B59-4A78-B215-434092CC8627}"
EndProject
Project("{2150E333-8FDC-42A3-9474-1A3956D46DE8}") = "Solution Items", "Solution Items", "{2C35B735-4E72-4B28-B48A-31E25B73ADE8}"
	ProjectSection(SolutionItems) = preProject
		ReadMe.txt = ReadMe.txt
		build.cmd = build.cmd
		install.cmd = install.cmd
	EndProjectSection
EndProject
Project("{FAE04EC0-301F-11D3-BF4B-00C04F79EFBC}") = "Nemerle.Compiler.Utils", "..\..\VsIntegration\Nemerle.Compiler.Utils\Nemerle.Compiler.Utils.csproj", "{DBC77173-9367-485F-B425-74E6D6AB3F82}"
EndProject
Project("{FAE04EC0-301F-11D3-BF4B-00C04F79EFBC}") = "WpfHint", "..\..\VsIntegration\Nemerle.VisualStudio\GUI\WpfHint\WpfHint.csproj", "{7670DE22-B023-4783-BA19-BB2DB50E1762}"
EndProject
Global
	GlobalSection(SolutionConfigurationPlatforms) = preSolution
		Debug|Any CPU = Debug|Any CPU
		Release|Any CPU = Release|Any CPU
	EndGlobalSection
	GlobalSection(ProjectConfigurationPlatforms) = postSolution
		{77DA3DA8-3B59-4A78-B215-434092CC8627}.Debug|Any CPU.ActiveCfg = Debug|Any CPU
		{77DA3DA8-3B59-4A78-B215-434092CC8627}.Debug|Any CPU.Build.0 = Debug|Any CPU
		{77DA3DA8-3B59-4A78-B215-434092CC8627}.Release|Any CPU.ActiveCfg = Release|Any CPU
		{77DA3DA8-3B59-4A78-B215-434092CC8627}.Release|Any CPU.Build.0 = Release|Any CPU
		{DBC77173-9367-485F-B425-74E6D6AB3F82}.Debug|Any CPU.Build.0 = Debug|Any CPU
		{DBC77173-9367-485F-B425-74E6D6AB3F82}.Debug|Any CPU.ActiveCfg = Debug|Any CPU
		{DBC77173-9367-485F-B425-74E6D6AB3F82}.Release|Any CPU.Build.0 = Release|Any CPU
		{DBC77173-9367-485F-B425-74E6D6AB3F82}.Release|Any CPU.ActiveCfg = Release|Any CPU
		{7670DE22-B023-4783-BA19-BB2DB50E1762}.Debug|Any CPU.Build.0 = Debug|Any CPU
		{7670DE22-B023-4783-BA19-BB2DB50E1762}.Debug|Any CPU.ActiveCfg = Debug|Any CPU
		{7670DE22-B023-4783-BA19-BB2DB50E1762}.Release|Any CPU.Build.0 = Release|Any CPU
		{7670DE22-B023-4783-BA19-BB2DB50E1762}.Release|Any CPU.ActiveCfg = Release|Any CPU
	EndGlobalSection
	GlobalSection(SolutionProperties) = preSolution
		HideSolutionNode = FALSE
	EndGlobalSection
EndGlobal
