
Microsoft Visual Studio Solution File, Format Version 11.00
# Visual Studio 2010
Project("{EDCC3B85-0BAD-11DB-BC1A-00112FDE8B61}") = "Nemerle.Compiler.Test", "Nemerle.Compiler.Test\Nemerle.Compiler.Test.nproj", "{2E99623D-BDE8-4B82-902B-62FC80A8E5E3}"
EndProject
Project("{EDCC3B85-0BAD-11DB-BC1A-00112FDE8B61}") = "Nemerle.Test.Framework", "Nemerle.Test.Framework\Nemerle.Test.Framework.nproj", "{7FEF52A8-0241-4D05-AC70-43553A12EF5E}"
EndProject
Global
	GlobalSection(SolutionConfigurationPlatforms) = preSolution
		Debug|Any CPU = Debug|Any CPU
		Release|Any CPU = Release|Any CPU
	EndGlobalSection
	GlobalSection(ProjectConfigurationPlatforms) = postSolution
		{2E99623D-BDE8-4B82-902B-62FC80A8E5E3}.Debug|Any CPU.ActiveCfg = Debug|Any CPU
		{2E99623D-BDE8-4B82-902B-62FC80A8E5E3}.Debug|Any CPU.Build.0 = Debug|Any CPU
		{2E99623D-BDE8-4B82-902B-62FC80A8E5E3}.Release|Any CPU.ActiveCfg = Release|Any CPU
		{2E99623D-BDE8-4B82-902B-62FC80A8E5E3}.Release|Any CPU.Build.0 = Release|Any CPU
		{7FEF52A8-0241-4D05-AC70-43553A12EF5E}.Debug|Any CPU.ActiveCfg = Debug|Any CPU
		{7FEF52A8-0241-4D05-AC70-43553A12EF5E}.Debug|Any CPU.Build.0 = Debug|Any CPU
		{7FEF52A8-0241-4D05-AC70-43553A12EF5E}.Release|Any CPU.ActiveCfg = Release|Any CPU
		{7FEF52A8-0241-4D05-AC70-43553A12EF5E}.Release|Any CPU.Build.0 = Release|Any CPU
	EndGlobalSection
	GlobalSection(SolutionProperties) = preSolution
		HideSolutionNode = FALSE
	EndGlobalSection
EndGlobal
