
Microsoft Visual Studio Solution File, Format Version 11.00
# Visual Studio 2010
Project("{EDCC3B85-0BAD-11DB-BC1A-00112FDE8B61}") = "CSharpToNemerleSrc", "CSharpToNemerleSrc.nproj", "{29305B09-DC75-430C-B136-B1587AA67DED}"
EndProject
Project("{EDCC3B85-0BAD-11DB-BC1A-00112FDE8B61}") = "TestMacros", "TestMacros\TestMacros.nproj", "{C224D94B-5C18-4E88-9787-DA8FC293D4A4}"
EndProject
Project("{EDCC3B85-0BAD-11DB-BC1A-00112FDE8B61}") = "CSharpToNemerleTest", "Tests\CSharpToNemerleTest\CSharpToNemerleTest.nproj", "{77BBA4DB-3357-4048-9CDD-52D1C38E0F73}"
EndProject
Global
	GlobalSection(SolutionConfigurationPlatforms) = preSolution
		Debug|Any CPU = Debug|Any CPU
		Release|Any CPU = Release|Any CPU
	EndGlobalSection
	GlobalSection(ProjectConfigurationPlatforms) = postSolution
		{29305B09-DC75-430C-B136-B1587AA67DED}.Debug|Any CPU.ActiveCfg = Debug|AnyCPU
		{29305B09-DC75-430C-B136-B1587AA67DED}.Debug|Any CPU.Build.0 = Debug|AnyCPU
		{29305B09-DC75-430C-B136-B1587AA67DED}.Release|Any CPU.ActiveCfg = Release|AnyCPU
		{29305B09-DC75-430C-B136-B1587AA67DED}.Release|Any CPU.Build.0 = Release|AnyCPU
		{C224D94B-5C18-4E88-9787-DA8FC293D4A4}.Debug|Any CPU.ActiveCfg = Debug|Any CPU
		{C224D94B-5C18-4E88-9787-DA8FC293D4A4}.Debug|Any CPU.Build.0 = Debug|Any CPU
		{C224D94B-5C18-4E88-9787-DA8FC293D4A4}.Release|Any CPU.ActiveCfg = Release|Any CPU
		{C224D94B-5C18-4E88-9787-DA8FC293D4A4}.Release|Any CPU.Build.0 = Release|Any CPU
		{77BBA4DB-3357-4048-9CDD-52D1C38E0F73}.Debug|Any CPU.ActiveCfg = Debug|Any CPU
		{77BBA4DB-3357-4048-9CDD-52D1C38E0F73}.Debug|Any CPU.Build.0 = Debug|Any CPU
		{77BBA4DB-3357-4048-9CDD-52D1C38E0F73}.Release|Any CPU.ActiveCfg = Release|Any CPU
		{77BBA4DB-3357-4048-9CDD-52D1C38E0F73}.Release|Any CPU.Build.0 = Release|Any CPU
	EndGlobalSection
	GlobalSection(SolutionProperties) = preSolution
		HideSolutionNode = FALSE
	EndGlobalSection
EndGlobal
