
Microsoft Visual Studio Solution File, Format Version 11.00
# Visual Studio 2008
Project("{EDCC3B85-0BAD-11DB-BC1A-00112FDE8B61}") = "ConsoleDemo", "ConsoleDemo\ConsoleDemo-VS_2010.nproj", "{6AE2F342-3721-44A3-A9C8-07F0A15E463B}"
EndProject
Project("{EDCC3B85-0BAD-11DB-BC1A-00112FDE8B61}") = "Nemerle.Json", "Nemerle.Json\Nemerle.Json-VS_2010.nproj", "{5F0FEE19-6857-47D6-B669-EE0A03E5D047}"
EndProject
Project("{EDCC3B85-0BAD-11DB-BC1A-00112FDE8B61}") = "Nemerle.Json.Macros", "Nemerle.Json.Macros\Nemerle.Json.Macros-VS_2010.nproj", "{E5E664D3-29A2-41A9-A4DC-A44AC0C386A3}"
EndProject
Project("{EDCC3B85-0BAD-11DB-BC1A-00112FDE8B61}") = "Nemerle.Peg", "..\Nemerle.Peg\Nemerle.Peg-VS_2010.nproj", "{76DB8B13-A01A-47BD-98BE-F2D3755770FE}"
EndProject
Project("{EDCC3B85-0BAD-11DB-BC1A-00112FDE8B61}") = "Nemerle.Peg.Macros", "..\Nemerle.Peg.Macros\Nemerle.Peg.Macros-VS_2010.nproj", "{388424BD-C3A5-4C01-B84B-6C1BB9A9CC8E}"
EndProject
Project("{EDCC3B85-0BAD-11DB-BC1A-00112FDE8B61}") = "Nemerle.Json.Tests", "Nemerle.Json.Tests\Nemerle.Json.Tests-VS_2010.nproj", "{DC5C3407-E9D0-4C27-A285-B15F1C4E16CF}"
EndProject
Global
	GlobalSection(SolutionConfigurationPlatforms) = preSolution
		Debug|Any CPU = Debug|Any CPU
		Release|Any CPU = Release|Any CPU
	EndGlobalSection
	GlobalSection(ProjectConfigurationPlatforms) = postSolution
		{6AE2F342-3721-44A3-A9C8-07F0A15E463B}.Debug|Any CPU.ActiveCfg = Debug|Any CPU
		{6AE2F342-3721-44A3-A9C8-07F0A15E463B}.Debug|Any CPU.Build.0 = Debug|Any CPU
		{6AE2F342-3721-44A3-A9C8-07F0A15E463B}.Release|Any CPU.ActiveCfg = Release|Any CPU
		{6AE2F342-3721-44A3-A9C8-07F0A15E463B}.Release|Any CPU.Build.0 = Release|Any CPU
		{5F0FEE19-6857-47D6-B669-EE0A03E5D047}.Debug|Any CPU.ActiveCfg = Debug|Any CPU
		{5F0FEE19-6857-47D6-B669-EE0A03E5D047}.Debug|Any CPU.Build.0 = Debug|Any CPU
		{5F0FEE19-6857-47D6-B669-EE0A03E5D047}.Release|Any CPU.ActiveCfg = Release|Any CPU
		{5F0FEE19-6857-47D6-B669-EE0A03E5D047}.Release|Any CPU.Build.0 = Release|Any CPU
		{E5E664D3-29A2-41A9-A4DC-A44AC0C386A3}.Debug|Any CPU.ActiveCfg = Debug|Any CPU
		{E5E664D3-29A2-41A9-A4DC-A44AC0C386A3}.Debug|Any CPU.Build.0 = Debug|Any CPU
		{E5E664D3-29A2-41A9-A4DC-A44AC0C386A3}.Release|Any CPU.ActiveCfg = Release|Any CPU
		{E5E664D3-29A2-41A9-A4DC-A44AC0C386A3}.Release|Any CPU.Build.0 = Release|Any CPU
		{76DB8B13-A01A-47BD-98BE-F2D3755770FE}.Debug|Any CPU.ActiveCfg = Debug|Any CPU
		{76DB8B13-A01A-47BD-98BE-F2D3755770FE}.Debug|Any CPU.Build.0 = Debug|Any CPU
		{76DB8B13-A01A-47BD-98BE-F2D3755770FE}.Release|Any CPU.ActiveCfg = Release|Any CPU
		{76DB8B13-A01A-47BD-98BE-F2D3755770FE}.Release|Any CPU.Build.0 = Release|Any CPU
		{388424BD-C3A5-4C01-B84B-6C1BB9A9CC8E}.Debug|Any CPU.ActiveCfg = Debug|Any CPU
		{388424BD-C3A5-4C01-B84B-6C1BB9A9CC8E}.Debug|Any CPU.Build.0 = Debug|Any CPU
		{388424BD-C3A5-4C01-B84B-6C1BB9A9CC8E}.Release|Any CPU.ActiveCfg = Release|Any CPU
		{388424BD-C3A5-4C01-B84B-6C1BB9A9CC8E}.Release|Any CPU.Build.0 = Release|Any CPU
		{DC5C3407-E9D0-4C27-A285-B15F1C4E16CF}.Debug|Any CPU.ActiveCfg = Debug|Any CPU
		{DC5C3407-E9D0-4C27-A285-B15F1C4E16CF}.Debug|Any CPU.Build.0 = Debug|Any CPU
		{DC5C3407-E9D0-4C27-A285-B15F1C4E16CF}.Release|Any CPU.ActiveCfg = Release|Any CPU
		{DC5C3407-E9D0-4C27-A285-B15F1C4E16CF}.Release|Any CPU.Build.0 = Release|Any CPU
	EndGlobalSection
	GlobalSection(SolutionProperties) = preSolution
		HideSolutionNode = FALSE
	EndGlobalSection
EndGlobal
