
Microsoft Visual Studio Solution File, Format Version 11.00
# Visual Studio 2010
Project("{EDCC3B85-0BAD-11DB-BC1A-00112FDE8B61}") = "Nemerle.Statechart", "Nemerle.Statechart.nproj", "{E835758E-9839-495F-83C7-87366B1B851C}"
EndProject
Project("{EDCC3B85-0BAD-11DB-BC1A-00112FDE8B61}") = "Nemerle.Statechart.Lib", "Lib\Nemerle.Statechart.Lib.nproj", "{5E9CFDA7-975A-4EF5-A7E7-B638DF3D19F7}"
EndProject
Project("{EDCC3B85-0BAD-11DB-BC1A-00112FDE8B61}") = "fsmtest", "Tests\fsmtest\fsmtest.nproj", "{6093C172-6D67-49FF-919B-E012170C203E}"
EndProject
Project("{EDCC3B85-0BAD-11DB-BC1A-00112FDE8B61}") = "FileFsmTest", "Tests\fsmtest\gui_file_test\FileFsmTest.nproj", "{D498E754-F7D9-4EB2-91AF-A95B2002A96A}"
EndProject
Project("{EDCC3B85-0BAD-11DB-BC1A-00112FDE8B61}") = "Nemerle.Statechart.Parser", "Nemerle.Statechart.Parser\Nemerle.Statechart.Parser.nproj", "{2D8790ED-D955-4DF3-B24F-4291469B7618}"
EndProject
Project("{EDCC3B85-0BAD-11DB-BC1A-00112FDE8B61}") = "Nemerle.Statechart.Analyser", "Nemerle.Statechart.Analyser\Nemerle.Statechart.Analyser.nproj", "{4888767B-A3ED-4198-9E73-9C6AA14F5A90}"
EndProject
Project("{EDCC3B85-0BAD-11DB-BC1A-00112FDE8B61}") = "Nemerle.Statechart.Generator", "Nemerle.Statechart.Generator\Nemerle.Statechart.Generator.nproj", "{0AB321F6-C2B3-410B-8BA8-9C7C0AF9C79F}"
EndProject
Global
	GlobalSection(SolutionConfigurationPlatforms) = preSolution
		Debug|Any CPU = Debug|Any CPU
		Debug|AnyCPU = Debug|AnyCPU
		LIBS|Any CPU = LIBS|Any CPU
		LIBS|AnyCPU = LIBS|AnyCPU
		NViewer|Any CPU = NViewer|Any CPU
		NViewer|AnyCPU = NViewer|AnyCPU
		OPC|Any CPU = OPC|Any CPU
		OPC|AnyCPU = OPC|AnyCPU
		Release|Any CPU = Release|Any CPU
		Release|AnyCPU = Release|AnyCPU
	EndGlobalSection
	GlobalSection(ProjectConfigurationPlatforms) = postSolution
		{E835758E-9839-495F-83C7-87366B1B851C}.Debug|Any CPU.ActiveCfg = Debug|Any CPU
		{E835758E-9839-495F-83C7-87366B1B851C}.Debug|Any CPU.Build.0 = Debug|Any CPU
		{E835758E-9839-495F-83C7-87366B1B851C}.Debug|AnyCPU.ActiveCfg = Debug|Any CPU
		{E835758E-9839-495F-83C7-87366B1B851C}.LIBS|Any CPU.ActiveCfg = Release|Any CPU
		{E835758E-9839-495F-83C7-87366B1B851C}.LIBS|AnyCPU.ActiveCfg = Release|Any CPU
		{E835758E-9839-495F-83C7-87366B1B851C}.NViewer|Any CPU.ActiveCfg = Release|Any CPU
		{E835758E-9839-495F-83C7-87366B1B851C}.NViewer|AnyCPU.ActiveCfg = Release|Any CPU
		{E835758E-9839-495F-83C7-87366B1B851C}.OPC|Any CPU.ActiveCfg = Release|Any CPU
		{E835758E-9839-495F-83C7-87366B1B851C}.OPC|AnyCPU.ActiveCfg = Release|Any CPU
		{E835758E-9839-495F-83C7-87366B1B851C}.Release|Any CPU.ActiveCfg = Release|Any CPU
		{E835758E-9839-495F-83C7-87366B1B851C}.Release|Any CPU.Build.0 = Release|Any CPU
		{E835758E-9839-495F-83C7-87366B1B851C}.Release|AnyCPU.ActiveCfg = Release|Any CPU
		{5E9CFDA7-975A-4EF5-A7E7-B638DF3D19F7}.Debug|Any CPU.ActiveCfg = Debug|Any CPU
		{5E9CFDA7-975A-4EF5-A7E7-B638DF3D19F7}.Debug|Any CPU.Build.0 = Debug|Any CPU
		{5E9CFDA7-975A-4EF5-A7E7-B638DF3D19F7}.Debug|AnyCPU.ActiveCfg = Debug|Any CPU
		{5E9CFDA7-975A-4EF5-A7E7-B638DF3D19F7}.LIBS|Any CPU.ActiveCfg = LIBS|Any CPU
		{5E9CFDA7-975A-4EF5-A7E7-B638DF3D19F7}.LIBS|AnyCPU.ActiveCfg = LIBS|Any CPU
		{5E9CFDA7-975A-4EF5-A7E7-B638DF3D19F7}.NViewer|Any CPU.ActiveCfg = NViewer|Any CPU
		{5E9CFDA7-975A-4EF5-A7E7-B638DF3D19F7}.NViewer|AnyCPU.ActiveCfg = NViewer|Any CPU
		{5E9CFDA7-975A-4EF5-A7E7-B638DF3D19F7}.OPC|Any CPU.ActiveCfg = OPC|Any CPU
		{5E9CFDA7-975A-4EF5-A7E7-B638DF3D19F7}.OPC|AnyCPU.ActiveCfg = OPC|Any CPU
		{5E9CFDA7-975A-4EF5-A7E7-B638DF3D19F7}.Release|Any CPU.ActiveCfg = Release|Any CPU
		{5E9CFDA7-975A-4EF5-A7E7-B638DF3D19F7}.Release|Any CPU.Build.0 = Release|Any CPU
		{5E9CFDA7-975A-4EF5-A7E7-B638DF3D19F7}.Release|AnyCPU.ActiveCfg = Release|Any CPU
		{6093C172-6D67-49FF-919B-E012170C203E}.Debug|Any CPU.ActiveCfg = Debug|Any CPU
		{6093C172-6D67-49FF-919B-E012170C203E}.Debug|Any CPU.Build.0 = Debug|Any CPU
		{6093C172-6D67-49FF-919B-E012170C203E}.Debug|AnyCPU.ActiveCfg = Debug|Any CPU
		{6093C172-6D67-49FF-919B-E012170C203E}.LIBS|Any CPU.ActiveCfg = Release|Any CPU
		{6093C172-6D67-49FF-919B-E012170C203E}.LIBS|AnyCPU.ActiveCfg = Release|Any CPU
		{6093C172-6D67-49FF-919B-E012170C203E}.NViewer|Any CPU.ActiveCfg = Release|Any CPU
		{6093C172-6D67-49FF-919B-E012170C203E}.NViewer|AnyCPU.ActiveCfg = Release|Any CPU
		{6093C172-6D67-49FF-919B-E012170C203E}.OPC|Any CPU.ActiveCfg = Release|Any CPU
		{6093C172-6D67-49FF-919B-E012170C203E}.OPC|AnyCPU.ActiveCfg = Release|Any CPU
		{6093C172-6D67-49FF-919B-E012170C203E}.Release|Any CPU.ActiveCfg = Release|Any CPU
		{6093C172-6D67-49FF-919B-E012170C203E}.Release|Any CPU.Build.0 = Release|Any CPU
		{6093C172-6D67-49FF-919B-E012170C203E}.Release|AnyCPU.ActiveCfg = Release|Any CPU
		{D498E754-F7D9-4EB2-91AF-A95B2002A96A}.Debug|Any CPU.ActiveCfg = Debug|Any CPU
		{D498E754-F7D9-4EB2-91AF-A95B2002A96A}.Debug|Any CPU.Build.0 = Debug|Any CPU
		{D498E754-F7D9-4EB2-91AF-A95B2002A96A}.Debug|AnyCPU.ActiveCfg = Debug|Any CPU
		{D498E754-F7D9-4EB2-91AF-A95B2002A96A}.LIBS|Any CPU.ActiveCfg = Release|Any CPU
		{D498E754-F7D9-4EB2-91AF-A95B2002A96A}.LIBS|AnyCPU.ActiveCfg = Release|Any CPU
		{D498E754-F7D9-4EB2-91AF-A95B2002A96A}.NViewer|Any CPU.ActiveCfg = Release|Any CPU
		{D498E754-F7D9-4EB2-91AF-A95B2002A96A}.NViewer|AnyCPU.ActiveCfg = Release|Any CPU
		{D498E754-F7D9-4EB2-91AF-A95B2002A96A}.OPC|Any CPU.ActiveCfg = Release|Any CPU
		{D498E754-F7D9-4EB2-91AF-A95B2002A96A}.OPC|AnyCPU.ActiveCfg = Release|Any CPU
		{D498E754-F7D9-4EB2-91AF-A95B2002A96A}.Release|Any CPU.ActiveCfg = Release|Any CPU
		{D498E754-F7D9-4EB2-91AF-A95B2002A96A}.Release|Any CPU.Build.0 = Release|Any CPU
		{D498E754-F7D9-4EB2-91AF-A95B2002A96A}.Release|AnyCPU.ActiveCfg = Release|Any CPU
		{2D8790ED-D955-4DF3-B24F-4291469B7618}.Debug|Any CPU.ActiveCfg = Debug|Any CPU
		{2D8790ED-D955-4DF3-B24F-4291469B7618}.Debug|Any CPU.Build.0 = Debug|Any CPU
		{2D8790ED-D955-4DF3-B24F-4291469B7618}.Debug|AnyCPU.ActiveCfg = Debug|Any CPU
		{2D8790ED-D955-4DF3-B24F-4291469B7618}.LIBS|Any CPU.ActiveCfg = Release|Any CPU
		{2D8790ED-D955-4DF3-B24F-4291469B7618}.LIBS|AnyCPU.ActiveCfg = Release|Any CPU
		{2D8790ED-D955-4DF3-B24F-4291469B7618}.NViewer|Any CPU.ActiveCfg = Release|Any CPU
		{2D8790ED-D955-4DF3-B24F-4291469B7618}.NViewer|AnyCPU.ActiveCfg = Release|Any CPU
		{2D8790ED-D955-4DF3-B24F-4291469B7618}.OPC|Any CPU.ActiveCfg = Release|Any CPU
		{2D8790ED-D955-4DF3-B24F-4291469B7618}.OPC|AnyCPU.ActiveCfg = Release|Any CPU
		{2D8790ED-D955-4DF3-B24F-4291469B7618}.Release|Any CPU.ActiveCfg = Release|Any CPU
		{2D8790ED-D955-4DF3-B24F-4291469B7618}.Release|Any CPU.Build.0 = Release|Any CPU
		{2D8790ED-D955-4DF3-B24F-4291469B7618}.Release|AnyCPU.ActiveCfg = Release|Any CPU
		{4888767B-A3ED-4198-9E73-9C6AA14F5A90}.Debug|Any CPU.ActiveCfg = Debug|Any CPU
		{4888767B-A3ED-4198-9E73-9C6AA14F5A90}.Debug|Any CPU.Build.0 = Debug|Any CPU
		{4888767B-A3ED-4198-9E73-9C6AA14F5A90}.Debug|AnyCPU.ActiveCfg = Debug|Any CPU
		{4888767B-A3ED-4198-9E73-9C6AA14F5A90}.LIBS|Any CPU.ActiveCfg = Release|Any CPU
		{4888767B-A3ED-4198-9E73-9C6AA14F5A90}.LIBS|AnyCPU.ActiveCfg = Release|Any CPU
		{4888767B-A3ED-4198-9E73-9C6AA14F5A90}.NViewer|Any CPU.ActiveCfg = Release|Any CPU
		{4888767B-A3ED-4198-9E73-9C6AA14F5A90}.NViewer|AnyCPU.ActiveCfg = Release|Any CPU
		{4888767B-A3ED-4198-9E73-9C6AA14F5A90}.OPC|Any CPU.ActiveCfg = Release|Any CPU
		{4888767B-A3ED-4198-9E73-9C6AA14F5A90}.OPC|AnyCPU.ActiveCfg = Release|Any CPU
		{4888767B-A3ED-4198-9E73-9C6AA14F5A90}.Release|Any CPU.ActiveCfg = Release|Any CPU
		{4888767B-A3ED-4198-9E73-9C6AA14F5A90}.Release|Any CPU.Build.0 = Release|Any CPU
		{4888767B-A3ED-4198-9E73-9C6AA14F5A90}.Release|AnyCPU.ActiveCfg = Release|Any CPU
		{0AB321F6-C2B3-410B-8BA8-9C7C0AF9C79F}.Debug|Any CPU.ActiveCfg = Debug|Any CPU
		{0AB321F6-C2B3-410B-8BA8-9C7C0AF9C79F}.Debug|Any CPU.Build.0 = Debug|Any CPU
		{0AB321F6-C2B3-410B-8BA8-9C7C0AF9C79F}.Debug|AnyCPU.ActiveCfg = Debug|Any CPU
		{0AB321F6-C2B3-410B-8BA8-9C7C0AF9C79F}.LIBS|Any CPU.ActiveCfg = Release|Any CPU
		{0AB321F6-C2B3-410B-8BA8-9C7C0AF9C79F}.LIBS|AnyCPU.ActiveCfg = Release|Any CPU
		{0AB321F6-C2B3-410B-8BA8-9C7C0AF9C79F}.NViewer|Any CPU.ActiveCfg = Release|Any CPU
		{0AB321F6-C2B3-410B-8BA8-9C7C0AF9C79F}.NViewer|AnyCPU.ActiveCfg = Release|Any CPU
		{0AB321F6-C2B3-410B-8BA8-9C7C0AF9C79F}.OPC|Any CPU.ActiveCfg = Release|Any CPU
		{0AB321F6-C2B3-410B-8BA8-9C7C0AF9C79F}.OPC|AnyCPU.ActiveCfg = Release|Any CPU
		{0AB321F6-C2B3-410B-8BA8-9C7C0AF9C79F}.Release|Any CPU.ActiveCfg = Release|Any CPU
		{0AB321F6-C2B3-410B-8BA8-9C7C0AF9C79F}.Release|Any CPU.Build.0 = Release|Any CPU
		{0AB321F6-C2B3-410B-8BA8-9C7C0AF9C79F}.Release|AnyCPU.ActiveCfg = Release|Any CPU
	EndGlobalSection
	GlobalSection(SolutionProperties) = preSolution
		HideSolutionNode = FALSE
	EndGlobalSection
EndGlobal
