
Microsoft Visual Studio Solution File, Format Version 11.00
# Visual Studio 2010
Project("{EDCC3B85-0BAD-11DB-BC1A-00112FDE8B61}") = "Nemerle.Statechart", "Nemerle.Statechart.nproj", "{E835758E-9839-495F-83C7-87366B1B851C}"
EndProject
Project("{EDCC3B85-0BAD-11DB-BC1A-00112FDE8B61}") = "Nemerle.Statechart.Macros", "Lib\Nemerle.Statechart.Macros.nproj", "{5E9CFDA7-975A-4EF5-A7E7-B638DF3D19F7}"
EndProject
Project("{EDCC3B85-0BAD-11DB-BC1A-00112FDE8B61}") = "fsmtest", "Tests\fsmtest\fsmtest.nproj", "{A9FF0503-EB88-4BDF-AC5D-E9FC26EF8389}"
EndProject
Global
	GlobalSection(SolutionConfigurationPlatforms) = preSolution
		Debug|Any CPU = Debug|Any CPU
		Debug|AnyCPU = Debug|AnyCPU
		LIBS|Any CPU = LIBS|Any CPU
		LIBS|AnyCPU = LIBS|AnyCPU
		NViewer|Any CPU = NViewer|Any CPU
		NViewer|AnyCPU = NViewer|AnyCPU
		OPC|Any CPU = OPC|Any CPU
		OPC|AnyCPU = OPC|AnyCPU
		Release|Any CPU = Release|Any CPU
		Release|AnyCPU = Release|AnyCPU
	EndGlobalSection
	GlobalSection(ProjectConfigurationPlatforms) = postSolution
		{E835758E-9839-495F-83C7-87366B1B851C}.Debug|Any CPU.ActiveCfg = Debug|Any CPU
		{E835758E-9839-495F-83C7-87366B1B851C}.Debug|Any CPU.Build.0 = Debug|Any CPU
		{E835758E-9839-495F-83C7-87366B1B851C}.Debug|AnyCPU.ActiveCfg = Debug|Any CPU
		{E835758E-9839-495F-83C7-87366B1B851C}.LIBS|Any CPU.ActiveCfg = Release|Any CPU
		{E835758E-9839-495F-83C7-87366B1B851C}.LIBS|Any CPU.Build.0 = Release|Any CPU
		{E835758E-9839-495F-83C7-87366B1B851C}.LIBS|AnyCPU.ActiveCfg = Release|Any CPU
		{E835758E-9839-495F-83C7-87366B1B851C}.NViewer|Any CPU.ActiveCfg = Release|Any CPU
		{E835758E-9839-495F-83C7-87366B1B851C}.NViewer|Any CPU.Build.0 = Release|Any CPU
		{E835758E-9839-495F-83C7-87366B1B851C}.NViewer|AnyCPU.ActiveCfg = Release|Any CPU
		{E835758E-9839-495F-83C7-87366B1B851C}.OPC|Any CPU.ActiveCfg = Release|Any CPU
		{E835758E-9839-495F-83C7-87366B1B851C}.OPC|Any CPU.Build.0 = Release|Any CPU
		{E835758E-9839-495F-83C7-87366B1B851C}.OPC|AnyCPU.ActiveCfg = Release|Any CPU
		{E835758E-9839-495F-83C7-87366B1B851C}.Release|Any CPU.ActiveCfg = Release|Any CPU
		{E835758E-9839-495F-83C7-87366B1B851C}.Release|Any CPU.Build.0 = Release|Any CPU
		{E835758E-9839-495F-83C7-87366B1B851C}.Release|AnyCPU.ActiveCfg = Release|Any CPU
		{5E9CFDA7-975A-4EF5-A7E7-B638DF3D19F7}.Debug|Any CPU.ActiveCfg = Debug|Any CPU
		{5E9CFDA7-975A-4EF5-A7E7-B638DF3D19F7}.Debug|Any CPU.Build.0 = Debug|Any CPU
		{5E9CFDA7-975A-4EF5-A7E7-B638DF3D19F7}.Debug|AnyCPU.ActiveCfg = Debug|Any CPU
		{5E9CFDA7-975A-4EF5-A7E7-B638DF3D19F7}.LIBS|Any CPU.ActiveCfg = LIBS|Any CPU
		{5E9CFDA7-975A-4EF5-A7E7-B638DF3D19F7}.LIBS|Any CPU.Build.0 = LIBS|Any CPU
		{5E9CFDA7-975A-4EF5-A7E7-B638DF3D19F7}.LIBS|AnyCPU.ActiveCfg = LIBS|Any CPU
		{5E9CFDA7-975A-4EF5-A7E7-B638DF3D19F7}.NViewer|Any CPU.ActiveCfg = NViewer|Any CPU
		{5E9CFDA7-975A-4EF5-A7E7-B638DF3D19F7}.NViewer|Any CPU.Build.0 = NViewer|Any CPU
		{5E9CFDA7-975A-4EF5-A7E7-B638DF3D19F7}.NViewer|AnyCPU.ActiveCfg = NViewer|Any CPU
		{5E9CFDA7-975A-4EF5-A7E7-B638DF3D19F7}.OPC|Any CPU.ActiveCfg = OPC|Any CPU
		{5E9CFDA7-975A-4EF5-A7E7-B638DF3D19F7}.OPC|Any CPU.Build.0 = OPC|Any CPU
		{5E9CFDA7-975A-4EF5-A7E7-B638DF3D19F7}.OPC|AnyCPU.ActiveCfg = OPC|Any CPU
		{5E9CFDA7-975A-4EF5-A7E7-B638DF3D19F7}.Release|Any CPU.ActiveCfg = Release|Any CPU
		{5E9CFDA7-975A-4EF5-A7E7-B638DF3D19F7}.Release|Any CPU.Build.0 = Release|Any CPU
		{5E9CFDA7-975A-4EF5-A7E7-B638DF3D19F7}.Release|AnyCPU.ActiveCfg = Release|Any CPU
		{A9FF0503-EB88-4BDF-AC5D-E9FC26EF8389}.Debug|Any CPU.ActiveCfg = Debug|Any CPU
		{A9FF0503-EB88-4BDF-AC5D-E9FC26EF8389}.Debug|Any CPU.Build.0 = Debug|Any CPU
		{A9FF0503-EB88-4BDF-AC5D-E9FC26EF8389}.Debug|AnyCPU.ActiveCfg = Debug|Any CPU
		{A9FF0503-EB88-4BDF-AC5D-E9FC26EF8389}.LIBS|Any CPU.ActiveCfg = Release|Any CPU
		{A9FF0503-EB88-4BDF-AC5D-E9FC26EF8389}.LIBS|Any CPU.Build.0 = Release|Any CPU
		{A9FF0503-EB88-4BDF-AC5D-E9FC26EF8389}.LIBS|AnyCPU.ActiveCfg = Release|Any CPU
		{A9FF0503-EB88-4BDF-AC5D-E9FC26EF8389}.NViewer|Any CPU.ActiveCfg = Release|Any CPU
		{A9FF0503-EB88-4BDF-AC5D-E9FC26EF8389}.NViewer|Any CPU.Build.0 = Release|Any CPU
		{A9FF0503-EB88-4BDF-AC5D-E9FC26EF8389}.NViewer|AnyCPU.ActiveCfg = Release|Any CPU
		{A9FF0503-EB88-4BDF-AC5D-E9FC26EF8389}.OPC|Any CPU.ActiveCfg = Release|Any CPU
		{A9FF0503-EB88-4BDF-AC5D-E9FC26EF8389}.OPC|Any CPU.Build.0 = Release|Any CPU
		{A9FF0503-EB88-4BDF-AC5D-E9FC26EF8389}.OPC|AnyCPU.ActiveCfg = Release|Any CPU
		{A9FF0503-EB88-4BDF-AC5D-E9FC26EF8389}.Release|Any CPU.ActiveCfg = Release|Any CPU
		{A9FF0503-EB88-4BDF-AC5D-E9FC26EF8389}.Release|Any CPU.Build.0 = Release|Any CPU
		{A9FF0503-EB88-4BDF-AC5D-E9FC26EF8389}.Release|AnyCPU.ActiveCfg = Release|Any CPU
	EndGlobalSection
	GlobalSection(SolutionProperties) = preSolution
		HideSolutionNode = FALSE
	EndGlobalSection
EndGlobal
