
Microsoft Visual Studio Solution File, Format Version 11.00
# Visual Studio 2010
Project("{EDCC3B85-0BAD-11DB-BC1A-00112FDE8B61}") = "Nemerle.Statechart_snippets", "Nemerle.Statechart_snippets.nproj", "{F814E097-D32D-4E75-ACDF-97F644F7063C}"
EndProject
Project("{EDCC3B85-0BAD-11DB-BC1A-00112FDE8B61}") = "Nemerle.Statechart.Lib", "Lib\Nemerle.Statechart.Lib.nproj", "{09006B59-CE96-4AEE-856E-D623484A7EE7}"
EndProject
Project("{EDCC3B85-0BAD-11DB-BC1A-00112FDE8B61}") = "state_machines_release", "Tests\state_machines\state_machines_release.nproj", "{797C8BF4-2021-49C8-8328-DD00A62200B5}"
EndProject
Project("{EDCC3B85-0BAD-11DB-BC1A-00112FDE8B61}") = "fsmtest_release", "Tests\fsmtest\fsmtest_release.nproj", "{6093C172-6D67-49FF-919B-E012170C203E}"
EndProject
Project("{EDCC3B85-0BAD-11DB-BC1A-00112FDE8B61}") = "FileFsmTest_release", "Tests\GuiFileTest\FileFsmTest_release.nproj", "{D498E754-F7D9-4EB2-91AF-A95B2002A96A}"
EndProject
Project("{EDCC3B85-0BAD-11DB-BC1A-00112FDE8B61}") = "Nemerle.Statechart.Runtime", "Nemerle.Statechart.Runtime\Nemerle.Statechart.Runtime.nproj", "{CAE85846-D56A-4C0B-8964-5419513D4A30}"
EndProject
Project("{EDCC3B85-0BAD-11DB-BC1A-00112FDE8B61}") = "Nemerle.Peg.Macros", "..\peg-parser\Nemerle.Peg.Macros\Nemerle.Peg.Macros.nproj", "{388424BD-C3A5-4C01-B84B-6C1BB9A9CC8E}"
EndProject
Project("{EDCC3B85-0BAD-11DB-BC1A-00112FDE8B61}") = "Nemerle.Peg", "..\peg-parser\Nemerle.Peg\Nemerle.Peg.nproj", "{76DB8B13-A01A-47BD-98BE-F2D3755770FE}"
EndProject
Project("{FAE04EC0-301F-11D3-BF4B-00C04F79EFBC}") = "AlarmClock_snippets", "Tests\AlarmClock\AlarmClock_snippets.csproj", "{05995382-03B1-452F-8319-84CAC2B36DC5}"
EndProject
Project("{FAE04EC0-301F-11D3-BF4B-00C04F79EFBC}") = "Calculator_snippets", "Tests\Calculator\Calculator_snippets.csproj", "{C888BFDA-C2DD-4736-9EB9-2CE72569A525}"
EndProject
Project("{FAE04EC0-301F-11D3-BF4B-00C04F79EFBC}") = "CodePad_snippets", "Tests\CodePad\CodePad_snippets.csproj", "{BA883334-CD8E-4E68-A599-34699182DE7E}"
EndProject
Global
	GlobalSection(SolutionConfigurationPlatforms) = preSolution
		Debug|Any CPU = Debug|Any CPU
		Debug|AnyCPU = Debug|AnyCPU
		Debug|Mixed Platforms = Debug|Mixed Platforms
		Debug|x86 = Debug|x86
		LIBS|Any CPU = LIBS|Any CPU
		LIBS|AnyCPU = LIBS|AnyCPU
		LIBS|Mixed Platforms = LIBS|Mixed Platforms
		LIBS|x86 = LIBS|x86
		NViewer|Any CPU = NViewer|Any CPU
		NViewer|AnyCPU = NViewer|AnyCPU
		NViewer|Mixed Platforms = NViewer|Mixed Platforms
		NViewer|x86 = NViewer|x86
		OPC|Any CPU = OPC|Any CPU
		OPC|AnyCPU = OPC|AnyCPU
		OPC|Mixed Platforms = OPC|Mixed Platforms
		OPC|x86 = OPC|x86
		Release|Any CPU = Release|Any CPU
		Release|AnyCPU = Release|AnyCPU
		Release|Mixed Platforms = Release|Mixed Platforms
		Release|x86 = Release|x86
	EndGlobalSection
	GlobalSection(ProjectConfigurationPlatforms) = postSolution
		{F814E097-D32D-4E75-ACDF-97F644F7063C}.Debug|Any CPU.ActiveCfg = Debug|Any CPU
		{F814E097-D32D-4E75-ACDF-97F644F7063C}.Debug|Any CPU.Build.0 = Debug|Any CPU
		{F814E097-D32D-4E75-ACDF-97F644F7063C}.Debug|AnyCPU.ActiveCfg = Debug|Any CPU
		{F814E097-D32D-4E75-ACDF-97F644F7063C}.Debug|Mixed Platforms.ActiveCfg = Debug|Any CPU
		{F814E097-D32D-4E75-ACDF-97F644F7063C}.Debug|Mixed Platforms.Build.0 = Debug|Any CPU
		{F814E097-D32D-4E75-ACDF-97F644F7063C}.Debug|x86.ActiveCfg = Debug|x86
		{F814E097-D32D-4E75-ACDF-97F644F7063C}.Debug|x86.Build.0 = Debug|x86
		{F814E097-D32D-4E75-ACDF-97F644F7063C}.LIBS|Any CPU.ActiveCfg = Release|Any CPU
		{F814E097-D32D-4E75-ACDF-97F644F7063C}.LIBS|Any CPU.Build.0 = Release|Any CPU
		{F814E097-D32D-4E75-ACDF-97F644F7063C}.LIBS|AnyCPU.ActiveCfg = Release|Any CPU
		{F814E097-D32D-4E75-ACDF-97F644F7063C}.LIBS|Mixed Platforms.ActiveCfg = Release|Any CPU
		{F814E097-D32D-4E75-ACDF-97F644F7063C}.LIBS|Mixed Platforms.Build.0 = Release|Any CPU
		{F814E097-D32D-4E75-ACDF-97F644F7063C}.LIBS|x86.ActiveCfg = Release|Any CPU
		{F814E097-D32D-4E75-ACDF-97F644F7063C}.NViewer|Any CPU.ActiveCfg = Release|Any CPU
		{F814E097-D32D-4E75-ACDF-97F644F7063C}.NViewer|Any CPU.Build.0 = Release|Any CPU
		{F814E097-D32D-4E75-ACDF-97F644F7063C}.NViewer|AnyCPU.ActiveCfg = Release|Any CPU
		{F814E097-D32D-4E75-ACDF-97F644F7063C}.NViewer|Mixed Platforms.ActiveCfg = Release|Any CPU
		{F814E097-D32D-4E75-ACDF-97F644F7063C}.NViewer|Mixed Platforms.Build.0 = Release|Any CPU
		{F814E097-D32D-4E75-ACDF-97F644F7063C}.NViewer|x86.ActiveCfg = Release|Any CPU
		{F814E097-D32D-4E75-ACDF-97F644F7063C}.OPC|Any CPU.ActiveCfg = Release|Any CPU
		{F814E097-D32D-4E75-ACDF-97F644F7063C}.OPC|Any CPU.Build.0 = Release|Any CPU
		{F814E097-D32D-4E75-ACDF-97F644F7063C}.OPC|AnyCPU.ActiveCfg = Release|Any CPU
		{F814E097-D32D-4E75-ACDF-97F644F7063C}.OPC|Mixed Platforms.ActiveCfg = Release|Any CPU
		{F814E097-D32D-4E75-ACDF-97F644F7063C}.OPC|Mixed Platforms.Build.0 = Release|Any CPU
		{F814E097-D32D-4E75-ACDF-97F644F7063C}.OPC|x86.ActiveCfg = Release|Any CPU
		{F814E097-D32D-4E75-ACDF-97F644F7063C}.Release|Any CPU.ActiveCfg = Release|Any CPU
		{F814E097-D32D-4E75-ACDF-97F644F7063C}.Release|Any CPU.Build.0 = Release|Any CPU
		{F814E097-D32D-4E75-ACDF-97F644F7063C}.Release|AnyCPU.ActiveCfg = Release|Any CPU
		{F814E097-D32D-4E75-ACDF-97F644F7063C}.Release|Mixed Platforms.ActiveCfg = Release|Any CPU
		{F814E097-D32D-4E75-ACDF-97F644F7063C}.Release|Mixed Platforms.Build.0 = Release|Any CPU
		{F814E097-D32D-4E75-ACDF-97F644F7063C}.Release|x86.ActiveCfg = Release|x86
		{F814E097-D32D-4E75-ACDF-97F644F7063C}.Release|x86.Build.0 = Release|x86
		{09006B59-CE96-4AEE-856E-D623484A7EE7}.Debug|Any CPU.ActiveCfg = Debug|Any CPU
		{09006B59-CE96-4AEE-856E-D623484A7EE7}.Debug|Any CPU.Build.0 = Debug|Any CPU
		{09006B59-CE96-4AEE-856E-D623484A7EE7}.Debug|AnyCPU.ActiveCfg = Debug|Any CPU
		{09006B59-CE96-4AEE-856E-D623484A7EE7}.Debug|Mixed Platforms.ActiveCfg = Debug|Any CPU
		{09006B59-CE96-4AEE-856E-D623484A7EE7}.Debug|Mixed Platforms.Build.0 = Debug|Any CPU
		{09006B59-CE96-4AEE-856E-D623484A7EE7}.Debug|x86.ActiveCfg = Debug|x86
		{09006B59-CE96-4AEE-856E-D623484A7EE7}.Debug|x86.Build.0 = Debug|x86
		{09006B59-CE96-4AEE-856E-D623484A7EE7}.LIBS|Any CPU.ActiveCfg = LIBS|Any CPU
		{09006B59-CE96-4AEE-856E-D623484A7EE7}.LIBS|Any CPU.Build.0 = LIBS|Any CPU
		{09006B59-CE96-4AEE-856E-D623484A7EE7}.LIBS|AnyCPU.ActiveCfg = LIBS|Any CPU
		{09006B59-CE96-4AEE-856E-D623484A7EE7}.LIBS|Mixed Platforms.ActiveCfg = LIBS|Any CPU
		{09006B59-CE96-4AEE-856E-D623484A7EE7}.LIBS|Mixed Platforms.Build.0 = LIBS|Any CPU
		{09006B59-CE96-4AEE-856E-D623484A7EE7}.LIBS|x86.ActiveCfg = LIBS|x86
		{09006B59-CE96-4AEE-856E-D623484A7EE7}.LIBS|x86.Build.0 = LIBS|x86
		{09006B59-CE96-4AEE-856E-D623484A7EE7}.NViewer|Any CPU.ActiveCfg = NViewer|Any CPU
		{09006B59-CE96-4AEE-856E-D623484A7EE7}.NViewer|Any CPU.Build.0 = NViewer|Any CPU
		{09006B59-CE96-4AEE-856E-D623484A7EE7}.NViewer|AnyCPU.ActiveCfg = NViewer|Any CPU
		{09006B59-CE96-4AEE-856E-D623484A7EE7}.NViewer|Mixed Platforms.ActiveCfg = NViewer|Any CPU
		{09006B59-CE96-4AEE-856E-D623484A7EE7}.NViewer|Mixed Platforms.Build.0 = NViewer|Any CPU
		{09006B59-CE96-4AEE-856E-D623484A7EE7}.NViewer|x86.ActiveCfg = NViewer|x86
		{09006B59-CE96-4AEE-856E-D623484A7EE7}.NViewer|x86.Build.0 = NViewer|x86
		{09006B59-CE96-4AEE-856E-D623484A7EE7}.OPC|Any CPU.ActiveCfg = OPC|Any CPU
		{09006B59-CE96-4AEE-856E-D623484A7EE7}.OPC|Any CPU.Build.0 = OPC|Any CPU
		{09006B59-CE96-4AEE-856E-D623484A7EE7}.OPC|AnyCPU.ActiveCfg = OPC|Any CPU
		{09006B59-CE96-4AEE-856E-D623484A7EE7}.OPC|Mixed Platforms.ActiveCfg = OPC|Any CPU
		{09006B59-CE96-4AEE-856E-D623484A7EE7}.OPC|Mixed Platforms.Build.0 = OPC|Any CPU
		{09006B59-CE96-4AEE-856E-D623484A7EE7}.OPC|x86.ActiveCfg = OPC|x86
		{09006B59-CE96-4AEE-856E-D623484A7EE7}.OPC|x86.Build.0 = OPC|x86
		{09006B59-CE96-4AEE-856E-D623484A7EE7}.Release|Any CPU.ActiveCfg = Release|Any CPU
		{09006B59-CE96-4AEE-856E-D623484A7EE7}.Release|Any CPU.Build.0 = Release|Any CPU
		{09006B59-CE96-4AEE-856E-D623484A7EE7}.Release|AnyCPU.ActiveCfg = Release|Any CPU
		{09006B59-CE96-4AEE-856E-D623484A7EE7}.Release|Mixed Platforms.ActiveCfg = Release|Any CPU
		{09006B59-CE96-4AEE-856E-D623484A7EE7}.Release|Mixed Platforms.Build.0 = Release|Any CPU
		{09006B59-CE96-4AEE-856E-D623484A7EE7}.Release|x86.ActiveCfg = Release|x86
		{09006B59-CE96-4AEE-856E-D623484A7EE7}.Release|x86.Build.0 = Release|x86
		{797C8BF4-2021-49C8-8328-DD00A62200B5}.Debug|Any CPU.ActiveCfg = Debug|Any CPU
		{797C8BF4-2021-49C8-8328-DD00A62200B5}.Debug|Any CPU.Build.0 = Debug|Any CPU
		{797C8BF4-2021-49C8-8328-DD00A62200B5}.Debug|AnyCPU.ActiveCfg = Debug|Any CPU
		{797C8BF4-2021-49C8-8328-DD00A62200B5}.Debug|Mixed Platforms.ActiveCfg = Debug|Any CPU
		{797C8BF4-2021-49C8-8328-DD00A62200B5}.Debug|Mixed Platforms.Build.0 = Debug|Any CPU
		{797C8BF4-2021-49C8-8328-DD00A62200B5}.Debug|x86.ActiveCfg = Debug|Any CPU
		{797C8BF4-2021-49C8-8328-DD00A62200B5}.LIBS|Any CPU.ActiveCfg = Release|Any CPU
		{797C8BF4-2021-49C8-8328-DD00A62200B5}.LIBS|Any CPU.Build.0 = Release|Any CPU
		{797C8BF4-2021-49C8-8328-DD00A62200B5}.LIBS|AnyCPU.ActiveCfg = Release|Any CPU
		{797C8BF4-2021-49C8-8328-DD00A62200B5}.LIBS|Mixed Platforms.ActiveCfg = Release|Any CPU
		{797C8BF4-2021-49C8-8328-DD00A62200B5}.LIBS|Mixed Platforms.Build.0 = Release|Any CPU
		{797C8BF4-2021-49C8-8328-DD00A62200B5}.LIBS|x86.ActiveCfg = Release|Any CPU
		{797C8BF4-2021-49C8-8328-DD00A62200B5}.NViewer|Any CPU.ActiveCfg = Release|Any CPU
		{797C8BF4-2021-49C8-8328-DD00A62200B5}.NViewer|Any CPU.Build.0 = Release|Any CPU
		{797C8BF4-2021-49C8-8328-DD00A62200B5}.NViewer|AnyCPU.ActiveCfg = Release|Any CPU
		{797C8BF4-2021-49C8-8328-DD00A62200B5}.NViewer|Mixed Platforms.ActiveCfg = Release|Any CPU
		{797C8BF4-2021-49C8-8328-DD00A62200B5}.NViewer|Mixed Platforms.Build.0 = Release|Any CPU
		{797C8BF4-2021-49C8-8328-DD00A62200B5}.NViewer|x86.ActiveCfg = Release|Any CPU
		{797C8BF4-2021-49C8-8328-DD00A62200B5}.OPC|Any CPU.ActiveCfg = Release|Any CPU
		{797C8BF4-2021-49C8-8328-DD00A62200B5}.OPC|Any CPU.Build.0 = Release|Any CPU
		{797C8BF4-2021-49C8-8328-DD00A62200B5}.OPC|AnyCPU.ActiveCfg = Release|Any CPU
		{797C8BF4-2021-49C8-8328-DD00A62200B5}.OPC|Mixed Platforms.ActiveCfg = Release|Any CPU
		{797C8BF4-2021-49C8-8328-DD00A62200B5}.OPC|Mixed Platforms.Build.0 = Release|Any CPU
		{797C8BF4-2021-49C8-8328-DD00A62200B5}.OPC|x86.ActiveCfg = Release|Any CPU
		{797C8BF4-2021-49C8-8328-DD00A62200B5}.Release|Any CPU.ActiveCfg = Release|Any CPU
		{797C8BF4-2021-49C8-8328-DD00A62200B5}.Release|Any CPU.Build.0 = Release|Any CPU
		{797C8BF4-2021-49C8-8328-DD00A62200B5}.Release|AnyCPU.ActiveCfg = Release|Any CPU
		{797C8BF4-2021-49C8-8328-DD00A62200B5}.Release|Mixed Platforms.ActiveCfg = Release|Any CPU
		{797C8BF4-2021-49C8-8328-DD00A62200B5}.Release|Mixed Platforms.Build.0 = Release|Any CPU
		{797C8BF4-2021-49C8-8328-DD00A62200B5}.Release|x86.ActiveCfg = Release|Any CPU
		{6093C172-6D67-49FF-919B-E012170C203E}.Debug|Any CPU.ActiveCfg = Debug|Any CPU
		{6093C172-6D67-49FF-919B-E012170C203E}.Debug|Any CPU.Build.0 = Debug|Any CPU
		{6093C172-6D67-49FF-919B-E012170C203E}.Debug|AnyCPU.ActiveCfg = Debug|Any CPU
		{6093C172-6D67-49FF-919B-E012170C203E}.Debug|Mixed Platforms.ActiveCfg = Debug|Any CPU
		{6093C172-6D67-49FF-919B-E012170C203E}.Debug|Mixed Platforms.Build.0 = Debug|Any CPU
		{6093C172-6D67-49FF-919B-E012170C203E}.Debug|x86.ActiveCfg = Debug|Any CPU
		{6093C172-6D67-49FF-919B-E012170C203E}.LIBS|Any CPU.ActiveCfg = Release|Any CPU
		{6093C172-6D67-49FF-919B-E012170C203E}.LIBS|Any CPU.Build.0 = Release|Any CPU
		{6093C172-6D67-49FF-919B-E012170C203E}.LIBS|AnyCPU.ActiveCfg = Release|Any CPU
		{6093C172-6D67-49FF-919B-E012170C203E}.LIBS|Mixed Platforms.ActiveCfg = Release|Any CPU
		{6093C172-6D67-49FF-919B-E012170C203E}.LIBS|Mixed Platforms.Build.0 = Release|Any CPU
		{6093C172-6D67-49FF-919B-E012170C203E}.LIBS|x86.ActiveCfg = Release|Any CPU
		{6093C172-6D67-49FF-919B-E012170C203E}.NViewer|Any CPU.ActiveCfg = Release|Any CPU
		{6093C172-6D67-49FF-919B-E012170C203E}.NViewer|Any CPU.Build.0 = Release|Any CPU
		{6093C172-6D67-49FF-919B-E012170C203E}.NViewer|AnyCPU.ActiveCfg = Release|Any CPU
		{6093C172-6D67-49FF-919B-E012170C203E}.NViewer|Mixed Platforms.ActiveCfg = Release|Any CPU
		{6093C172-6D67-49FF-919B-E012170C203E}.NViewer|Mixed Platforms.Build.0 = Release|Any CPU
		{6093C172-6D67-49FF-919B-E012170C203E}.NViewer|x86.ActiveCfg = Release|Any CPU
		{6093C172-6D67-49FF-919B-E012170C203E}.OPC|Any CPU.ActiveCfg = Release|Any CPU
		{6093C172-6D67-49FF-919B-E012170C203E}.OPC|Any CPU.Build.0 = Release|Any CPU
		{6093C172-6D67-49FF-919B-E012170C203E}.OPC|AnyCPU.ActiveCfg = Release|Any CPU
		{6093C172-6D67-49FF-919B-E012170C203E}.OPC|Mixed Platforms.ActiveCfg = Release|Any CPU
		{6093C172-6D67-49FF-919B-E012170C203E}.OPC|Mixed Platforms.Build.0 = Release|Any CPU
		{6093C172-6D67-49FF-919B-E012170C203E}.OPC|x86.ActiveCfg = Release|Any CPU
		{6093C172-6D67-49FF-919B-E012170C203E}.Release|Any CPU.ActiveCfg = Release|Any CPU
		{6093C172-6D67-49FF-919B-E012170C203E}.Release|Any CPU.Build.0 = Release|Any CPU
		{6093C172-6D67-49FF-919B-E012170C203E}.Release|AnyCPU.ActiveCfg = Release|Any CPU
		{6093C172-6D67-49FF-919B-E012170C203E}.Release|Mixed Platforms.ActiveCfg = Release|Any CPU
		{6093C172-6D67-49FF-919B-E012170C203E}.Release|Mixed Platforms.Build.0 = Release|Any CPU
		{6093C172-6D67-49FF-919B-E012170C203E}.Release|x86.ActiveCfg = Release|Any CPU
		{D498E754-F7D9-4EB2-91AF-A95B2002A96A}.Debug|Any CPU.ActiveCfg = Debug|Any CPU
		{D498E754-F7D9-4EB2-91AF-A95B2002A96A}.Debug|Any CPU.Build.0 = Debug|Any CPU
		{D498E754-F7D9-4EB2-91AF-A95B2002A96A}.Debug|AnyCPU.ActiveCfg = Debug|Any CPU
		{D498E754-F7D9-4EB2-91AF-A95B2002A96A}.Debug|Mixed Platforms.ActiveCfg = Debug|Any CPU
		{D498E754-F7D9-4EB2-91AF-A95B2002A96A}.Debug|Mixed Platforms.Build.0 = Debug|Any CPU
		{D498E754-F7D9-4EB2-91AF-A95B2002A96A}.Debug|x86.ActiveCfg = Debug|Any CPU
		{D498E754-F7D9-4EB2-91AF-A95B2002A96A}.LIBS|Any CPU.ActiveCfg = Release|Any CPU
		{D498E754-F7D9-4EB2-91AF-A95B2002A96A}.LIBS|Any CPU.Build.0 = Release|Any CPU
		{D498E754-F7D9-4EB2-91AF-A95B2002A96A}.LIBS|AnyCPU.ActiveCfg = Release|Any CPU
		{D498E754-F7D9-4EB2-91AF-A95B2002A96A}.LIBS|Mixed Platforms.ActiveCfg = Release|Any CPU
		{D498E754-F7D9-4EB2-91AF-A95B2002A96A}.LIBS|Mixed Platforms.Build.0 = Release|Any CPU
		{D498E754-F7D9-4EB2-91AF-A95B2002A96A}.LIBS|x86.ActiveCfg = Release|Any CPU
		{D498E754-F7D9-4EB2-91AF-A95B2002A96A}.NViewer|Any CPU.ActiveCfg = Release|Any CPU
		{D498E754-F7D9-4EB2-91AF-A95B2002A96A}.NViewer|Any CPU.Build.0 = Release|Any CPU
		{D498E754-F7D9-4EB2-91AF-A95B2002A96A}.NViewer|AnyCPU.ActiveCfg = Release|Any CPU
		{D498E754-F7D9-4EB2-91AF-A95B2002A96A}.NViewer|Mixed Platforms.ActiveCfg = Release|Any CPU
		{D498E754-F7D9-4EB2-91AF-A95B2002A96A}.NViewer|Mixed Platforms.Build.0 = Release|Any CPU
		{D498E754-F7D9-4EB2-91AF-A95B2002A96A}.NViewer|x86.ActiveCfg = Release|Any CPU
		{D498E754-F7D9-4EB2-91AF-A95B2002A96A}.OPC|Any CPU.ActiveCfg = Release|Any CPU
		{D498E754-F7D9-4EB2-91AF-A95B2002A96A}.OPC|Any CPU.Build.0 = Release|Any CPU
		{D498E754-F7D9-4EB2-91AF-A95B2002A96A}.OPC|AnyCPU.ActiveCfg = Release|Any CPU
		{D498E754-F7D9-4EB2-91AF-A95B2002A96A}.OPC|Mixed Platforms.ActiveCfg = Release|Any CPU
		{D498E754-F7D9-4EB2-91AF-A95B2002A96A}.OPC|Mixed Platforms.Build.0 = Release|Any CPU
		{D498E754-F7D9-4EB2-91AF-A95B2002A96A}.OPC|x86.ActiveCfg = Release|Any CPU
		{D498E754-F7D9-4EB2-91AF-A95B2002A96A}.Release|Any CPU.ActiveCfg = Release|Any CPU
		{D498E754-F7D9-4EB2-91AF-A95B2002A96A}.Release|Any CPU.Build.0 = Release|Any CPU
		{D498E754-F7D9-4EB2-91AF-A95B2002A96A}.Release|AnyCPU.ActiveCfg = Release|Any CPU
		{D498E754-F7D9-4EB2-91AF-A95B2002A96A}.Release|Mixed Platforms.ActiveCfg = Release|Any CPU
		{D498E754-F7D9-4EB2-91AF-A95B2002A96A}.Release|Mixed Platforms.Build.0 = Release|Any CPU
		{D498E754-F7D9-4EB2-91AF-A95B2002A96A}.Release|x86.ActiveCfg = Release|Any CPU
		{CAE85846-D56A-4C0B-8964-5419513D4A30}.Debug|Any CPU.ActiveCfg = Debug|Any CPU
		{CAE85846-D56A-4C0B-8964-5419513D4A30}.Debug|Any CPU.Build.0 = Debug|Any CPU
		{CAE85846-D56A-4C0B-8964-5419513D4A30}.Debug|AnyCPU.ActiveCfg = Debug|Any CPU
		{CAE85846-D56A-4C0B-8964-5419513D4A30}.Debug|Mixed Platforms.ActiveCfg = Debug|Any CPU
		{CAE85846-D56A-4C0B-8964-5419513D4A30}.Debug|Mixed Platforms.Build.0 = Debug|Any CPU
		{CAE85846-D56A-4C0B-8964-5419513D4A30}.Debug|x86.ActiveCfg = Debug|Any CPU
		{CAE85846-D56A-4C0B-8964-5419513D4A30}.LIBS|Any CPU.ActiveCfg = Release|Any CPU
		{CAE85846-D56A-4C0B-8964-5419513D4A30}.LIBS|Any CPU.Build.0 = Release|Any CPU
		{CAE85846-D56A-4C0B-8964-5419513D4A30}.LIBS|AnyCPU.ActiveCfg = Release|Any CPU
		{CAE85846-D56A-4C0B-8964-5419513D4A30}.LIBS|Mixed Platforms.ActiveCfg = Release|Any CPU
		{CAE85846-D56A-4C0B-8964-5419513D4A30}.LIBS|Mixed Platforms.Build.0 = Release|Any CPU
		{CAE85846-D56A-4C0B-8964-5419513D4A30}.LIBS|x86.ActiveCfg = Release|Any CPU
		{CAE85846-D56A-4C0B-8964-5419513D4A30}.NViewer|Any CPU.ActiveCfg = Release|Any CPU
		{CAE85846-D56A-4C0B-8964-5419513D4A30}.NViewer|Any CPU.Build.0 = Release|Any CPU
		{CAE85846-D56A-4C0B-8964-5419513D4A30}.NViewer|AnyCPU.ActiveCfg = Release|Any CPU
		{CAE85846-D56A-4C0B-8964-5419513D4A30}.NViewer|Mixed Platforms.ActiveCfg = Release|Any CPU
		{CAE85846-D56A-4C0B-8964-5419513D4A30}.NViewer|Mixed Platforms.Build.0 = Release|Any CPU
		{CAE85846-D56A-4C0B-8964-5419513D4A30}.NViewer|x86.ActiveCfg = Release|Any CPU
		{CAE85846-D56A-4C0B-8964-5419513D4A30}.OPC|Any CPU.ActiveCfg = Release|Any CPU
		{CAE85846-D56A-4C0B-8964-5419513D4A30}.OPC|Any CPU.Build.0 = Release|Any CPU
		{CAE85846-D56A-4C0B-8964-5419513D4A30}.OPC|AnyCPU.ActiveCfg = Release|Any CPU
		{CAE85846-D56A-4C0B-8964-5419513D4A30}.OPC|Mixed Platforms.ActiveCfg = Release|Any CPU
		{CAE85846-D56A-4C0B-8964-5419513D4A30}.OPC|Mixed Platforms.Build.0 = Release|Any CPU
		{CAE85846-D56A-4C0B-8964-5419513D4A30}.OPC|x86.ActiveCfg = Release|Any CPU
		{CAE85846-D56A-4C0B-8964-5419513D4A30}.Release|Any CPU.ActiveCfg = Release|Any CPU
		{CAE85846-D56A-4C0B-8964-5419513D4A30}.Release|Any CPU.Build.0 = Release|Any CPU
		{CAE85846-D56A-4C0B-8964-5419513D4A30}.Release|AnyCPU.ActiveCfg = Release|Any CPU
		{CAE85846-D56A-4C0B-8964-5419513D4A30}.Release|Mixed Platforms.ActiveCfg = Release|Any CPU
		{CAE85846-D56A-4C0B-8964-5419513D4A30}.Release|Mixed Platforms.Build.0 = Release|Any CPU
		{CAE85846-D56A-4C0B-8964-5419513D4A30}.Release|x86.ActiveCfg = Release|Any CPU
		{388424BD-C3A5-4C01-B84B-6C1BB9A9CC8E}.Debug|Any CPU.ActiveCfg = Debug|Any CPU
		{388424BD-C3A5-4C01-B84B-6C1BB9A9CC8E}.Debug|Any CPU.Build.0 = Debug|Any CPU
		{388424BD-C3A5-4C01-B84B-6C1BB9A9CC8E}.Debug|AnyCPU.ActiveCfg = Debug|Any CPU
		{388424BD-C3A5-4C01-B84B-6C1BB9A9CC8E}.Debug|Mixed Platforms.ActiveCfg = Debug|Any CPU
		{388424BD-C3A5-4C01-B84B-6C1BB9A9CC8E}.Debug|Mixed Platforms.Build.0 = Debug|Any CPU
		{388424BD-C3A5-4C01-B84B-6C1BB9A9CC8E}.Debug|x86.ActiveCfg = Debug|Any CPU
		{388424BD-C3A5-4C01-B84B-6C1BB9A9CC8E}.LIBS|Any CPU.ActiveCfg = Release|Any CPU
		{388424BD-C3A5-4C01-B84B-6C1BB9A9CC8E}.LIBS|Any CPU.Build.0 = Release|Any CPU
		{388424BD-C3A5-4C01-B84B-6C1BB9A9CC8E}.LIBS|AnyCPU.ActiveCfg = Release|Any CPU
		{388424BD-C3A5-4C01-B84B-6C1BB9A9CC8E}.LIBS|Mixed Platforms.ActiveCfg = Release|Any CPU
		{388424BD-C3A5-4C01-B84B-6C1BB9A9CC8E}.LIBS|Mixed Platforms.Build.0 = Release|Any CPU
		{388424BD-C3A5-4C01-B84B-6C1BB9A9CC8E}.LIBS|x86.ActiveCfg = Release|Any CPU
		{388424BD-C3A5-4C01-B84B-6C1BB9A9CC8E}.NViewer|Any CPU.ActiveCfg = Release|Any CPU
		{388424BD-C3A5-4C01-B84B-6C1BB9A9CC8E}.NViewer|Any CPU.Build.0 = Release|Any CPU
		{388424BD-C3A5-4C01-B84B-6C1BB9A9CC8E}.NViewer|AnyCPU.ActiveCfg = Release|Any CPU
		{388424BD-C3A5-4C01-B84B-6C1BB9A9CC8E}.NViewer|Mixed Platforms.ActiveCfg = Release|Any CPU
		{388424BD-C3A5-4C01-B84B-6C1BB9A9CC8E}.NViewer|Mixed Platforms.Build.0 = Release|Any CPU
		{388424BD-C3A5-4C01-B84B-6C1BB9A9CC8E}.NViewer|x86.ActiveCfg = Release|Any CPU
		{388424BD-C3A5-4C01-B84B-6C1BB9A9CC8E}.OPC|Any CPU.ActiveCfg = Release|Any CPU
		{388424BD-C3A5-4C01-B84B-6C1BB9A9CC8E}.OPC|Any CPU.Build.0 = Release|Any CPU
		{388424BD-C3A5-4C01-B84B-6C1BB9A9CC8E}.OPC|AnyCPU.ActiveCfg = Release|Any CPU
		{388424BD-C3A5-4C01-B84B-6C1BB9A9CC8E}.OPC|Mixed Platforms.ActiveCfg = Release|Any CPU
		{388424BD-C3A5-4C01-B84B-6C1BB9A9CC8E}.OPC|Mixed Platforms.Build.0 = Release|Any CPU
		{388424BD-C3A5-4C01-B84B-6C1BB9A9CC8E}.OPC|x86.ActiveCfg = Release|Any CPU
		{388424BD-C3A5-4C01-B84B-6C1BB9A9CC8E}.Release|Any CPU.ActiveCfg = Release|Any CPU
		{388424BD-C3A5-4C01-B84B-6C1BB9A9CC8E}.Release|Any CPU.Build.0 = Release|Any CPU
		{388424BD-C3A5-4C01-B84B-6C1BB9A9CC8E}.Release|AnyCPU.ActiveCfg = Release|Any CPU
		{388424BD-C3A5-4C01-B84B-6C1BB9A9CC8E}.Release|Mixed Platforms.ActiveCfg = Release|Any CPU
		{388424BD-C3A5-4C01-B84B-6C1BB9A9CC8E}.Release|Mixed Platforms.Build.0 = Release|Any CPU
		{388424BD-C3A5-4C01-B84B-6C1BB9A9CC8E}.Release|x86.ActiveCfg = Release|Any CPU
		{76DB8B13-A01A-47BD-98BE-F2D3755770FE}.Debug|Any CPU.ActiveCfg = Debug|Any CPU
		{76DB8B13-A01A-47BD-98BE-F2D3755770FE}.Debug|Any CPU.Build.0 = Debug|Any CPU
		{76DB8B13-A01A-47BD-98BE-F2D3755770FE}.Debug|AnyCPU.ActiveCfg = Debug|Any CPU
		{76DB8B13-A01A-47BD-98BE-F2D3755770FE}.Debug|Mixed Platforms.ActiveCfg = Debug|Any CPU
		{76DB8B13-A01A-47BD-98BE-F2D3755770FE}.Debug|Mixed Platforms.Build.0 = Debug|Any CPU
		{76DB8B13-A01A-47BD-98BE-F2D3755770FE}.Debug|x86.ActiveCfg = Debug|Any CPU
		{76DB8B13-A01A-47BD-98BE-F2D3755770FE}.LIBS|Any CPU.ActiveCfg = Release|Any CPU
		{76DB8B13-A01A-47BD-98BE-F2D3755770FE}.LIBS|Any CPU.Build.0 = Release|Any CPU
		{76DB8B13-A01A-47BD-98BE-F2D3755770FE}.LIBS|AnyCPU.ActiveCfg = Release|Any CPU
		{76DB8B13-A01A-47BD-98BE-F2D3755770FE}.LIBS|Mixed Platforms.ActiveCfg = Release|Any CPU
		{76DB8B13-A01A-47BD-98BE-F2D3755770FE}.LIBS|Mixed Platforms.Build.0 = Release|Any CPU
		{76DB8B13-A01A-47BD-98BE-F2D3755770FE}.LIBS|x86.ActiveCfg = Release|Any CPU
		{76DB8B13-A01A-47BD-98BE-F2D3755770FE}.NViewer|Any CPU.ActiveCfg = Release|Any CPU
		{76DB8B13-A01A-47BD-98BE-F2D3755770FE}.NViewer|Any CPU.Build.0 = Release|Any CPU
		{76DB8B13-A01A-47BD-98BE-F2D3755770FE}.NViewer|AnyCPU.ActiveCfg = Release|Any CPU
		{76DB8B13-A01A-47BD-98BE-F2D3755770FE}.NViewer|Mixed Platforms.ActiveCfg = Release|Any CPU
		{76DB8B13-A01A-47BD-98BE-F2D3755770FE}.NViewer|Mixed Platforms.Build.0 = Release|Any CPU
		{76DB8B13-A01A-47BD-98BE-F2D3755770FE}.NViewer|x86.ActiveCfg = Release|Any CPU
		{76DB8B13-A01A-47BD-98BE-F2D3755770FE}.OPC|Any CPU.ActiveCfg = Release|Any CPU
		{76DB8B13-A01A-47BD-98BE-F2D3755770FE}.OPC|Any CPU.Build.0 = Release|Any CPU
		{76DB8B13-A01A-47BD-98BE-F2D3755770FE}.OPC|AnyCPU.ActiveCfg = Release|Any CPU
		{76DB8B13-A01A-47BD-98BE-F2D3755770FE}.OPC|Mixed Platforms.ActiveCfg = Release|Any CPU
		{76DB8B13-A01A-47BD-98BE-F2D3755770FE}.OPC|Mixed Platforms.Build.0 = Release|Any CPU
		{76DB8B13-A01A-47BD-98BE-F2D3755770FE}.OPC|x86.ActiveCfg = Release|Any CPU
		{76DB8B13-A01A-47BD-98BE-F2D3755770FE}.Release|Any CPU.ActiveCfg = Release|Any CPU
		{76DB8B13-A01A-47BD-98BE-F2D3755770FE}.Release|Any CPU.Build.0 = Release|Any CPU
		{76DB8B13-A01A-47BD-98BE-F2D3755770FE}.Release|AnyCPU.ActiveCfg = Release|Any CPU
		{76DB8B13-A01A-47BD-98BE-F2D3755770FE}.Release|Mixed Platforms.ActiveCfg = Release|Any CPU
		{76DB8B13-A01A-47BD-98BE-F2D3755770FE}.Release|Mixed Platforms.Build.0 = Release|Any CPU
		{76DB8B13-A01A-47BD-98BE-F2D3755770FE}.Release|x86.ActiveCfg = Release|Any CPU
		{05995382-03B1-452F-8319-84CAC2B36DC5}.Debug|Any CPU.ActiveCfg = Debug|x86
		{05995382-03B1-452F-8319-84CAC2B36DC5}.Debug|AnyCPU.ActiveCfg = Debug|x86
		{05995382-03B1-452F-8319-84CAC2B36DC5}.Debug|Mixed Platforms.ActiveCfg = Debug|x86
		{05995382-03B1-452F-8319-84CAC2B36DC5}.Debug|Mixed Platforms.Build.0 = Debug|x86
		{05995382-03B1-452F-8319-84CAC2B36DC5}.Debug|x86.ActiveCfg = Debug|x86
		{05995382-03B1-452F-8319-84CAC2B36DC5}.Debug|x86.Build.0 = Debug|x86
		{05995382-03B1-452F-8319-84CAC2B36DC5}.LIBS|Any CPU.ActiveCfg = Release|x86
		{05995382-03B1-452F-8319-84CAC2B36DC5}.LIBS|AnyCPU.ActiveCfg = Release|x86
		{05995382-03B1-452F-8319-84CAC2B36DC5}.LIBS|Mixed Platforms.ActiveCfg = Release|x86
		{05995382-03B1-452F-8319-84CAC2B36DC5}.LIBS|Mixed Platforms.Build.0 = Release|x86
		{05995382-03B1-452F-8319-84CAC2B36DC5}.LIBS|x86.ActiveCfg = Release|x86
		{05995382-03B1-452F-8319-84CAC2B36DC5}.LIBS|x86.Build.0 = Release|x86
		{05995382-03B1-452F-8319-84CAC2B36DC5}.NViewer|Any CPU.ActiveCfg = Release|x86
		{05995382-03B1-452F-8319-84CAC2B36DC5}.NViewer|AnyCPU.ActiveCfg = Release|x86
		{05995382-03B1-452F-8319-84CAC2B36DC5}.NViewer|Mixed Platforms.ActiveCfg = Release|x86
		{05995382-03B1-452F-8319-84CAC2B36DC5}.NViewer|Mixed Platforms.Build.0 = Release|x86
		{05995382-03B1-452F-8319-84CAC2B36DC5}.NViewer|x86.ActiveCfg = Release|x86
		{05995382-03B1-452F-8319-84CAC2B36DC5}.NViewer|x86.Build.0 = Release|x86
		{05995382-03B1-452F-8319-84CAC2B36DC5}.OPC|Any CPU.ActiveCfg = Release|x86
		{05995382-03B1-452F-8319-84CAC2B36DC5}.OPC|AnyCPU.ActiveCfg = Release|x86
		{05995382-03B1-452F-8319-84CAC2B36DC5}.OPC|Mixed Platforms.ActiveCfg = Release|x86
		{05995382-03B1-452F-8319-84CAC2B36DC5}.OPC|Mixed Platforms.Build.0 = Release|x86
		{05995382-03B1-452F-8319-84CAC2B36DC5}.OPC|x86.ActiveCfg = Release|x86
		{05995382-03B1-452F-8319-84CAC2B36DC5}.OPC|x86.Build.0 = Release|x86
		{05995382-03B1-452F-8319-84CAC2B36DC5}.Release|Any CPU.ActiveCfg = Release|x86
		{05995382-03B1-452F-8319-84CAC2B36DC5}.Release|AnyCPU.ActiveCfg = Release|x86
		{05995382-03B1-452F-8319-84CAC2B36DC5}.Release|Mixed Platforms.ActiveCfg = Release|x86
		{05995382-03B1-452F-8319-84CAC2B36DC5}.Release|Mixed Platforms.Build.0 = Release|x86
		{05995382-03B1-452F-8319-84CAC2B36DC5}.Release|x86.ActiveCfg = Release|x86
		{05995382-03B1-452F-8319-84CAC2B36DC5}.Release|x86.Build.0 = Release|x86
		{C888BFDA-C2DD-4736-9EB9-2CE72569A525}.Debug|Any CPU.ActiveCfg = Debug|x86
		{C888BFDA-C2DD-4736-9EB9-2CE72569A525}.Debug|AnyCPU.ActiveCfg = Debug|x86
		{C888BFDA-C2DD-4736-9EB9-2CE72569A525}.Debug|Mixed Platforms.ActiveCfg = Debug|x86
		{C888BFDA-C2DD-4736-9EB9-2CE72569A525}.Debug|Mixed Platforms.Build.0 = Debug|x86
		{C888BFDA-C2DD-4736-9EB9-2CE72569A525}.Debug|x86.ActiveCfg = Debug|x86
		{C888BFDA-C2DD-4736-9EB9-2CE72569A525}.Debug|x86.Build.0 = Debug|x86
		{C888BFDA-C2DD-4736-9EB9-2CE72569A525}.LIBS|Any CPU.ActiveCfg = Release|x86
		{C888BFDA-C2DD-4736-9EB9-2CE72569A525}.LIBS|AnyCPU.ActiveCfg = Release|x86
		{C888BFDA-C2DD-4736-9EB9-2CE72569A525}.LIBS|Mixed Platforms.ActiveCfg = Release|x86
		{C888BFDA-C2DD-4736-9EB9-2CE72569A525}.LIBS|Mixed Platforms.Build.0 = Release|x86
		{C888BFDA-C2DD-4736-9EB9-2CE72569A525}.LIBS|x86.ActiveCfg = Release|x86
		{C888BFDA-C2DD-4736-9EB9-2CE72569A525}.LIBS|x86.Build.0 = Release|x86
		{C888BFDA-C2DD-4736-9EB9-2CE72569A525}.NViewer|Any CPU.ActiveCfg = Release|x86
		{C888BFDA-C2DD-4736-9EB9-2CE72569A525}.NViewer|AnyCPU.ActiveCfg = Release|x86
		{C888BFDA-C2DD-4736-9EB9-2CE72569A525}.NViewer|Mixed Platforms.ActiveCfg = Release|x86
		{C888BFDA-C2DD-4736-9EB9-2CE72569A525}.NViewer|Mixed Platforms.Build.0 = Release|x86
		{C888BFDA-C2DD-4736-9EB9-2CE72569A525}.NViewer|x86.ActiveCfg = Release|x86
		{C888BFDA-C2DD-4736-9EB9-2CE72569A525}.NViewer|x86.Build.0 = Release|x86
		{C888BFDA-C2DD-4736-9EB9-2CE72569A525}.OPC|Any CPU.ActiveCfg = Release|x86
		{C888BFDA-C2DD-4736-9EB9-2CE72569A525}.OPC|AnyCPU.ActiveCfg = Release|x86
		{C888BFDA-C2DD-4736-9EB9-2CE72569A525}.OPC|Mixed Platforms.ActiveCfg = Release|x86
		{C888BFDA-C2DD-4736-9EB9-2CE72569A525}.OPC|Mixed Platforms.Build.0 = Release|x86
		{C888BFDA-C2DD-4736-9EB9-2CE72569A525}.OPC|x86.ActiveCfg = Release|x86
		{C888BFDA-C2DD-4736-9EB9-2CE72569A525}.OPC|x86.Build.0 = Release|x86
		{C888BFDA-C2DD-4736-9EB9-2CE72569A525}.Release|Any CPU.ActiveCfg = Release|x86
		{C888BFDA-C2DD-4736-9EB9-2CE72569A525}.Release|AnyCPU.ActiveCfg = Release|x86
		{C888BFDA-C2DD-4736-9EB9-2CE72569A525}.Release|Mixed Platforms.ActiveCfg = Release|x86
		{C888BFDA-C2DD-4736-9EB9-2CE72569A525}.Release|Mixed Platforms.Build.0 = Release|x86
		{C888BFDA-C2DD-4736-9EB9-2CE72569A525}.Release|x86.ActiveCfg = Release|x86
		{C888BFDA-C2DD-4736-9EB9-2CE72569A525}.Release|x86.Build.0 = Release|x86
		{BA883334-CD8E-4E68-A599-34699182DE7E}.Debug|Any CPU.ActiveCfg = Debug|x86
		{BA883334-CD8E-4E68-A599-34699182DE7E}.Debug|AnyCPU.ActiveCfg = Debug|x86
		{BA883334-CD8E-4E68-A599-34699182DE7E}.Debug|Mixed Platforms.ActiveCfg = Debug|x86
		{BA883334-CD8E-4E68-A599-34699182DE7E}.Debug|Mixed Platforms.Build.0 = Debug|x86
		{BA883334-CD8E-4E68-A599-34699182DE7E}.Debug|x86.ActiveCfg = Debug|x86
		{BA883334-CD8E-4E68-A599-34699182DE7E}.Debug|x86.Build.0 = Debug|x86
		{BA883334-CD8E-4E68-A599-34699182DE7E}.LIBS|Any CPU.ActiveCfg = Release|x86
		{BA883334-CD8E-4E68-A599-34699182DE7E}.LIBS|AnyCPU.ActiveCfg = Release|x86
		{BA883334-CD8E-4E68-A599-34699182DE7E}.LIBS|Mixed Platforms.ActiveCfg = Release|x86
		{BA883334-CD8E-4E68-A599-34699182DE7E}.LIBS|Mixed Platforms.Build.0 = Release|x86
		{BA883334-CD8E-4E68-A599-34699182DE7E}.LIBS|x86.ActiveCfg = Release|x86
		{BA883334-CD8E-4E68-A599-34699182DE7E}.LIBS|x86.Build.0 = Release|x86
		{BA883334-CD8E-4E68-A599-34699182DE7E}.NViewer|Any CPU.ActiveCfg = Release|x86
		{BA883334-CD8E-4E68-A599-34699182DE7E}.NViewer|AnyCPU.ActiveCfg = Release|x86
		{BA883334-CD8E-4E68-A599-34699182DE7E}.NViewer|Mixed Platforms.ActiveCfg = Release|x86
		{BA883334-CD8E-4E68-A599-34699182DE7E}.NViewer|Mixed Platforms.Build.0 = Release|x86
		{BA883334-CD8E-4E68-A599-34699182DE7E}.NViewer|x86.ActiveCfg = Release|x86
		{BA883334-CD8E-4E68-A599-34699182DE7E}.NViewer|x86.Build.0 = Release|x86
		{BA883334-CD8E-4E68-A599-34699182DE7E}.OPC|Any CPU.ActiveCfg = Release|x86
		{BA883334-CD8E-4E68-A599-34699182DE7E}.OPC|AnyCPU.ActiveCfg = Release|x86
		{BA883334-CD8E-4E68-A599-34699182DE7E}.OPC|Mixed Platforms.ActiveCfg = Release|x86
		{BA883334-CD8E-4E68-A599-34699182DE7E}.OPC|Mixed Platforms.Build.0 = Release|x86
		{BA883334-CD8E-4E68-A599-34699182DE7E}.OPC|x86.ActiveCfg = Release|x86
		{BA883334-CD8E-4E68-A599-34699182DE7E}.OPC|x86.Build.0 = Release|x86
		{BA883334-CD8E-4E68-A599-34699182DE7E}.Release|Any CPU.ActiveCfg = Release|x86
		{BA883334-CD8E-4E68-A599-34699182DE7E}.Release|AnyCPU.ActiveCfg = Release|x86
		{BA883334-CD8E-4E68-A599-34699182DE7E}.Release|Mixed Platforms.ActiveCfg = Release|x86
		{BA883334-CD8E-4E68-A599-34699182DE7E}.Release|Mixed Platforms.Build.0 = Release|x86
		{BA883334-CD8E-4E68-A599-34699182DE7E}.Release|x86.ActiveCfg = Release|x86
		{BA883334-CD8E-4E68-A599-34699182DE7E}.Release|x86.Build.0 = Release|x86
	EndGlobalSection
	GlobalSection(SolutionProperties) = preSolution
		HideSolutionNode = FALSE
	EndGlobalSection
EndGlobal
