
Microsoft Visual Studio Solution File, Format Version 10.00
# Visual Studio 2008
Project("{EDCC3B85-0BAD-11DB-BC1A-00112FDE8B61}") = "WordToRsdnMlConverter", "WordToRsdnMlConverter\WordToRsdnMlConverter.nproj", "{2F891EFE-56D6-4ADD-9FB2-D37D58906167}"
EndProject
Project("{54435603-DBB4-11D2-8724-00A0C9A8B90C}") = "Setup", "Setup\Setup.vdproj", "{328EF660-4C00-4F12-A287-CBC62DEB9BE2}"
EndProject
Project("{EDCC3B85-0BAD-11DB-BC1A-00112FDE8B61}") = "RincMetadataGenerator", "RincMetadataGenerator\RincMetadataGenerator.nproj", "{50B4733D-94A6-4ADD-BB78-ED81B7C9E8E8}"
EndProject
Global
	GlobalSection(SolutionConfigurationPlatforms) = preSolution
		Debug|Any CPU = Debug|Any CPU
		Release|Any CPU = Release|Any CPU
	EndGlobalSection
	GlobalSection(ProjectConfigurationPlatforms) = postSolution
		{2F891EFE-56D6-4ADD-9FB2-D37D58906167}.Debug|Any CPU.ActiveCfg = Debug|Any CPU
		{2F891EFE-56D6-4ADD-9FB2-D37D58906167}.Debug|Any CPU.Build.0 = Debug|Any CPU
		{2F891EFE-56D6-4ADD-9FB2-D37D58906167}.Release|Any CPU.ActiveCfg = Release|Any CPU
		{2F891EFE-56D6-4ADD-9FB2-D37D58906167}.Release|Any CPU.Build.0 = Release|Any CPU
		{328EF660-4C00-4F12-A287-CBC62DEB9BE2}.Debug|Any CPU.ActiveCfg = Debug
		{328EF660-4C00-4F12-A287-CBC62DEB9BE2}.Release|Any CPU.ActiveCfg = Release
		{50B4733D-94A6-4ADD-BB78-ED81B7C9E8E8}.Debug|Any CPU.ActiveCfg = Debug|Any CPU
		{50B4733D-94A6-4ADD-BB78-ED81B7C9E8E8}.Debug|Any CPU.Build.0 = Debug|Any CPU
		{50B4733D-94A6-4ADD-BB78-ED81B7C9E8E8}.Release|Any CPU.ActiveCfg = Release|Any CPU
		{50B4733D-94A6-4ADD-BB78-ED81B7C9E8E8}.Release|Any CPU.Build.0 = Release|Any CPU
	EndGlobalSection
	GlobalSection(SolutionProperties) = preSolution
		HideSolutionNode = FALSE
	EndGlobalSection
EndGlobal
